
Microsoft Visual Studio Solution File, Format Version 12.00
# Visual Studio Version 16
VisualStudioVersion = 16.0.30204.135
MinimumVisualStudioVersion = 10.0.40219.1
Project("{2150E333-8FDC-42A3-9474-1A3956D46DE8}") = "Platforms", "Platforms", "{B9806E49-10D1-4C10-9752-6FF9DDD14766}"
EndProject
Project("{2150E333-8FDC-42A3-9474-1A3956D46DE8}") = "Cores", "Cores", "{60348E72-3F09-4A59-8563-0F78F9350038}"
EndProject
Project("{2150E333-8FDC-42A3-9474-1A3956D46DE8}") = "Shells", "Shells", "{61E25943-3416-41AC-BC23-34E684953336}"
EndProject
Project("{2150E333-8FDC-42A3-9474-1A3956D46DE8}") = "Sdk", "Sdk", "{1F480499-567B-4A14-A9F4-F67E5B017F5E}"
EndProject
Project("{2150E333-8FDC-42A3-9474-1A3956D46DE8}") = "Solution Items", "Solution Items", "{1096697A-79A8-4D67-8093-8F322AB244B3}"
	ProjectSection(SolutionItems) = preProject
		.editorconfig = .editorconfig
	EndProjectSection
EndProject
Project("{FAE04EC0-301F-11D3-BF4B-00C04F79EFBC}") = "StrixMusic.Droid", "src\Platforms\StrixMusic.Droid\StrixMusic.Droid.csproj", "{7ACFE9FE-4243-43C2-9DE2-2232B090274C}"
EndProject
Project("{FAE04EC0-301F-11D3-BF4B-00C04F79EFBC}") = "StrixMusic.UWP", "src\Platforms\StrixMusic.UWP\StrixMusic.UWP.csproj", "{89AC1131-5215-4F43-B5AC-B4DFAE1366F6}"
EndProject
Project("{9A19103F-16F7-4668-BE54-9A1E7A4F7556}") = "StrixMusic.Wasm", "src\Platforms\StrixMusic.Wasm\StrixMusic.Wasm.csproj", "{11B32FA9-E6AF-4DCE-80CC-A022AFD8E075}"
EndProject
Project("{2150E333-8FDC-42A3-9474-1A3956D46DE8}") = "Libs", "Libs", "{D825BC4B-7DC6-4399-8573-C1741426B572}"
EndProject
Project("{9A19103F-16F7-4668-BE54-9A1E7A4F7556}") = "LaunchPad", "src\Libs\LaunchPad\LaunchPad.csproj", "{BD87B98B-B958-43EC-B3BF-6058AFEDCDC6}"
EndProject
Project("{9A19103F-16F7-4668-BE54-9A1E7A4F7556}") = "OwlCore", "src\Libs\OwlCore\OwlCore.csproj", "{184CD528-2959-4AA5-A691-0E161C04E9AD}"
EndProject
Project("{9A19103F-16F7-4668-BE54-9A1E7A4F7556}") = "StrixMusic.Core.MusicBrainz", "src\Cores\StrixMusic.Core.MusicBrainz\StrixMusic.Core.MusicBrainz.csproj", "{D0618335-D56C-419D-B9FA-98E475338EFC}"
EndProject
Project("{9A19103F-16F7-4668-BE54-9A1E7A4F7556}") = "StrixMusic.Sdk", "src\Sdk\StrixMusic.Sdk\StrixMusic.Sdk.csproj", "{B1FAD5F0-4361-4D32-84AB-A809F121F50C}"
EndProject
Project("{9A19103F-16F7-4668-BE54-9A1E7A4F7556}") = "StrixMusic.Sdk.Uno", "src\Sdk\StrixMusic.Sdk.Uno\StrixMusic.Sdk.Uno.csproj", "{5F63CA91-0F29-4EB3-8954-E649A457ACB2}"
EndProject
Project("{9A19103F-16F7-4668-BE54-9A1E7A4F7556}") = "StrixMusic.Shells.Default", "src\UI\Shells\StrixMusic.Shells.Default\StrixMusic.Shells.Default.csproj", "{D3792563-05EF-412A-8A84-0B11297E2104}"
EndProject
Project("{9A19103F-16F7-4668-BE54-9A1E7A4F7556}") = "StrixMusic.Shells.Strix", "src\UI\Shells\StrixMusic.Shells.Strix\StrixMusic.Shells.Strix.csproj", "{892F59A6-D988-4E50-A8B6-B5BEB501D1D1}"
EndProject
Project("{9A19103F-16F7-4668-BE54-9A1E7A4F7556}") = "StrixMusic.Shells.ZuneDesktop", "src\UI\Shells\StrixMusic.Shells.ZuneDesktop\StrixMusic.Shells.ZuneDesktop.csproj", "{063715B5-1765-4269-8FB0-699FADC840E1}"
EndProject
Project("{2150E333-8FDC-42A3-9474-1A3956D46DE8}") = "UI", "UI", "{B451C352-BD7E-4122-AA44-753982A4E06B}"
EndProject
Project("{D954291E-2A0B-460D-934E-DC6B0785DB48}") = "StrixMusic.UI.Shared", "src\UI\StrixMusic.UI.Shared\StrixMusic.UI.Shared.shproj", "{2E82DB60-BA1E-402C-A4F8-56DA621B04E9}"
EndProject
Project("{9A19103F-16F7-4668-BE54-9A1E7A4F7556}") = "StrixMusic.Shells.Groove", "src\UI\Shells\StrixMusic.Shells.Groove\StrixMusic.Shells.Groove.csproj", "{38B5B005-64C0-4BCE-A4B8-DF7B8358182F}"
EndProject
Global
	GlobalSection(SharedMSBuildProjectFiles) = preSolution
		src\UI\StrixMusic.UI.Shared\StrixMusic.UI.Shared.projitems*{11b32fa9-e6af-4dce-80cc-a022afd8e075}*SharedItemsImports = 5
		src\UI\StrixMusic.UI.Shared\StrixMusic.UI.Shared.projitems*{2e82db60-ba1e-402c-a4f8-56da621b04e9}*SharedItemsImports = 13
		src\UI\StrixMusic.UI.Shared\StrixMusic.UI.Shared.projitems*{7acfe9fe-4243-43c2-9de2-2232b090274c}*SharedItemsImports = 4
		src\UI\StrixMusic.UI.Shared\StrixMusic.UI.Shared.projitems*{89ac1131-5215-4f43-b5ac-b4dfae1366f6}*SharedItemsImports = 4
	EndGlobalSection
	GlobalSection(SolutionConfigurationPlatforms) = preSolution
		Ad-Hoc|Any CPU = Ad-Hoc|Any CPU
		Ad-Hoc|ARM = Ad-Hoc|ARM
		Ad-Hoc|ARM64 = Ad-Hoc|ARM64
		Ad-Hoc|iPhone = Ad-Hoc|iPhone
		Ad-Hoc|iPhoneSimulator = Ad-Hoc|iPhoneSimulator
		Ad-Hoc|x64 = Ad-Hoc|x64
		Ad-Hoc|x86 = Ad-Hoc|x86
		AppStore|Any CPU = AppStore|Any CPU
		AppStore|ARM = AppStore|ARM
		AppStore|ARM64 = AppStore|ARM64
		AppStore|iPhone = AppStore|iPhone
		AppStore|iPhoneSimulator = AppStore|iPhoneSimulator
		AppStore|x64 = AppStore|x64
		AppStore|x86 = AppStore|x86
		Debug|Any CPU = Debug|Any CPU
		Debug|ARM = Debug|ARM
		Debug|ARM64 = Debug|ARM64
		Debug|iPhone = Debug|iPhone
		Debug|iPhoneSimulator = Debug|iPhoneSimulator
		Debug|x64 = Debug|x64
		Debug|x86 = Debug|x86
		Release|Any CPU = Release|Any CPU
		Release|ARM = Release|ARM
		Release|ARM64 = Release|ARM64
		Release|iPhone = Release|iPhone
		Release|iPhoneSimulator = Release|iPhoneSimulator
		Release|x64 = Release|x64
		Release|x86 = Release|x86
		Travis|Any CPU = Travis|Any CPU
		Travis|ARM = Travis|ARM
		Travis|ARM64 = Travis|ARM64
		Travis|iPhone = Travis|iPhone
		Travis|iPhoneSimulator = Travis|iPhoneSimulator
		Travis|x64 = Travis|x64
		Travis|x86 = Travis|x86
	EndGlobalSection
	GlobalSection(ProjectConfigurationPlatforms) = postSolution
		{7ACFE9FE-4243-43C2-9DE2-2232B090274C}.Ad-Hoc|Any CPU.ActiveCfg = Release|Any CPU
		{7ACFE9FE-4243-43C2-9DE2-2232B090274C}.Ad-Hoc|Any CPU.Build.0 = Release|Any CPU
		{7ACFE9FE-4243-43C2-9DE2-2232B090274C}.Ad-Hoc|Any CPU.Deploy.0 = Release|Any CPU
		{7ACFE9FE-4243-43C2-9DE2-2232B090274C}.Ad-Hoc|ARM.ActiveCfg = Release|Any CPU
		{7ACFE9FE-4243-43C2-9DE2-2232B090274C}.Ad-Hoc|ARM.Build.0 = Release|Any CPU
		{7ACFE9FE-4243-43C2-9DE2-2232B090274C}.Ad-Hoc|ARM.Deploy.0 = Release|Any CPU
		{7ACFE9FE-4243-43C2-9DE2-2232B090274C}.Ad-Hoc|ARM64.ActiveCfg = Release|Any CPU
		{7ACFE9FE-4243-43C2-9DE2-2232B090274C}.Ad-Hoc|ARM64.Build.0 = Release|Any CPU
		{7ACFE9FE-4243-43C2-9DE2-2232B090274C}.Ad-Hoc|ARM64.Deploy.0 = Release|Any CPU
		{7ACFE9FE-4243-43C2-9DE2-2232B090274C}.Ad-Hoc|iPhone.ActiveCfg = Release|Any CPU
		{7ACFE9FE-4243-43C2-9DE2-2232B090274C}.Ad-Hoc|iPhone.Build.0 = Release|Any CPU
		{7ACFE9FE-4243-43C2-9DE2-2232B090274C}.Ad-Hoc|iPhone.Deploy.0 = Release|Any CPU
		{7ACFE9FE-4243-43C2-9DE2-2232B090274C}.Ad-Hoc|iPhoneSimulator.ActiveCfg = Release|Any CPU
		{7ACFE9FE-4243-43C2-9DE2-2232B090274C}.Ad-Hoc|iPhoneSimulator.Build.0 = Release|Any CPU
		{7ACFE9FE-4243-43C2-9DE2-2232B090274C}.Ad-Hoc|iPhoneSimulator.Deploy.0 = Release|Any CPU
		{7ACFE9FE-4243-43C2-9DE2-2232B090274C}.Ad-Hoc|x64.ActiveCfg = Release|Any CPU
		{7ACFE9FE-4243-43C2-9DE2-2232B090274C}.Ad-Hoc|x64.Build.0 = Release|Any CPU
		{7ACFE9FE-4243-43C2-9DE2-2232B090274C}.Ad-Hoc|x64.Deploy.0 = Release|Any CPU
		{7ACFE9FE-4243-43C2-9DE2-2232B090274C}.Ad-Hoc|x86.ActiveCfg = Release|Any CPU
		{7ACFE9FE-4243-43C2-9DE2-2232B090274C}.Ad-Hoc|x86.Build.0 = Release|Any CPU
		{7ACFE9FE-4243-43C2-9DE2-2232B090274C}.Ad-Hoc|x86.Deploy.0 = Release|Any CPU
		{7ACFE9FE-4243-43C2-9DE2-2232B090274C}.AppStore|Any CPU.ActiveCfg = Release|Any CPU
		{7ACFE9FE-4243-43C2-9DE2-2232B090274C}.AppStore|Any CPU.Build.0 = Release|Any CPU
		{7ACFE9FE-4243-43C2-9DE2-2232B090274C}.AppStore|Any CPU.Deploy.0 = Release|Any CPU
		{7ACFE9FE-4243-43C2-9DE2-2232B090274C}.AppStore|ARM.ActiveCfg = Release|Any CPU
		{7ACFE9FE-4243-43C2-9DE2-2232B090274C}.AppStore|ARM.Build.0 = Release|Any CPU
		{7ACFE9FE-4243-43C2-9DE2-2232B090274C}.AppStore|ARM.Deploy.0 = Release|Any CPU
		{7ACFE9FE-4243-43C2-9DE2-2232B090274C}.AppStore|ARM64.ActiveCfg = Release|Any CPU
		{7ACFE9FE-4243-43C2-9DE2-2232B090274C}.AppStore|ARM64.Build.0 = Release|Any CPU
		{7ACFE9FE-4243-43C2-9DE2-2232B090274C}.AppStore|ARM64.Deploy.0 = Release|Any CPU
		{7ACFE9FE-4243-43C2-9DE2-2232B090274C}.AppStore|iPhone.ActiveCfg = Release|Any CPU
		{7ACFE9FE-4243-43C2-9DE2-2232B090274C}.AppStore|iPhone.Build.0 = Release|Any CPU
		{7ACFE9FE-4243-43C2-9DE2-2232B090274C}.AppStore|iPhone.Deploy.0 = Release|Any CPU
		{7ACFE9FE-4243-43C2-9DE2-2232B090274C}.AppStore|iPhoneSimulator.ActiveCfg = Release|Any CPU
		{7ACFE9FE-4243-43C2-9DE2-2232B090274C}.AppStore|iPhoneSimulator.Build.0 = Release|Any CPU
		{7ACFE9FE-4243-43C2-9DE2-2232B090274C}.AppStore|iPhoneSimulator.Deploy.0 = Release|Any CPU
		{7ACFE9FE-4243-43C2-9DE2-2232B090274C}.AppStore|x64.ActiveCfg = Release|Any CPU
		{7ACFE9FE-4243-43C2-9DE2-2232B090274C}.AppStore|x64.Build.0 = Release|Any CPU
		{7ACFE9FE-4243-43C2-9DE2-2232B090274C}.AppStore|x64.Deploy.0 = Release|Any CPU
		{7ACFE9FE-4243-43C2-9DE2-2232B090274C}.AppStore|x86.ActiveCfg = Release|Any CPU
		{7ACFE9FE-4243-43C2-9DE2-2232B090274C}.AppStore|x86.Build.0 = Release|Any CPU
		{7ACFE9FE-4243-43C2-9DE2-2232B090274C}.AppStore|x86.Deploy.0 = Release|Any CPU
		{7ACFE9FE-4243-43C2-9DE2-2232B090274C}.Debug|Any CPU.ActiveCfg = Debug|Any CPU
		{7ACFE9FE-4243-43C2-9DE2-2232B090274C}.Debug|Any CPU.Build.0 = Debug|Any CPU
		{7ACFE9FE-4243-43C2-9DE2-2232B090274C}.Debug|Any CPU.Deploy.0 = Debug|Any CPU
		{7ACFE9FE-4243-43C2-9DE2-2232B090274C}.Debug|ARM.ActiveCfg = Debug|Any CPU
		{7ACFE9FE-4243-43C2-9DE2-2232B090274C}.Debug|ARM.Build.0 = Debug|Any CPU
		{7ACFE9FE-4243-43C2-9DE2-2232B090274C}.Debug|ARM.Deploy.0 = Debug|Any CPU
		{7ACFE9FE-4243-43C2-9DE2-2232B090274C}.Debug|ARM64.ActiveCfg = Debug|Any CPU
		{7ACFE9FE-4243-43C2-9DE2-2232B090274C}.Debug|ARM64.Build.0 = Debug|Any CPU
		{7ACFE9FE-4243-43C2-9DE2-2232B090274C}.Debug|ARM64.Deploy.0 = Debug|Any CPU
		{7ACFE9FE-4243-43C2-9DE2-2232B090274C}.Debug|iPhone.ActiveCfg = Debug|Any CPU
		{7ACFE9FE-4243-43C2-9DE2-2232B090274C}.Debug|iPhone.Build.0 = Debug|Any CPU
		{7ACFE9FE-4243-43C2-9DE2-2232B090274C}.Debug|iPhone.Deploy.0 = Debug|Any CPU
		{7ACFE9FE-4243-43C2-9DE2-2232B090274C}.Debug|iPhoneSimulator.ActiveCfg = Debug|Any CPU
		{7ACFE9FE-4243-43C2-9DE2-2232B090274C}.Debug|iPhoneSimulator.Build.0 = Debug|Any CPU
		{7ACFE9FE-4243-43C2-9DE2-2232B090274C}.Debug|iPhoneSimulator.Deploy.0 = Debug|Any CPU
		{7ACFE9FE-4243-43C2-9DE2-2232B090274C}.Debug|x64.ActiveCfg = Debug|Any CPU
		{7ACFE9FE-4243-43C2-9DE2-2232B090274C}.Debug|x64.Build.0 = Debug|Any CPU
		{7ACFE9FE-4243-43C2-9DE2-2232B090274C}.Debug|x64.Deploy.0 = Debug|Any CPU
		{7ACFE9FE-4243-43C2-9DE2-2232B090274C}.Debug|x86.ActiveCfg = Debug|Any CPU
		{7ACFE9FE-4243-43C2-9DE2-2232B090274C}.Debug|x86.Build.0 = Debug|Any CPU
		{7ACFE9FE-4243-43C2-9DE2-2232B090274C}.Debug|x86.Deploy.0 = Debug|Any CPU
		{7ACFE9FE-4243-43C2-9DE2-2232B090274C}.Release|Any CPU.ActiveCfg = Release|Any CPU
		{7ACFE9FE-4243-43C2-9DE2-2232B090274C}.Release|Any CPU.Build.0 = Release|Any CPU
		{7ACFE9FE-4243-43C2-9DE2-2232B090274C}.Release|Any CPU.Deploy.0 = Release|Any CPU
		{7ACFE9FE-4243-43C2-9DE2-2232B090274C}.Release|ARM.ActiveCfg = Release|Any CPU
		{7ACFE9FE-4243-43C2-9DE2-2232B090274C}.Release|ARM.Build.0 = Release|Any CPU
		{7ACFE9FE-4243-43C2-9DE2-2232B090274C}.Release|ARM.Deploy.0 = Release|Any CPU
		{7ACFE9FE-4243-43C2-9DE2-2232B090274C}.Release|ARM64.ActiveCfg = Release|Any CPU
		{7ACFE9FE-4243-43C2-9DE2-2232B090274C}.Release|ARM64.Build.0 = Release|Any CPU
		{7ACFE9FE-4243-43C2-9DE2-2232B090274C}.Release|ARM64.Deploy.0 = Release|Any CPU
		{7ACFE9FE-4243-43C2-9DE2-2232B090274C}.Release|iPhone.ActiveCfg = Release|Any CPU
		{7ACFE9FE-4243-43C2-9DE2-2232B090274C}.Release|iPhone.Build.0 = Release|Any CPU
		{7ACFE9FE-4243-43C2-9DE2-2232B090274C}.Release|iPhone.Deploy.0 = Release|Any CPU
		{7ACFE9FE-4243-43C2-9DE2-2232B090274C}.Release|iPhoneSimulator.ActiveCfg = Release|Any CPU
		{7ACFE9FE-4243-43C2-9DE2-2232B090274C}.Release|iPhoneSimulator.Build.0 = Release|Any CPU
		{7ACFE9FE-4243-43C2-9DE2-2232B090274C}.Release|iPhoneSimulator.Deploy.0 = Release|Any CPU
		{7ACFE9FE-4243-43C2-9DE2-2232B090274C}.Release|x64.ActiveCfg = Release|Any CPU
		{7ACFE9FE-4243-43C2-9DE2-2232B090274C}.Release|x64.Build.0 = Release|Any CPU
		{7ACFE9FE-4243-43C2-9DE2-2232B090274C}.Release|x64.Deploy.0 = Release|Any CPU
		{7ACFE9FE-4243-43C2-9DE2-2232B090274C}.Release|x86.ActiveCfg = Release|Any CPU
		{7ACFE9FE-4243-43C2-9DE2-2232B090274C}.Release|x86.Build.0 = Release|Any CPU
		{7ACFE9FE-4243-43C2-9DE2-2232B090274C}.Release|x86.Deploy.0 = Release|Any CPU
		{7ACFE9FE-4243-43C2-9DE2-2232B090274C}.Travis|Any CPU.ActiveCfg = Debug|Any CPU
		{7ACFE9FE-4243-43C2-9DE2-2232B090274C}.Travis|Any CPU.Build.0 = Debug|Any CPU
		{7ACFE9FE-4243-43C2-9DE2-2232B090274C}.Travis|Any CPU.Deploy.0 = Debug|Any CPU
		{7ACFE9FE-4243-43C2-9DE2-2232B090274C}.Travis|ARM.ActiveCfg = Debug|Any CPU
		{7ACFE9FE-4243-43C2-9DE2-2232B090274C}.Travis|ARM.Build.0 = Debug|Any CPU
		{7ACFE9FE-4243-43C2-9DE2-2232B090274C}.Travis|ARM.Deploy.0 = Debug|Any CPU
		{7ACFE9FE-4243-43C2-9DE2-2232B090274C}.Travis|ARM64.ActiveCfg = Debug|Any CPU
		{7ACFE9FE-4243-43C2-9DE2-2232B090274C}.Travis|ARM64.Build.0 = Debug|Any CPU
		{7ACFE9FE-4243-43C2-9DE2-2232B090274C}.Travis|ARM64.Deploy.0 = Debug|Any CPU
		{7ACFE9FE-4243-43C2-9DE2-2232B090274C}.Travis|iPhone.ActiveCfg = Debug|Any CPU
		{7ACFE9FE-4243-43C2-9DE2-2232B090274C}.Travis|iPhone.Build.0 = Debug|Any CPU
		{7ACFE9FE-4243-43C2-9DE2-2232B090274C}.Travis|iPhone.Deploy.0 = Debug|Any CPU
		{7ACFE9FE-4243-43C2-9DE2-2232B090274C}.Travis|iPhoneSimulator.ActiveCfg = Debug|Any CPU
		{7ACFE9FE-4243-43C2-9DE2-2232B090274C}.Travis|iPhoneSimulator.Build.0 = Debug|Any CPU
		{7ACFE9FE-4243-43C2-9DE2-2232B090274C}.Travis|iPhoneSimulator.Deploy.0 = Debug|Any CPU
		{7ACFE9FE-4243-43C2-9DE2-2232B090274C}.Travis|x64.ActiveCfg = Debug|Any CPU
		{7ACFE9FE-4243-43C2-9DE2-2232B090274C}.Travis|x64.Build.0 = Debug|Any CPU
		{7ACFE9FE-4243-43C2-9DE2-2232B090274C}.Travis|x64.Deploy.0 = Debug|Any CPU
		{7ACFE9FE-4243-43C2-9DE2-2232B090274C}.Travis|x86.ActiveCfg = Debug|Any CPU
		{7ACFE9FE-4243-43C2-9DE2-2232B090274C}.Travis|x86.Build.0 = Debug|Any CPU
		{7ACFE9FE-4243-43C2-9DE2-2232B090274C}.Travis|x86.Deploy.0 = Debug|Any CPU
		{89AC1131-5215-4F43-B5AC-B4DFAE1366F6}.Ad-Hoc|Any CPU.ActiveCfg = Release|x64
		{89AC1131-5215-4F43-B5AC-B4DFAE1366F6}.Ad-Hoc|Any CPU.Build.0 = Release|x64
		{89AC1131-5215-4F43-B5AC-B4DFAE1366F6}.Ad-Hoc|Any CPU.Deploy.0 = Release|x64
		{89AC1131-5215-4F43-B5AC-B4DFAE1366F6}.Ad-Hoc|ARM.ActiveCfg = Release|ARM
		{89AC1131-5215-4F43-B5AC-B4DFAE1366F6}.Ad-Hoc|ARM.Build.0 = Release|ARM
		{89AC1131-5215-4F43-B5AC-B4DFAE1366F6}.Ad-Hoc|ARM.Deploy.0 = Release|ARM
		{89AC1131-5215-4F43-B5AC-B4DFAE1366F6}.Ad-Hoc|ARM64.ActiveCfg = Release|ARM64
		{89AC1131-5215-4F43-B5AC-B4DFAE1366F6}.Ad-Hoc|ARM64.Build.0 = Release|ARM64
		{89AC1131-5215-4F43-B5AC-B4DFAE1366F6}.Ad-Hoc|ARM64.Deploy.0 = Release|ARM64
		{89AC1131-5215-4F43-B5AC-B4DFAE1366F6}.Ad-Hoc|iPhone.ActiveCfg = Release|x64
		{89AC1131-5215-4F43-B5AC-B4DFAE1366F6}.Ad-Hoc|iPhone.Build.0 = Release|x64
		{89AC1131-5215-4F43-B5AC-B4DFAE1366F6}.Ad-Hoc|iPhone.Deploy.0 = Release|x64
		{89AC1131-5215-4F43-B5AC-B4DFAE1366F6}.Ad-Hoc|iPhoneSimulator.ActiveCfg = Release|x64
		{89AC1131-5215-4F43-B5AC-B4DFAE1366F6}.Ad-Hoc|iPhoneSimulator.Build.0 = Release|x64
		{89AC1131-5215-4F43-B5AC-B4DFAE1366F6}.Ad-Hoc|iPhoneSimulator.Deploy.0 = Release|x64
		{89AC1131-5215-4F43-B5AC-B4DFAE1366F6}.Ad-Hoc|x64.ActiveCfg = Release|x64
		{89AC1131-5215-4F43-B5AC-B4DFAE1366F6}.Ad-Hoc|x64.Build.0 = Release|x64
		{89AC1131-5215-4F43-B5AC-B4DFAE1366F6}.Ad-Hoc|x64.Deploy.0 = Release|x64
		{89AC1131-5215-4F43-B5AC-B4DFAE1366F6}.Ad-Hoc|x86.ActiveCfg = Release|x86
		{89AC1131-5215-4F43-B5AC-B4DFAE1366F6}.Ad-Hoc|x86.Build.0 = Release|x86
		{89AC1131-5215-4F43-B5AC-B4DFAE1366F6}.Ad-Hoc|x86.Deploy.0 = Release|x86
		{89AC1131-5215-4F43-B5AC-B4DFAE1366F6}.AppStore|Any CPU.ActiveCfg = Release|x64
		{89AC1131-5215-4F43-B5AC-B4DFAE1366F6}.AppStore|Any CPU.Build.0 = Release|x64
		{89AC1131-5215-4F43-B5AC-B4DFAE1366F6}.AppStore|Any CPU.Deploy.0 = Release|x64
		{89AC1131-5215-4F43-B5AC-B4DFAE1366F6}.AppStore|ARM.ActiveCfg = Release|ARM
		{89AC1131-5215-4F43-B5AC-B4DFAE1366F6}.AppStore|ARM.Build.0 = Release|ARM
		{89AC1131-5215-4F43-B5AC-B4DFAE1366F6}.AppStore|ARM.Deploy.0 = Release|ARM
		{89AC1131-5215-4F43-B5AC-B4DFAE1366F6}.AppStore|ARM64.ActiveCfg = Release|ARM64
		{89AC1131-5215-4F43-B5AC-B4DFAE1366F6}.AppStore|ARM64.Build.0 = Release|ARM64
		{89AC1131-5215-4F43-B5AC-B4DFAE1366F6}.AppStore|ARM64.Deploy.0 = Release|ARM64
		{89AC1131-5215-4F43-B5AC-B4DFAE1366F6}.AppStore|iPhone.ActiveCfg = Release|x64
		{89AC1131-5215-4F43-B5AC-B4DFAE1366F6}.AppStore|iPhone.Build.0 = Release|x64
		{89AC1131-5215-4F43-B5AC-B4DFAE1366F6}.AppStore|iPhone.Deploy.0 = Release|x64
		{89AC1131-5215-4F43-B5AC-B4DFAE1366F6}.AppStore|iPhoneSimulator.ActiveCfg = Release|x64
		{89AC1131-5215-4F43-B5AC-B4DFAE1366F6}.AppStore|iPhoneSimulator.Build.0 = Release|x64
		{89AC1131-5215-4F43-B5AC-B4DFAE1366F6}.AppStore|iPhoneSimulator.Deploy.0 = Release|x64
		{89AC1131-5215-4F43-B5AC-B4DFAE1366F6}.AppStore|x64.ActiveCfg = Release|x64
		{89AC1131-5215-4F43-B5AC-B4DFAE1366F6}.AppStore|x64.Build.0 = Release|x64
		{89AC1131-5215-4F43-B5AC-B4DFAE1366F6}.AppStore|x64.Deploy.0 = Release|x64
		{89AC1131-5215-4F43-B5AC-B4DFAE1366F6}.AppStore|x86.ActiveCfg = Release|x86
		{89AC1131-5215-4F43-B5AC-B4DFAE1366F6}.AppStore|x86.Build.0 = Release|x86
		{89AC1131-5215-4F43-B5AC-B4DFAE1366F6}.AppStore|x86.Deploy.0 = Release|x86
		{89AC1131-5215-4F43-B5AC-B4DFAE1366F6}.Debug|Any CPU.ActiveCfg = Debug|x86
		{89AC1131-5215-4F43-B5AC-B4DFAE1366F6}.Debug|Any CPU.Build.0 = Debug|x86
		{89AC1131-5215-4F43-B5AC-B4DFAE1366F6}.Debug|Any CPU.Deploy.0 = Debug|x86
		{89AC1131-5215-4F43-B5AC-B4DFAE1366F6}.Debug|ARM.ActiveCfg = Debug|ARM
		{89AC1131-5215-4F43-B5AC-B4DFAE1366F6}.Debug|ARM.Build.0 = Debug|ARM
		{89AC1131-5215-4F43-B5AC-B4DFAE1366F6}.Debug|ARM.Deploy.0 = Debug|ARM
		{89AC1131-5215-4F43-B5AC-B4DFAE1366F6}.Debug|ARM64.ActiveCfg = Debug|ARM64
		{89AC1131-5215-4F43-B5AC-B4DFAE1366F6}.Debug|ARM64.Build.0 = Debug|ARM64
		{89AC1131-5215-4F43-B5AC-B4DFAE1366F6}.Debug|ARM64.Deploy.0 = Debug|ARM64
		{89AC1131-5215-4F43-B5AC-B4DFAE1366F6}.Debug|iPhone.ActiveCfg = Debug|x86
		{89AC1131-5215-4F43-B5AC-B4DFAE1366F6}.Debug|iPhoneSimulator.ActiveCfg = Debug|x86
		{89AC1131-5215-4F43-B5AC-B4DFAE1366F6}.Debug|x64.ActiveCfg = Debug|x64
		{89AC1131-5215-4F43-B5AC-B4DFAE1366F6}.Debug|x64.Build.0 = Debug|x64
		{89AC1131-5215-4F43-B5AC-B4DFAE1366F6}.Debug|x64.Deploy.0 = Debug|x64
		{89AC1131-5215-4F43-B5AC-B4DFAE1366F6}.Debug|x86.ActiveCfg = Debug|x86
		{89AC1131-5215-4F43-B5AC-B4DFAE1366F6}.Debug|x86.Build.0 = Debug|x86
		{89AC1131-5215-4F43-B5AC-B4DFAE1366F6}.Debug|x86.Deploy.0 = Debug|x86
		{89AC1131-5215-4F43-B5AC-B4DFAE1366F6}.Release|Any CPU.ActiveCfg = Release|x86
		{89AC1131-5215-4F43-B5AC-B4DFAE1366F6}.Release|ARM.ActiveCfg = Release|ARM
		{89AC1131-5215-4F43-B5AC-B4DFAE1366F6}.Release|ARM.Build.0 = Release|ARM
		{89AC1131-5215-4F43-B5AC-B4DFAE1366F6}.Release|ARM.Deploy.0 = Release|ARM
		{89AC1131-5215-4F43-B5AC-B4DFAE1366F6}.Release|ARM64.ActiveCfg = Release|ARM64
		{89AC1131-5215-4F43-B5AC-B4DFAE1366F6}.Release|ARM64.Build.0 = Release|ARM64
		{89AC1131-5215-4F43-B5AC-B4DFAE1366F6}.Release|ARM64.Deploy.0 = Release|ARM64
		{89AC1131-5215-4F43-B5AC-B4DFAE1366F6}.Release|iPhone.ActiveCfg = Release|x86
		{89AC1131-5215-4F43-B5AC-B4DFAE1366F6}.Release|iPhoneSimulator.ActiveCfg = Release|x86
		{89AC1131-5215-4F43-B5AC-B4DFAE1366F6}.Release|x64.ActiveCfg = Release|x64
		{89AC1131-5215-4F43-B5AC-B4DFAE1366F6}.Release|x64.Build.0 = Release|x64
		{89AC1131-5215-4F43-B5AC-B4DFAE1366F6}.Release|x64.Deploy.0 = Release|x64
		{89AC1131-5215-4F43-B5AC-B4DFAE1366F6}.Release|x86.ActiveCfg = Release|x86
		{89AC1131-5215-4F43-B5AC-B4DFAE1366F6}.Release|x86.Build.0 = Release|x86
		{89AC1131-5215-4F43-B5AC-B4DFAE1366F6}.Release|x86.Deploy.0 = Release|x86
		{89AC1131-5215-4F43-B5AC-B4DFAE1366F6}.Travis|Any CPU.ActiveCfg = Debug|x64
		{89AC1131-5215-4F43-B5AC-B4DFAE1366F6}.Travis|Any CPU.Build.0 = Debug|x64
		{89AC1131-5215-4F43-B5AC-B4DFAE1366F6}.Travis|Any CPU.Deploy.0 = Debug|x64
		{89AC1131-5215-4F43-B5AC-B4DFAE1366F6}.Travis|ARM.ActiveCfg = Debug|ARM
		{89AC1131-5215-4F43-B5AC-B4DFAE1366F6}.Travis|ARM.Build.0 = Debug|ARM
		{89AC1131-5215-4F43-B5AC-B4DFAE1366F6}.Travis|ARM.Deploy.0 = Debug|ARM
		{89AC1131-5215-4F43-B5AC-B4DFAE1366F6}.Travis|ARM64.ActiveCfg = Debug|ARM64
		{89AC1131-5215-4F43-B5AC-B4DFAE1366F6}.Travis|ARM64.Build.0 = Debug|ARM64
		{89AC1131-5215-4F43-B5AC-B4DFAE1366F6}.Travis|ARM64.Deploy.0 = Debug|ARM64
		{89AC1131-5215-4F43-B5AC-B4DFAE1366F6}.Travis|iPhone.ActiveCfg = Debug|x64
		{89AC1131-5215-4F43-B5AC-B4DFAE1366F6}.Travis|iPhone.Build.0 = Debug|x64
		{89AC1131-5215-4F43-B5AC-B4DFAE1366F6}.Travis|iPhone.Deploy.0 = Debug|x64
		{89AC1131-5215-4F43-B5AC-B4DFAE1366F6}.Travis|iPhoneSimulator.ActiveCfg = Debug|x64
		{89AC1131-5215-4F43-B5AC-B4DFAE1366F6}.Travis|iPhoneSimulator.Build.0 = Debug|x64
		{89AC1131-5215-4F43-B5AC-B4DFAE1366F6}.Travis|iPhoneSimulator.Deploy.0 = Debug|x64
		{89AC1131-5215-4F43-B5AC-B4DFAE1366F6}.Travis|x64.ActiveCfg = Debug|x64
		{89AC1131-5215-4F43-B5AC-B4DFAE1366F6}.Travis|x64.Build.0 = Debug|x64
		{89AC1131-5215-4F43-B5AC-B4DFAE1366F6}.Travis|x64.Deploy.0 = Debug|x64
		{89AC1131-5215-4F43-B5AC-B4DFAE1366F6}.Travis|x86.ActiveCfg = Debug|x86
		{89AC1131-5215-4F43-B5AC-B4DFAE1366F6}.Travis|x86.Build.0 = Debug|x86
		{89AC1131-5215-4F43-B5AC-B4DFAE1366F6}.Travis|x86.Deploy.0 = Debug|x86
		{11B32FA9-E6AF-4DCE-80CC-A022AFD8E075}.Ad-Hoc|Any CPU.ActiveCfg = Debug|Any CPU
		{11B32FA9-E6AF-4DCE-80CC-A022AFD8E075}.Ad-Hoc|Any CPU.Build.0 = Debug|Any CPU
		{11B32FA9-E6AF-4DCE-80CC-A022AFD8E075}.Ad-Hoc|ARM.ActiveCfg = Debug|Any CPU
		{11B32FA9-E6AF-4DCE-80CC-A022AFD8E075}.Ad-Hoc|ARM.Build.0 = Debug|Any CPU
		{11B32FA9-E6AF-4DCE-80CC-A022AFD8E075}.Ad-Hoc|ARM64.ActiveCfg = Debug|Any CPU
		{11B32FA9-E6AF-4DCE-80CC-A022AFD8E075}.Ad-Hoc|ARM64.Build.0 = Debug|Any CPU
		{11B32FA9-E6AF-4DCE-80CC-A022AFD8E075}.Ad-Hoc|iPhone.ActiveCfg = Debug|Any CPU
		{11B32FA9-E6AF-4DCE-80CC-A022AFD8E075}.Ad-Hoc|iPhone.Build.0 = Debug|Any CPU
		{11B32FA9-E6AF-4DCE-80CC-A022AFD8E075}.Ad-Hoc|iPhoneSimulator.ActiveCfg = Debug|Any CPU
		{11B32FA9-E6AF-4DCE-80CC-A022AFD8E075}.Ad-Hoc|iPhoneSimulator.Build.0 = Debug|Any CPU
		{11B32FA9-E6AF-4DCE-80CC-A022AFD8E075}.Ad-Hoc|x64.ActiveCfg = Debug|Any CPU
		{11B32FA9-E6AF-4DCE-80CC-A022AFD8E075}.Ad-Hoc|x64.Build.0 = Debug|Any CPU
		{11B32FA9-E6AF-4DCE-80CC-A022AFD8E075}.Ad-Hoc|x86.ActiveCfg = Debug|Any CPU
		{11B32FA9-E6AF-4DCE-80CC-A022AFD8E075}.Ad-Hoc|x86.Build.0 = Debug|Any CPU
		{11B32FA9-E6AF-4DCE-80CC-A022AFD8E075}.AppStore|Any CPU.ActiveCfg = Debug|Any CPU
		{11B32FA9-E6AF-4DCE-80CC-A022AFD8E075}.AppStore|Any CPU.Build.0 = Debug|Any CPU
		{11B32FA9-E6AF-4DCE-80CC-A022AFD8E075}.AppStore|ARM.ActiveCfg = Debug|Any CPU
		{11B32FA9-E6AF-4DCE-80CC-A022AFD8E075}.AppStore|ARM.Build.0 = Debug|Any CPU
		{11B32FA9-E6AF-4DCE-80CC-A022AFD8E075}.AppStore|ARM64.ActiveCfg = Debug|Any CPU
		{11B32FA9-E6AF-4DCE-80CC-A022AFD8E075}.AppStore|ARM64.Build.0 = Debug|Any CPU
		{11B32FA9-E6AF-4DCE-80CC-A022AFD8E075}.AppStore|iPhone.ActiveCfg = Debug|Any CPU
		{11B32FA9-E6AF-4DCE-80CC-A022AFD8E075}.AppStore|iPhone.Build.0 = Debug|Any CPU
		{11B32FA9-E6AF-4DCE-80CC-A022AFD8E075}.AppStore|iPhoneSimulator.ActiveCfg = Debug|Any CPU
		{11B32FA9-E6AF-4DCE-80CC-A022AFD8E075}.AppStore|iPhoneSimulator.Build.0 = Debug|Any CPU
		{11B32FA9-E6AF-4DCE-80CC-A022AFD8E075}.AppStore|x64.ActiveCfg = Debug|Any CPU
		{11B32FA9-E6AF-4DCE-80CC-A022AFD8E075}.AppStore|x64.Build.0 = Debug|Any CPU
		{11B32FA9-E6AF-4DCE-80CC-A022AFD8E075}.AppStore|x86.ActiveCfg = Debug|Any CPU
		{11B32FA9-E6AF-4DCE-80CC-A022AFD8E075}.AppStore|x86.Build.0 = Debug|Any CPU
		{11B32FA9-E6AF-4DCE-80CC-A022AFD8E075}.Debug|Any CPU.ActiveCfg = Debug|Any CPU
		{11B32FA9-E6AF-4DCE-80CC-A022AFD8E075}.Debug|Any CPU.Build.0 = Debug|Any CPU
		{11B32FA9-E6AF-4DCE-80CC-A022AFD8E075}.Debug|ARM.ActiveCfg = Debug|Any CPU
		{11B32FA9-E6AF-4DCE-80CC-A022AFD8E075}.Debug|ARM.Build.0 = Debug|Any CPU
		{11B32FA9-E6AF-4DCE-80CC-A022AFD8E075}.Debug|ARM64.ActiveCfg = Debug|Any CPU
		{11B32FA9-E6AF-4DCE-80CC-A022AFD8E075}.Debug|ARM64.Build.0 = Debug|Any CPU
		{11B32FA9-E6AF-4DCE-80CC-A022AFD8E075}.Debug|iPhone.ActiveCfg = Debug|Any CPU
		{11B32FA9-E6AF-4DCE-80CC-A022AFD8E075}.Debug|iPhone.Build.0 = Debug|Any CPU
		{11B32FA9-E6AF-4DCE-80CC-A022AFD8E075}.Debug|iPhoneSimulator.ActiveCfg = Debug|Any CPU
		{11B32FA9-E6AF-4DCE-80CC-A022AFD8E075}.Debug|iPhoneSimulator.Build.0 = Debug|Any CPU
		{11B32FA9-E6AF-4DCE-80CC-A022AFD8E075}.Debug|x64.ActiveCfg = Debug|Any CPU
		{11B32FA9-E6AF-4DCE-80CC-A022AFD8E075}.Debug|x64.Build.0 = Debug|Any CPU
		{11B32FA9-E6AF-4DCE-80CC-A022AFD8E075}.Debug|x86.ActiveCfg = Debug|Any CPU
		{11B32FA9-E6AF-4DCE-80CC-A022AFD8E075}.Debug|x86.Build.0 = Debug|Any CPU
		{11B32FA9-E6AF-4DCE-80CC-A022AFD8E075}.Release|Any CPU.ActiveCfg = Release|Any CPU
		{11B32FA9-E6AF-4DCE-80CC-A022AFD8E075}.Release|Any CPU.Build.0 = Release|Any CPU
		{11B32FA9-E6AF-4DCE-80CC-A022AFD8E075}.Release|ARM.ActiveCfg = Release|Any CPU
		{11B32FA9-E6AF-4DCE-80CC-A022AFD8E075}.Release|ARM.Build.0 = Release|Any CPU
		{11B32FA9-E6AF-4DCE-80CC-A022AFD8E075}.Release|ARM64.ActiveCfg = Release|Any CPU
		{11B32FA9-E6AF-4DCE-80CC-A022AFD8E075}.Release|ARM64.Build.0 = Release|Any CPU
		{11B32FA9-E6AF-4DCE-80CC-A022AFD8E075}.Release|iPhone.ActiveCfg = Release|Any CPU
		{11B32FA9-E6AF-4DCE-80CC-A022AFD8E075}.Release|iPhone.Build.0 = Release|Any CPU
		{11B32FA9-E6AF-4DCE-80CC-A022AFD8E075}.Release|iPhoneSimulator.ActiveCfg = Release|Any CPU
		{11B32FA9-E6AF-4DCE-80CC-A022AFD8E075}.Release|iPhoneSimulator.Build.0 = Release|Any CPU
		{11B32FA9-E6AF-4DCE-80CC-A022AFD8E075}.Release|x64.ActiveCfg = Release|Any CPU
		{11B32FA9-E6AF-4DCE-80CC-A022AFD8E075}.Release|x64.Build.0 = Release|Any CPU
		{11B32FA9-E6AF-4DCE-80CC-A022AFD8E075}.Release|x86.ActiveCfg = Release|Any CPU
		{11B32FA9-E6AF-4DCE-80CC-A022AFD8E075}.Release|x86.Build.0 = Release|Any CPU
		{11B32FA9-E6AF-4DCE-80CC-A022AFD8E075}.Travis|Any CPU.ActiveCfg = Release|Any CPU
		{11B32FA9-E6AF-4DCE-80CC-A022AFD8E075}.Travis|Any CPU.Build.0 = Release|Any CPU
		{11B32FA9-E6AF-4DCE-80CC-A022AFD8E075}.Travis|ARM.ActiveCfg = Release|Any CPU
		{11B32FA9-E6AF-4DCE-80CC-A022AFD8E075}.Travis|ARM.Build.0 = Release|Any CPU
		{11B32FA9-E6AF-4DCE-80CC-A022AFD8E075}.Travis|ARM64.ActiveCfg = Release|Any CPU
		{11B32FA9-E6AF-4DCE-80CC-A022AFD8E075}.Travis|ARM64.Build.0 = Release|Any CPU
		{11B32FA9-E6AF-4DCE-80CC-A022AFD8E075}.Travis|iPhone.ActiveCfg = Release|Any CPU
		{11B32FA9-E6AF-4DCE-80CC-A022AFD8E075}.Travis|iPhone.Build.0 = Release|Any CPU
		{11B32FA9-E6AF-4DCE-80CC-A022AFD8E075}.Travis|iPhoneSimulator.ActiveCfg = Release|Any CPU
		{11B32FA9-E6AF-4DCE-80CC-A022AFD8E075}.Travis|iPhoneSimulator.Build.0 = Release|Any CPU
		{11B32FA9-E6AF-4DCE-80CC-A022AFD8E075}.Travis|x64.ActiveCfg = Release|Any CPU
		{11B32FA9-E6AF-4DCE-80CC-A022AFD8E075}.Travis|x64.Build.0 = Release|Any CPU
		{11B32FA9-E6AF-4DCE-80CC-A022AFD8E075}.Travis|x86.ActiveCfg = Release|Any CPU
		{11B32FA9-E6AF-4DCE-80CC-A022AFD8E075}.Travis|x86.Build.0 = Release|Any CPU
		{BD87B98B-B958-43EC-B3BF-6058AFEDCDC6}.Ad-Hoc|Any CPU.ActiveCfg = Debug|Any CPU
		{BD87B98B-B958-43EC-B3BF-6058AFEDCDC6}.Ad-Hoc|Any CPU.Build.0 = Debug|Any CPU
		{BD87B98B-B958-43EC-B3BF-6058AFEDCDC6}.Ad-Hoc|ARM.ActiveCfg = Debug|Any CPU
		{BD87B98B-B958-43EC-B3BF-6058AFEDCDC6}.Ad-Hoc|ARM.Build.0 = Debug|Any CPU
		{BD87B98B-B958-43EC-B3BF-6058AFEDCDC6}.Ad-Hoc|ARM64.ActiveCfg = Debug|Any CPU
		{BD87B98B-B958-43EC-B3BF-6058AFEDCDC6}.Ad-Hoc|ARM64.Build.0 = Debug|Any CPU
		{BD87B98B-B958-43EC-B3BF-6058AFEDCDC6}.Ad-Hoc|iPhone.ActiveCfg = Debug|Any CPU
		{BD87B98B-B958-43EC-B3BF-6058AFEDCDC6}.Ad-Hoc|iPhone.Build.0 = Debug|Any CPU
		{BD87B98B-B958-43EC-B3BF-6058AFEDCDC6}.Ad-Hoc|iPhoneSimulator.ActiveCfg = Debug|Any CPU
		{BD87B98B-B958-43EC-B3BF-6058AFEDCDC6}.Ad-Hoc|iPhoneSimulator.Build.0 = Debug|Any CPU
		{BD87B98B-B958-43EC-B3BF-6058AFEDCDC6}.Ad-Hoc|x64.ActiveCfg = Debug|Any CPU
		{BD87B98B-B958-43EC-B3BF-6058AFEDCDC6}.Ad-Hoc|x64.Build.0 = Debug|Any CPU
		{BD87B98B-B958-43EC-B3BF-6058AFEDCDC6}.Ad-Hoc|x86.ActiveCfg = Debug|Any CPU
		{BD87B98B-B958-43EC-B3BF-6058AFEDCDC6}.Ad-Hoc|x86.Build.0 = Debug|Any CPU
		{BD87B98B-B958-43EC-B3BF-6058AFEDCDC6}.AppStore|Any CPU.ActiveCfg = Debug|Any CPU
		{BD87B98B-B958-43EC-B3BF-6058AFEDCDC6}.AppStore|Any CPU.Build.0 = Debug|Any CPU
		{BD87B98B-B958-43EC-B3BF-6058AFEDCDC6}.AppStore|ARM.ActiveCfg = Debug|Any CPU
		{BD87B98B-B958-43EC-B3BF-6058AFEDCDC6}.AppStore|ARM.Build.0 = Debug|Any CPU
		{BD87B98B-B958-43EC-B3BF-6058AFEDCDC6}.AppStore|ARM64.ActiveCfg = Debug|Any CPU
		{BD87B98B-B958-43EC-B3BF-6058AFEDCDC6}.AppStore|ARM64.Build.0 = Debug|Any CPU
		{BD87B98B-B958-43EC-B3BF-6058AFEDCDC6}.AppStore|iPhone.ActiveCfg = Debug|Any CPU
		{BD87B98B-B958-43EC-B3BF-6058AFEDCDC6}.AppStore|iPhone.Build.0 = Debug|Any CPU
		{BD87B98B-B958-43EC-B3BF-6058AFEDCDC6}.AppStore|iPhoneSimulator.ActiveCfg = Debug|Any CPU
		{BD87B98B-B958-43EC-B3BF-6058AFEDCDC6}.AppStore|iPhoneSimulator.Build.0 = Debug|Any CPU
		{BD87B98B-B958-43EC-B3BF-6058AFEDCDC6}.AppStore|x64.ActiveCfg = Debug|Any CPU
		{BD87B98B-B958-43EC-B3BF-6058AFEDCDC6}.AppStore|x64.Build.0 = Debug|Any CPU
		{BD87B98B-B958-43EC-B3BF-6058AFEDCDC6}.AppStore|x86.ActiveCfg = Debug|Any CPU
		{BD87B98B-B958-43EC-B3BF-6058AFEDCDC6}.AppStore|x86.Build.0 = Debug|Any CPU
		{BD87B98B-B958-43EC-B3BF-6058AFEDCDC6}.Debug|Any CPU.ActiveCfg = Debug|Any CPU
		{BD87B98B-B958-43EC-B3BF-6058AFEDCDC6}.Debug|Any CPU.Build.0 = Debug|Any CPU
		{BD87B98B-B958-43EC-B3BF-6058AFEDCDC6}.Debug|ARM.ActiveCfg = Debug|Any CPU
		{BD87B98B-B958-43EC-B3BF-6058AFEDCDC6}.Debug|ARM.Build.0 = Debug|Any CPU
		{BD87B98B-B958-43EC-B3BF-6058AFEDCDC6}.Debug|ARM64.ActiveCfg = Debug|Any CPU
		{BD87B98B-B958-43EC-B3BF-6058AFEDCDC6}.Debug|ARM64.Build.0 = Debug|Any CPU
		{BD87B98B-B958-43EC-B3BF-6058AFEDCDC6}.Debug|iPhone.ActiveCfg = Debug|Any CPU
		{BD87B98B-B958-43EC-B3BF-6058AFEDCDC6}.Debug|iPhone.Build.0 = Debug|Any CPU
		{BD87B98B-B958-43EC-B3BF-6058AFEDCDC6}.Debug|iPhoneSimulator.ActiveCfg = Debug|Any CPU
		{BD87B98B-B958-43EC-B3BF-6058AFEDCDC6}.Debug|iPhoneSimulator.Build.0 = Debug|Any CPU
		{BD87B98B-B958-43EC-B3BF-6058AFEDCDC6}.Debug|x64.ActiveCfg = Debug|Any CPU
		{BD87B98B-B958-43EC-B3BF-6058AFEDCDC6}.Debug|x64.Build.0 = Debug|Any CPU
		{BD87B98B-B958-43EC-B3BF-6058AFEDCDC6}.Debug|x86.ActiveCfg = Debug|Any CPU
		{BD87B98B-B958-43EC-B3BF-6058AFEDCDC6}.Debug|x86.Build.0 = Debug|Any CPU
		{BD87B98B-B958-43EC-B3BF-6058AFEDCDC6}.Release|Any CPU.ActiveCfg = Release|Any CPU
		{BD87B98B-B958-43EC-B3BF-6058AFEDCDC6}.Release|Any CPU.Build.0 = Release|Any CPU
		{BD87B98B-B958-43EC-B3BF-6058AFEDCDC6}.Release|ARM.ActiveCfg = Release|Any CPU
		{BD87B98B-B958-43EC-B3BF-6058AFEDCDC6}.Release|ARM.Build.0 = Release|Any CPU
		{BD87B98B-B958-43EC-B3BF-6058AFEDCDC6}.Release|ARM64.ActiveCfg = Release|Any CPU
		{BD87B98B-B958-43EC-B3BF-6058AFEDCDC6}.Release|ARM64.Build.0 = Release|Any CPU
		{BD87B98B-B958-43EC-B3BF-6058AFEDCDC6}.Release|iPhone.ActiveCfg = Release|Any CPU
		{BD87B98B-B958-43EC-B3BF-6058AFEDCDC6}.Release|iPhone.Build.0 = Release|Any CPU
		{BD87B98B-B958-43EC-B3BF-6058AFEDCDC6}.Release|iPhoneSimulator.ActiveCfg = Release|Any CPU
		{BD87B98B-B958-43EC-B3BF-6058AFEDCDC6}.Release|iPhoneSimulator.Build.0 = Release|Any CPU
		{BD87B98B-B958-43EC-B3BF-6058AFEDCDC6}.Release|x64.ActiveCfg = Release|Any CPU
		{BD87B98B-B958-43EC-B3BF-6058AFEDCDC6}.Release|x64.Build.0 = Release|Any CPU
		{BD87B98B-B958-43EC-B3BF-6058AFEDCDC6}.Release|x86.ActiveCfg = Release|Any CPU
		{BD87B98B-B958-43EC-B3BF-6058AFEDCDC6}.Release|x86.Build.0 = Release|Any CPU
		{BD87B98B-B958-43EC-B3BF-6058AFEDCDC6}.Travis|Any CPU.ActiveCfg = Release|Any CPU
		{BD87B98B-B958-43EC-B3BF-6058AFEDCDC6}.Travis|Any CPU.Build.0 = Release|Any CPU
		{BD87B98B-B958-43EC-B3BF-6058AFEDCDC6}.Travis|ARM.ActiveCfg = Release|Any CPU
		{BD87B98B-B958-43EC-B3BF-6058AFEDCDC6}.Travis|ARM.Build.0 = Release|Any CPU
		{BD87B98B-B958-43EC-B3BF-6058AFEDCDC6}.Travis|ARM64.ActiveCfg = Release|Any CPU
		{BD87B98B-B958-43EC-B3BF-6058AFEDCDC6}.Travis|ARM64.Build.0 = Release|Any CPU
		{BD87B98B-B958-43EC-B3BF-6058AFEDCDC6}.Travis|iPhone.ActiveCfg = Release|Any CPU
		{BD87B98B-B958-43EC-B3BF-6058AFEDCDC6}.Travis|iPhone.Build.0 = Release|Any CPU
		{BD87B98B-B958-43EC-B3BF-6058AFEDCDC6}.Travis|iPhoneSimulator.ActiveCfg = Release|Any CPU
		{BD87B98B-B958-43EC-B3BF-6058AFEDCDC6}.Travis|iPhoneSimulator.Build.0 = Release|Any CPU
		{BD87B98B-B958-43EC-B3BF-6058AFEDCDC6}.Travis|x64.ActiveCfg = Release|Any CPU
		{BD87B98B-B958-43EC-B3BF-6058AFEDCDC6}.Travis|x64.Build.0 = Release|Any CPU
		{BD87B98B-B958-43EC-B3BF-6058AFEDCDC6}.Travis|x86.ActiveCfg = Release|Any CPU
		{BD87B98B-B958-43EC-B3BF-6058AFEDCDC6}.Travis|x86.Build.0 = Release|Any CPU
		{184CD528-2959-4AA5-A691-0E161C04E9AD}.Ad-Hoc|Any CPU.ActiveCfg = Debug|Any CPU
		{184CD528-2959-4AA5-A691-0E161C04E9AD}.Ad-Hoc|Any CPU.Build.0 = Debug|Any CPU
		{184CD528-2959-4AA5-A691-0E161C04E9AD}.Ad-Hoc|ARM.ActiveCfg = Debug|Any CPU
		{184CD528-2959-4AA5-A691-0E161C04E9AD}.Ad-Hoc|ARM.Build.0 = Debug|Any CPU
		{184CD528-2959-4AA5-A691-0E161C04E9AD}.Ad-Hoc|ARM64.ActiveCfg = Debug|Any CPU
		{184CD528-2959-4AA5-A691-0E161C04E9AD}.Ad-Hoc|ARM64.Build.0 = Debug|Any CPU
		{184CD528-2959-4AA5-A691-0E161C04E9AD}.Ad-Hoc|iPhone.ActiveCfg = Debug|Any CPU
		{184CD528-2959-4AA5-A691-0E161C04E9AD}.Ad-Hoc|iPhone.Build.0 = Debug|Any CPU
		{184CD528-2959-4AA5-A691-0E161C04E9AD}.Ad-Hoc|iPhoneSimulator.ActiveCfg = Debug|Any CPU
		{184CD528-2959-4AA5-A691-0E161C04E9AD}.Ad-Hoc|iPhoneSimulator.Build.0 = Debug|Any CPU
		{184CD528-2959-4AA5-A691-0E161C04E9AD}.Ad-Hoc|x64.ActiveCfg = Debug|Any CPU
		{184CD528-2959-4AA5-A691-0E161C04E9AD}.Ad-Hoc|x64.Build.0 = Debug|Any CPU
		{184CD528-2959-4AA5-A691-0E161C04E9AD}.Ad-Hoc|x86.ActiveCfg = Debug|Any CPU
		{184CD528-2959-4AA5-A691-0E161C04E9AD}.Ad-Hoc|x86.Build.0 = Debug|Any CPU
		{184CD528-2959-4AA5-A691-0E161C04E9AD}.AppStore|Any CPU.ActiveCfg = Debug|Any CPU
		{184CD528-2959-4AA5-A691-0E161C04E9AD}.AppStore|Any CPU.Build.0 = Debug|Any CPU
		{184CD528-2959-4AA5-A691-0E161C04E9AD}.AppStore|ARM.ActiveCfg = Debug|Any CPU
		{184CD528-2959-4AA5-A691-0E161C04E9AD}.AppStore|ARM.Build.0 = Debug|Any CPU
		{184CD528-2959-4AA5-A691-0E161C04E9AD}.AppStore|ARM64.ActiveCfg = Debug|Any CPU
		{184CD528-2959-4AA5-A691-0E161C04E9AD}.AppStore|ARM64.Build.0 = Debug|Any CPU
		{184CD528-2959-4AA5-A691-0E161C04E9AD}.AppStore|iPhone.ActiveCfg = Debug|Any CPU
		{184CD528-2959-4AA5-A691-0E161C04E9AD}.AppStore|iPhone.Build.0 = Debug|Any CPU
		{184CD528-2959-4AA5-A691-0E161C04E9AD}.AppStore|iPhoneSimulator.ActiveCfg = Debug|Any CPU
		{184CD528-2959-4AA5-A691-0E161C04E9AD}.AppStore|iPhoneSimulator.Build.0 = Debug|Any CPU
		{184CD528-2959-4AA5-A691-0E161C04E9AD}.AppStore|x64.ActiveCfg = Debug|Any CPU
		{184CD528-2959-4AA5-A691-0E161C04E9AD}.AppStore|x64.Build.0 = Debug|Any CPU
		{184CD528-2959-4AA5-A691-0E161C04E9AD}.AppStore|x86.ActiveCfg = Debug|Any CPU
		{184CD528-2959-4AA5-A691-0E161C04E9AD}.AppStore|x86.Build.0 = Debug|Any CPU
		{184CD528-2959-4AA5-A691-0E161C04E9AD}.Debug|Any CPU.ActiveCfg = Debug|Any CPU
		{184CD528-2959-4AA5-A691-0E161C04E9AD}.Debug|Any CPU.Build.0 = Debug|Any CPU
		{184CD528-2959-4AA5-A691-0E161C04E9AD}.Debug|ARM.ActiveCfg = Debug|Any CPU
		{184CD528-2959-4AA5-A691-0E161C04E9AD}.Debug|ARM.Build.0 = Debug|Any CPU
		{184CD528-2959-4AA5-A691-0E161C04E9AD}.Debug|ARM64.ActiveCfg = Debug|Any CPU
		{184CD528-2959-4AA5-A691-0E161C04E9AD}.Debug|ARM64.Build.0 = Debug|Any CPU
		{184CD528-2959-4AA5-A691-0E161C04E9AD}.Debug|iPhone.ActiveCfg = Debug|Any CPU
		{184CD528-2959-4AA5-A691-0E161C04E9AD}.Debug|iPhone.Build.0 = Debug|Any CPU
		{184CD528-2959-4AA5-A691-0E161C04E9AD}.Debug|iPhoneSimulator.ActiveCfg = Debug|Any CPU
		{184CD528-2959-4AA5-A691-0E161C04E9AD}.Debug|iPhoneSimulator.Build.0 = Debug|Any CPU
		{184CD528-2959-4AA5-A691-0E161C04E9AD}.Debug|x64.ActiveCfg = Debug|Any CPU
		{184CD528-2959-4AA5-A691-0E161C04E9AD}.Debug|x64.Build.0 = Debug|Any CPU
		{184CD528-2959-4AA5-A691-0E161C04E9AD}.Debug|x86.ActiveCfg = Debug|Any CPU
		{184CD528-2959-4AA5-A691-0E161C04E9AD}.Debug|x86.Build.0 = Debug|Any CPU
		{184CD528-2959-4AA5-A691-0E161C04E9AD}.Release|Any CPU.ActiveCfg = Release|Any CPU
		{184CD528-2959-4AA5-A691-0E161C04E9AD}.Release|Any CPU.Build.0 = Release|Any CPU
		{184CD528-2959-4AA5-A691-0E161C04E9AD}.Release|ARM.ActiveCfg = Release|Any CPU
		{184CD528-2959-4AA5-A691-0E161C04E9AD}.Release|ARM.Build.0 = Release|Any CPU
		{184CD528-2959-4AA5-A691-0E161C04E9AD}.Release|ARM64.ActiveCfg = Release|Any CPU
		{184CD528-2959-4AA5-A691-0E161C04E9AD}.Release|ARM64.Build.0 = Release|Any CPU
		{184CD528-2959-4AA5-A691-0E161C04E9AD}.Release|iPhone.ActiveCfg = Release|Any CPU
		{184CD528-2959-4AA5-A691-0E161C04E9AD}.Release|iPhone.Build.0 = Release|Any CPU
		{184CD528-2959-4AA5-A691-0E161C04E9AD}.Release|iPhoneSimulator.ActiveCfg = Release|Any CPU
		{184CD528-2959-4AA5-A691-0E161C04E9AD}.Release|iPhoneSimulator.Build.0 = Release|Any CPU
		{184CD528-2959-4AA5-A691-0E161C04E9AD}.Release|x64.ActiveCfg = Release|Any CPU
		{184CD528-2959-4AA5-A691-0E161C04E9AD}.Release|x64.Build.0 = Release|Any CPU
		{184CD528-2959-4AA5-A691-0E161C04E9AD}.Release|x86.ActiveCfg = Release|Any CPU
		{184CD528-2959-4AA5-A691-0E161C04E9AD}.Release|x86.Build.0 = Release|Any CPU
		{184CD528-2959-4AA5-A691-0E161C04E9AD}.Travis|Any CPU.ActiveCfg = Release|Any CPU
		{184CD528-2959-4AA5-A691-0E161C04E9AD}.Travis|Any CPU.Build.0 = Release|Any CPU
		{184CD528-2959-4AA5-A691-0E161C04E9AD}.Travis|ARM.ActiveCfg = Release|Any CPU
		{184CD528-2959-4AA5-A691-0E161C04E9AD}.Travis|ARM.Build.0 = Release|Any CPU
		{184CD528-2959-4AA5-A691-0E161C04E9AD}.Travis|ARM64.ActiveCfg = Release|Any CPU
		{184CD528-2959-4AA5-A691-0E161C04E9AD}.Travis|ARM64.Build.0 = Release|Any CPU
		{184CD528-2959-4AA5-A691-0E161C04E9AD}.Travis|iPhone.ActiveCfg = Release|Any CPU
		{184CD528-2959-4AA5-A691-0E161C04E9AD}.Travis|iPhone.Build.0 = Release|Any CPU
		{184CD528-2959-4AA5-A691-0E161C04E9AD}.Travis|iPhoneSimulator.ActiveCfg = Release|Any CPU
		{184CD528-2959-4AA5-A691-0E161C04E9AD}.Travis|iPhoneSimulator.Build.0 = Release|Any CPU
		{184CD528-2959-4AA5-A691-0E161C04E9AD}.Travis|x64.ActiveCfg = Release|Any CPU
		{184CD528-2959-4AA5-A691-0E161C04E9AD}.Travis|x64.Build.0 = Release|Any CPU
		{184CD528-2959-4AA5-A691-0E161C04E9AD}.Travis|x86.ActiveCfg = Release|Any CPU
		{184CD528-2959-4AA5-A691-0E161C04E9AD}.Travis|x86.Build.0 = Release|Any CPU
		{D0618335-D56C-419D-B9FA-98E475338EFC}.Ad-Hoc|Any CPU.ActiveCfg = Debug|Any CPU
		{D0618335-D56C-419D-B9FA-98E475338EFC}.Ad-Hoc|Any CPU.Build.0 = Debug|Any CPU
		{D0618335-D56C-419D-B9FA-98E475338EFC}.Ad-Hoc|ARM.ActiveCfg = Debug|Any CPU
		{D0618335-D56C-419D-B9FA-98E475338EFC}.Ad-Hoc|ARM.Build.0 = Debug|Any CPU
		{D0618335-D56C-419D-B9FA-98E475338EFC}.Ad-Hoc|ARM64.ActiveCfg = Debug|Any CPU
		{D0618335-D56C-419D-B9FA-98E475338EFC}.Ad-Hoc|ARM64.Build.0 = Debug|Any CPU
		{D0618335-D56C-419D-B9FA-98E475338EFC}.Ad-Hoc|iPhone.ActiveCfg = Debug|Any CPU
		{D0618335-D56C-419D-B9FA-98E475338EFC}.Ad-Hoc|iPhone.Build.0 = Debug|Any CPU
		{D0618335-D56C-419D-B9FA-98E475338EFC}.Ad-Hoc|iPhoneSimulator.ActiveCfg = Debug|Any CPU
		{D0618335-D56C-419D-B9FA-98E475338EFC}.Ad-Hoc|iPhoneSimulator.Build.0 = Debug|Any CPU
		{D0618335-D56C-419D-B9FA-98E475338EFC}.Ad-Hoc|x64.ActiveCfg = Debug|Any CPU
		{D0618335-D56C-419D-B9FA-98E475338EFC}.Ad-Hoc|x64.Build.0 = Debug|Any CPU
		{D0618335-D56C-419D-B9FA-98E475338EFC}.Ad-Hoc|x86.ActiveCfg = Debug|Any CPU
		{D0618335-D56C-419D-B9FA-98E475338EFC}.Ad-Hoc|x86.Build.0 = Debug|Any CPU
		{D0618335-D56C-419D-B9FA-98E475338EFC}.AppStore|Any CPU.ActiveCfg = Debug|Any CPU
		{D0618335-D56C-419D-B9FA-98E475338EFC}.AppStore|Any CPU.Build.0 = Debug|Any CPU
		{D0618335-D56C-419D-B9FA-98E475338EFC}.AppStore|ARM.ActiveCfg = Debug|Any CPU
		{D0618335-D56C-419D-B9FA-98E475338EFC}.AppStore|ARM.Build.0 = Debug|Any CPU
		{D0618335-D56C-419D-B9FA-98E475338EFC}.AppStore|ARM64.ActiveCfg = Debug|Any CPU
		{D0618335-D56C-419D-B9FA-98E475338EFC}.AppStore|ARM64.Build.0 = Debug|Any CPU
		{D0618335-D56C-419D-B9FA-98E475338EFC}.AppStore|iPhone.ActiveCfg = Debug|Any CPU
		{D0618335-D56C-419D-B9FA-98E475338EFC}.AppStore|iPhone.Build.0 = Debug|Any CPU
		{D0618335-D56C-419D-B9FA-98E475338EFC}.AppStore|iPhoneSimulator.ActiveCfg = Debug|Any CPU
		{D0618335-D56C-419D-B9FA-98E475338EFC}.AppStore|iPhoneSimulator.Build.0 = Debug|Any CPU
		{D0618335-D56C-419D-B9FA-98E475338EFC}.AppStore|x64.ActiveCfg = Debug|Any CPU
		{D0618335-D56C-419D-B9FA-98E475338EFC}.AppStore|x64.Build.0 = Debug|Any CPU
		{D0618335-D56C-419D-B9FA-98E475338EFC}.AppStore|x86.ActiveCfg = Debug|Any CPU
		{D0618335-D56C-419D-B9FA-98E475338EFC}.AppStore|x86.Build.0 = Debug|Any CPU
		{D0618335-D56C-419D-B9FA-98E475338EFC}.Debug|Any CPU.ActiveCfg = Debug|Any CPU
		{D0618335-D56C-419D-B9FA-98E475338EFC}.Debug|Any CPU.Build.0 = Debug|Any CPU
		{D0618335-D56C-419D-B9FA-98E475338EFC}.Debug|ARM.ActiveCfg = Debug|Any CPU
		{D0618335-D56C-419D-B9FA-98E475338EFC}.Debug|ARM.Build.0 = Debug|Any CPU
		{D0618335-D56C-419D-B9FA-98E475338EFC}.Debug|ARM64.ActiveCfg = Debug|Any CPU
		{D0618335-D56C-419D-B9FA-98E475338EFC}.Debug|ARM64.Build.0 = Debug|Any CPU
		{D0618335-D56C-419D-B9FA-98E475338EFC}.Debug|iPhone.ActiveCfg = Debug|Any CPU
		{D0618335-D56C-419D-B9FA-98E475338EFC}.Debug|iPhone.Build.0 = Debug|Any CPU
		{D0618335-D56C-419D-B9FA-98E475338EFC}.Debug|iPhoneSimulator.ActiveCfg = Debug|Any CPU
		{D0618335-D56C-419D-B9FA-98E475338EFC}.Debug|iPhoneSimulator.Build.0 = Debug|Any CPU
		{D0618335-D56C-419D-B9FA-98E475338EFC}.Debug|x64.ActiveCfg = Debug|Any CPU
		{D0618335-D56C-419D-B9FA-98E475338EFC}.Debug|x64.Build.0 = Debug|Any CPU
		{D0618335-D56C-419D-B9FA-98E475338EFC}.Debug|x86.ActiveCfg = Debug|Any CPU
		{D0618335-D56C-419D-B9FA-98E475338EFC}.Debug|x86.Build.0 = Debug|Any CPU
		{D0618335-D56C-419D-B9FA-98E475338EFC}.Release|Any CPU.ActiveCfg = Release|Any CPU
		{D0618335-D56C-419D-B9FA-98E475338EFC}.Release|Any CPU.Build.0 = Release|Any CPU
		{D0618335-D56C-419D-B9FA-98E475338EFC}.Release|ARM.ActiveCfg = Release|Any CPU
		{D0618335-D56C-419D-B9FA-98E475338EFC}.Release|ARM.Build.0 = Release|Any CPU
		{D0618335-D56C-419D-B9FA-98E475338EFC}.Release|ARM64.ActiveCfg = Release|Any CPU
		{D0618335-D56C-419D-B9FA-98E475338EFC}.Release|ARM64.Build.0 = Release|Any CPU
		{D0618335-D56C-419D-B9FA-98E475338EFC}.Release|iPhone.ActiveCfg = Release|Any CPU
		{D0618335-D56C-419D-B9FA-98E475338EFC}.Release|iPhone.Build.0 = Release|Any CPU
		{D0618335-D56C-419D-B9FA-98E475338EFC}.Release|iPhoneSimulator.ActiveCfg = Release|Any CPU
		{D0618335-D56C-419D-B9FA-98E475338EFC}.Release|iPhoneSimulator.Build.0 = Release|Any CPU
		{D0618335-D56C-419D-B9FA-98E475338EFC}.Release|x64.ActiveCfg = Release|Any CPU
		{D0618335-D56C-419D-B9FA-98E475338EFC}.Release|x64.Build.0 = Release|Any CPU
		{D0618335-D56C-419D-B9FA-98E475338EFC}.Release|x86.ActiveCfg = Release|Any CPU
		{D0618335-D56C-419D-B9FA-98E475338EFC}.Release|x86.Build.0 = Release|Any CPU
		{D0618335-D56C-419D-B9FA-98E475338EFC}.Travis|Any CPU.ActiveCfg = Release|Any CPU
		{D0618335-D56C-419D-B9FA-98E475338EFC}.Travis|Any CPU.Build.0 = Release|Any CPU
		{D0618335-D56C-419D-B9FA-98E475338EFC}.Travis|ARM.ActiveCfg = Release|Any CPU
		{D0618335-D56C-419D-B9FA-98E475338EFC}.Travis|ARM.Build.0 = Release|Any CPU
		{D0618335-D56C-419D-B9FA-98E475338EFC}.Travis|ARM64.ActiveCfg = Release|Any CPU
		{D0618335-D56C-419D-B9FA-98E475338EFC}.Travis|ARM64.Build.0 = Release|Any CPU
		{D0618335-D56C-419D-B9FA-98E475338EFC}.Travis|iPhone.ActiveCfg = Release|Any CPU
		{D0618335-D56C-419D-B9FA-98E475338EFC}.Travis|iPhone.Build.0 = Release|Any CPU
		{D0618335-D56C-419D-B9FA-98E475338EFC}.Travis|iPhoneSimulator.ActiveCfg = Release|Any CPU
		{D0618335-D56C-419D-B9FA-98E475338EFC}.Travis|iPhoneSimulator.Build.0 = Release|Any CPU
		{D0618335-D56C-419D-B9FA-98E475338EFC}.Travis|x64.ActiveCfg = Release|Any CPU
		{D0618335-D56C-419D-B9FA-98E475338EFC}.Travis|x64.Build.0 = Release|Any CPU
		{D0618335-D56C-419D-B9FA-98E475338EFC}.Travis|x86.ActiveCfg = Release|Any CPU
		{D0618335-D56C-419D-B9FA-98E475338EFC}.Travis|x86.Build.0 = Release|Any CPU
		{B1FAD5F0-4361-4D32-84AB-A809F121F50C}.Ad-Hoc|Any CPU.ActiveCfg = Debug|Any CPU
		{B1FAD5F0-4361-4D32-84AB-A809F121F50C}.Ad-Hoc|Any CPU.Build.0 = Debug|Any CPU
		{B1FAD5F0-4361-4D32-84AB-A809F121F50C}.Ad-Hoc|ARM.ActiveCfg = Debug|Any CPU
		{B1FAD5F0-4361-4D32-84AB-A809F121F50C}.Ad-Hoc|ARM.Build.0 = Debug|Any CPU
		{B1FAD5F0-4361-4D32-84AB-A809F121F50C}.Ad-Hoc|ARM64.ActiveCfg = Debug|Any CPU
		{B1FAD5F0-4361-4D32-84AB-A809F121F50C}.Ad-Hoc|ARM64.Build.0 = Debug|Any CPU
		{B1FAD5F0-4361-4D32-84AB-A809F121F50C}.Ad-Hoc|iPhone.ActiveCfg = Debug|Any CPU
		{B1FAD5F0-4361-4D32-84AB-A809F121F50C}.Ad-Hoc|iPhone.Build.0 = Debug|Any CPU
		{B1FAD5F0-4361-4D32-84AB-A809F121F50C}.Ad-Hoc|iPhoneSimulator.ActiveCfg = Debug|Any CPU
		{B1FAD5F0-4361-4D32-84AB-A809F121F50C}.Ad-Hoc|iPhoneSimulator.Build.0 = Debug|Any CPU
		{B1FAD5F0-4361-4D32-84AB-A809F121F50C}.Ad-Hoc|x64.ActiveCfg = Debug|Any CPU
		{B1FAD5F0-4361-4D32-84AB-A809F121F50C}.Ad-Hoc|x64.Build.0 = Debug|Any CPU
		{B1FAD5F0-4361-4D32-84AB-A809F121F50C}.Ad-Hoc|x86.ActiveCfg = Debug|Any CPU
		{B1FAD5F0-4361-4D32-84AB-A809F121F50C}.Ad-Hoc|x86.Build.0 = Debug|Any CPU
		{B1FAD5F0-4361-4D32-84AB-A809F121F50C}.AppStore|Any CPU.ActiveCfg = Debug|Any CPU
		{B1FAD5F0-4361-4D32-84AB-A809F121F50C}.AppStore|Any CPU.Build.0 = Debug|Any CPU
		{B1FAD5F0-4361-4D32-84AB-A809F121F50C}.AppStore|ARM.ActiveCfg = Debug|Any CPU
		{B1FAD5F0-4361-4D32-84AB-A809F121F50C}.AppStore|ARM.Build.0 = Debug|Any CPU
		{B1FAD5F0-4361-4D32-84AB-A809F121F50C}.AppStore|ARM64.ActiveCfg = Debug|Any CPU
		{B1FAD5F0-4361-4D32-84AB-A809F121F50C}.AppStore|ARM64.Build.0 = Debug|Any CPU
		{B1FAD5F0-4361-4D32-84AB-A809F121F50C}.AppStore|iPhone.ActiveCfg = Debug|Any CPU
		{B1FAD5F0-4361-4D32-84AB-A809F121F50C}.AppStore|iPhone.Build.0 = Debug|Any CPU
		{B1FAD5F0-4361-4D32-84AB-A809F121F50C}.AppStore|iPhoneSimulator.ActiveCfg = Debug|Any CPU
		{B1FAD5F0-4361-4D32-84AB-A809F121F50C}.AppStore|iPhoneSimulator.Build.0 = Debug|Any CPU
		{B1FAD5F0-4361-4D32-84AB-A809F121F50C}.AppStore|x64.ActiveCfg = Debug|Any CPU
		{B1FAD5F0-4361-4D32-84AB-A809F121F50C}.AppStore|x64.Build.0 = Debug|Any CPU
		{B1FAD5F0-4361-4D32-84AB-A809F121F50C}.AppStore|x86.ActiveCfg = Debug|Any CPU
		{B1FAD5F0-4361-4D32-84AB-A809F121F50C}.AppStore|x86.Build.0 = Debug|Any CPU
		{B1FAD5F0-4361-4D32-84AB-A809F121F50C}.Debug|Any CPU.ActiveCfg = Debug|Any CPU
		{B1FAD5F0-4361-4D32-84AB-A809F121F50C}.Debug|Any CPU.Build.0 = Debug|Any CPU
		{B1FAD5F0-4361-4D32-84AB-A809F121F50C}.Debug|ARM.ActiveCfg = Debug|Any CPU
		{B1FAD5F0-4361-4D32-84AB-A809F121F50C}.Debug|ARM.Build.0 = Debug|Any CPU
		{B1FAD5F0-4361-4D32-84AB-A809F121F50C}.Debug|ARM64.ActiveCfg = Debug|Any CPU
		{B1FAD5F0-4361-4D32-84AB-A809F121F50C}.Debug|ARM64.Build.0 = Debug|Any CPU
		{B1FAD5F0-4361-4D32-84AB-A809F121F50C}.Debug|iPhone.ActiveCfg = Debug|Any CPU
		{B1FAD5F0-4361-4D32-84AB-A809F121F50C}.Debug|iPhone.Build.0 = Debug|Any CPU
		{B1FAD5F0-4361-4D32-84AB-A809F121F50C}.Debug|iPhoneSimulator.ActiveCfg = Debug|Any CPU
		{B1FAD5F0-4361-4D32-84AB-A809F121F50C}.Debug|iPhoneSimulator.Build.0 = Debug|Any CPU
		{B1FAD5F0-4361-4D32-84AB-A809F121F50C}.Debug|x64.ActiveCfg = Debug|Any CPU
		{B1FAD5F0-4361-4D32-84AB-A809F121F50C}.Debug|x64.Build.0 = Debug|Any CPU
		{B1FAD5F0-4361-4D32-84AB-A809F121F50C}.Debug|x86.ActiveCfg = Debug|Any CPU
		{B1FAD5F0-4361-4D32-84AB-A809F121F50C}.Debug|x86.Build.0 = Debug|Any CPU
		{B1FAD5F0-4361-4D32-84AB-A809F121F50C}.Release|Any CPU.ActiveCfg = Release|Any CPU
		{B1FAD5F0-4361-4D32-84AB-A809F121F50C}.Release|Any CPU.Build.0 = Release|Any CPU
		{B1FAD5F0-4361-4D32-84AB-A809F121F50C}.Release|ARM.ActiveCfg = Release|Any CPU
		{B1FAD5F0-4361-4D32-84AB-A809F121F50C}.Release|ARM.Build.0 = Release|Any CPU
		{B1FAD5F0-4361-4D32-84AB-A809F121F50C}.Release|ARM64.ActiveCfg = Release|Any CPU
		{B1FAD5F0-4361-4D32-84AB-A809F121F50C}.Release|ARM64.Build.0 = Release|Any CPU
		{B1FAD5F0-4361-4D32-84AB-A809F121F50C}.Release|iPhone.ActiveCfg = Release|Any CPU
		{B1FAD5F0-4361-4D32-84AB-A809F121F50C}.Release|iPhone.Build.0 = Release|Any CPU
		{B1FAD5F0-4361-4D32-84AB-A809F121F50C}.Release|iPhoneSimulator.ActiveCfg = Release|Any CPU
		{B1FAD5F0-4361-4D32-84AB-A809F121F50C}.Release|iPhoneSimulator.Build.0 = Release|Any CPU
		{B1FAD5F0-4361-4D32-84AB-A809F121F50C}.Release|x64.ActiveCfg = Release|Any CPU
		{B1FAD5F0-4361-4D32-84AB-A809F121F50C}.Release|x64.Build.0 = Release|Any CPU
		{B1FAD5F0-4361-4D32-84AB-A809F121F50C}.Release|x86.ActiveCfg = Release|Any CPU
		{B1FAD5F0-4361-4D32-84AB-A809F121F50C}.Release|x86.Build.0 = Release|Any CPU
		{B1FAD5F0-4361-4D32-84AB-A809F121F50C}.Travis|Any CPU.ActiveCfg = Debug|Any CPU
		{B1FAD5F0-4361-4D32-84AB-A809F121F50C}.Travis|Any CPU.Build.0 = Debug|Any CPU
		{B1FAD5F0-4361-4D32-84AB-A809F121F50C}.Travis|ARM.ActiveCfg = Debug|Any CPU
		{B1FAD5F0-4361-4D32-84AB-A809F121F50C}.Travis|ARM.Build.0 = Debug|Any CPU
		{B1FAD5F0-4361-4D32-84AB-A809F121F50C}.Travis|ARM64.ActiveCfg = Debug|Any CPU
		{B1FAD5F0-4361-4D32-84AB-A809F121F50C}.Travis|ARM64.Build.0 = Debug|Any CPU
		{B1FAD5F0-4361-4D32-84AB-A809F121F50C}.Travis|iPhone.ActiveCfg = Debug|Any CPU
		{B1FAD5F0-4361-4D32-84AB-A809F121F50C}.Travis|iPhone.Build.0 = Debug|Any CPU
		{B1FAD5F0-4361-4D32-84AB-A809F121F50C}.Travis|iPhoneSimulator.ActiveCfg = Debug|Any CPU
		{B1FAD5F0-4361-4D32-84AB-A809F121F50C}.Travis|iPhoneSimulator.Build.0 = Debug|Any CPU
		{B1FAD5F0-4361-4D32-84AB-A809F121F50C}.Travis|x64.ActiveCfg = Debug|Any CPU
		{B1FAD5F0-4361-4D32-84AB-A809F121F50C}.Travis|x64.Build.0 = Debug|Any CPU
		{B1FAD5F0-4361-4D32-84AB-A809F121F50C}.Travis|x86.ActiveCfg = Debug|Any CPU
		{B1FAD5F0-4361-4D32-84AB-A809F121F50C}.Travis|x86.Build.0 = Debug|Any CPU
		{5F63CA91-0F29-4EB3-8954-E649A457ACB2}.Ad-Hoc|Any CPU.ActiveCfg = Debug|Any CPU
		{5F63CA91-0F29-4EB3-8954-E649A457ACB2}.Ad-Hoc|Any CPU.Build.0 = Debug|Any CPU
		{5F63CA91-0F29-4EB3-8954-E649A457ACB2}.Ad-Hoc|ARM.ActiveCfg = Debug|Any CPU
		{5F63CA91-0F29-4EB3-8954-E649A457ACB2}.Ad-Hoc|ARM.Build.0 = Debug|Any CPU
		{5F63CA91-0F29-4EB3-8954-E649A457ACB2}.Ad-Hoc|ARM64.ActiveCfg = Debug|Any CPU
		{5F63CA91-0F29-4EB3-8954-E649A457ACB2}.Ad-Hoc|ARM64.Build.0 = Debug|Any CPU
		{5F63CA91-0F29-4EB3-8954-E649A457ACB2}.Ad-Hoc|iPhone.ActiveCfg = Debug|Any CPU
		{5F63CA91-0F29-4EB3-8954-E649A457ACB2}.Ad-Hoc|iPhone.Build.0 = Debug|Any CPU
		{5F63CA91-0F29-4EB3-8954-E649A457ACB2}.Ad-Hoc|iPhoneSimulator.ActiveCfg = Debug|Any CPU
		{5F63CA91-0F29-4EB3-8954-E649A457ACB2}.Ad-Hoc|iPhoneSimulator.Build.0 = Debug|Any CPU
		{5F63CA91-0F29-4EB3-8954-E649A457ACB2}.Ad-Hoc|x64.ActiveCfg = Debug|Any CPU
		{5F63CA91-0F29-4EB3-8954-E649A457ACB2}.Ad-Hoc|x64.Build.0 = Debug|Any CPU
		{5F63CA91-0F29-4EB3-8954-E649A457ACB2}.Ad-Hoc|x86.ActiveCfg = Debug|Any CPU
		{5F63CA91-0F29-4EB3-8954-E649A457ACB2}.Ad-Hoc|x86.Build.0 = Debug|Any CPU
		{5F63CA91-0F29-4EB3-8954-E649A457ACB2}.AppStore|Any CPU.ActiveCfg = Debug|Any CPU
		{5F63CA91-0F29-4EB3-8954-E649A457ACB2}.AppStore|Any CPU.Build.0 = Debug|Any CPU
		{5F63CA91-0F29-4EB3-8954-E649A457ACB2}.AppStore|ARM.ActiveCfg = Debug|Any CPU
		{5F63CA91-0F29-4EB3-8954-E649A457ACB2}.AppStore|ARM.Build.0 = Debug|Any CPU
		{5F63CA91-0F29-4EB3-8954-E649A457ACB2}.AppStore|ARM64.ActiveCfg = Debug|Any CPU
		{5F63CA91-0F29-4EB3-8954-E649A457ACB2}.AppStore|ARM64.Build.0 = Debug|Any CPU
		{5F63CA91-0F29-4EB3-8954-E649A457ACB2}.AppStore|iPhone.ActiveCfg = Debug|Any CPU
		{5F63CA91-0F29-4EB3-8954-E649A457ACB2}.AppStore|iPhone.Build.0 = Debug|Any CPU
		{5F63CA91-0F29-4EB3-8954-E649A457ACB2}.AppStore|iPhoneSimulator.ActiveCfg = Debug|Any CPU
		{5F63CA91-0F29-4EB3-8954-E649A457ACB2}.AppStore|iPhoneSimulator.Build.0 = Debug|Any CPU
		{5F63CA91-0F29-4EB3-8954-E649A457ACB2}.AppStore|x64.ActiveCfg = Debug|Any CPU
		{5F63CA91-0F29-4EB3-8954-E649A457ACB2}.AppStore|x64.Build.0 = Debug|Any CPU
		{5F63CA91-0F29-4EB3-8954-E649A457ACB2}.AppStore|x86.ActiveCfg = Debug|Any CPU
		{5F63CA91-0F29-4EB3-8954-E649A457ACB2}.AppStore|x86.Build.0 = Debug|Any CPU
		{5F63CA91-0F29-4EB3-8954-E649A457ACB2}.Debug|Any CPU.ActiveCfg = Debug|Any CPU
		{5F63CA91-0F29-4EB3-8954-E649A457ACB2}.Debug|Any CPU.Build.0 = Debug|Any CPU
		{5F63CA91-0F29-4EB3-8954-E649A457ACB2}.Debug|ARM.ActiveCfg = Debug|Any CPU
		{5F63CA91-0F29-4EB3-8954-E649A457ACB2}.Debug|ARM.Build.0 = Debug|Any CPU
		{5F63CA91-0F29-4EB3-8954-E649A457ACB2}.Debug|ARM64.ActiveCfg = Debug|Any CPU
		{5F63CA91-0F29-4EB3-8954-E649A457ACB2}.Debug|ARM64.Build.0 = Debug|Any CPU
		{5F63CA91-0F29-4EB3-8954-E649A457ACB2}.Debug|iPhone.ActiveCfg = Debug|Any CPU
		{5F63CA91-0F29-4EB3-8954-E649A457ACB2}.Debug|iPhone.Build.0 = Debug|Any CPU
		{5F63CA91-0F29-4EB3-8954-E649A457ACB2}.Debug|iPhoneSimulator.ActiveCfg = Debug|Any CPU
		{5F63CA91-0F29-4EB3-8954-E649A457ACB2}.Debug|iPhoneSimulator.Build.0 = Debug|Any CPU
		{5F63CA91-0F29-4EB3-8954-E649A457ACB2}.Debug|x64.ActiveCfg = Debug|Any CPU
		{5F63CA91-0F29-4EB3-8954-E649A457ACB2}.Debug|x64.Build.0 = Debug|Any CPU
		{5F63CA91-0F29-4EB3-8954-E649A457ACB2}.Debug|x86.ActiveCfg = Debug|Any CPU
		{5F63CA91-0F29-4EB3-8954-E649A457ACB2}.Debug|x86.Build.0 = Debug|Any CPU
		{5F63CA91-0F29-4EB3-8954-E649A457ACB2}.Release|Any CPU.ActiveCfg = Release|Any CPU
		{5F63CA91-0F29-4EB3-8954-E649A457ACB2}.Release|Any CPU.Build.0 = Release|Any CPU
		{5F63CA91-0F29-4EB3-8954-E649A457ACB2}.Release|ARM.ActiveCfg = Release|Any CPU
		{5F63CA91-0F29-4EB3-8954-E649A457ACB2}.Release|ARM.Build.0 = Release|Any CPU
		{5F63CA91-0F29-4EB3-8954-E649A457ACB2}.Release|ARM64.ActiveCfg = Release|Any CPU
		{5F63CA91-0F29-4EB3-8954-E649A457ACB2}.Release|ARM64.Build.0 = Release|Any CPU
		{5F63CA91-0F29-4EB3-8954-E649A457ACB2}.Release|iPhone.ActiveCfg = Release|Any CPU
		{5F63CA91-0F29-4EB3-8954-E649A457ACB2}.Release|iPhone.Build.0 = Release|Any CPU
		{5F63CA91-0F29-4EB3-8954-E649A457ACB2}.Release|iPhoneSimulator.ActiveCfg = Release|Any CPU
		{5F63CA91-0F29-4EB3-8954-E649A457ACB2}.Release|iPhoneSimulator.Build.0 = Release|Any CPU
		{5F63CA91-0F29-4EB3-8954-E649A457ACB2}.Release|x64.ActiveCfg = Release|Any CPU
		{5F63CA91-0F29-4EB3-8954-E649A457ACB2}.Release|x64.Build.0 = Release|Any CPU
		{5F63CA91-0F29-4EB3-8954-E649A457ACB2}.Release|x86.ActiveCfg = Release|Any CPU
		{5F63CA91-0F29-4EB3-8954-E649A457ACB2}.Release|x86.Build.0 = Release|Any CPU
		{5F63CA91-0F29-4EB3-8954-E649A457ACB2}.Travis|Any CPU.ActiveCfg = Debug|Any CPU
		{5F63CA91-0F29-4EB3-8954-E649A457ACB2}.Travis|Any CPU.Build.0 = Debug|Any CPU
		{5F63CA91-0F29-4EB3-8954-E649A457ACB2}.Travis|ARM.ActiveCfg = Debug|Any CPU
		{5F63CA91-0F29-4EB3-8954-E649A457ACB2}.Travis|ARM.Build.0 = Debug|Any CPU
		{5F63CA91-0F29-4EB3-8954-E649A457ACB2}.Travis|ARM64.ActiveCfg = Debug|Any CPU
		{5F63CA91-0F29-4EB3-8954-E649A457ACB2}.Travis|ARM64.Build.0 = Debug|Any CPU
		{5F63CA91-0F29-4EB3-8954-E649A457ACB2}.Travis|iPhone.ActiveCfg = Debug|Any CPU
		{5F63CA91-0F29-4EB3-8954-E649A457ACB2}.Travis|iPhone.Build.0 = Debug|Any CPU
		{5F63CA91-0F29-4EB3-8954-E649A457ACB2}.Travis|iPhoneSimulator.ActiveCfg = Debug|Any CPU
		{5F63CA91-0F29-4EB3-8954-E649A457ACB2}.Travis|iPhoneSimulator.Build.0 = Debug|Any CPU
		{5F63CA91-0F29-4EB3-8954-E649A457ACB2}.Travis|x64.ActiveCfg = Debug|Any CPU
		{5F63CA91-0F29-4EB3-8954-E649A457ACB2}.Travis|x64.Build.0 = Debug|Any CPU
		{5F63CA91-0F29-4EB3-8954-E649A457ACB2}.Travis|x86.ActiveCfg = Debug|Any CPU
		{5F63CA91-0F29-4EB3-8954-E649A457ACB2}.Travis|x86.Build.0 = Debug|Any CPU
		{D3792563-05EF-412A-8A84-0B11297E2104}.Ad-Hoc|Any CPU.ActiveCfg = Debug|Any CPU
		{D3792563-05EF-412A-8A84-0B11297E2104}.Ad-Hoc|Any CPU.Build.0 = Debug|Any CPU
		{D3792563-05EF-412A-8A84-0B11297E2104}.Ad-Hoc|ARM.ActiveCfg = Debug|Any CPU
		{D3792563-05EF-412A-8A84-0B11297E2104}.Ad-Hoc|ARM.Build.0 = Debug|Any CPU
		{D3792563-05EF-412A-8A84-0B11297E2104}.Ad-Hoc|ARM64.ActiveCfg = Debug|Any CPU
		{D3792563-05EF-412A-8A84-0B11297E2104}.Ad-Hoc|ARM64.Build.0 = Debug|Any CPU
		{D3792563-05EF-412A-8A84-0B11297E2104}.Ad-Hoc|iPhone.ActiveCfg = Debug|Any CPU
		{D3792563-05EF-412A-8A84-0B11297E2104}.Ad-Hoc|iPhone.Build.0 = Debug|Any CPU
		{D3792563-05EF-412A-8A84-0B11297E2104}.Ad-Hoc|iPhoneSimulator.ActiveCfg = Debug|Any CPU
		{D3792563-05EF-412A-8A84-0B11297E2104}.Ad-Hoc|iPhoneSimulator.Build.0 = Debug|Any CPU
		{D3792563-05EF-412A-8A84-0B11297E2104}.Ad-Hoc|x64.ActiveCfg = Debug|Any CPU
		{D3792563-05EF-412A-8A84-0B11297E2104}.Ad-Hoc|x64.Build.0 = Debug|Any CPU
		{D3792563-05EF-412A-8A84-0B11297E2104}.Ad-Hoc|x86.ActiveCfg = Debug|Any CPU
		{D3792563-05EF-412A-8A84-0B11297E2104}.Ad-Hoc|x86.Build.0 = Debug|Any CPU
		{D3792563-05EF-412A-8A84-0B11297E2104}.AppStore|Any CPU.ActiveCfg = Debug|Any CPU
		{D3792563-05EF-412A-8A84-0B11297E2104}.AppStore|Any CPU.Build.0 = Debug|Any CPU
		{D3792563-05EF-412A-8A84-0B11297E2104}.AppStore|ARM.ActiveCfg = Debug|Any CPU
		{D3792563-05EF-412A-8A84-0B11297E2104}.AppStore|ARM.Build.0 = Debug|Any CPU
		{D3792563-05EF-412A-8A84-0B11297E2104}.AppStore|ARM64.ActiveCfg = Debug|Any CPU
		{D3792563-05EF-412A-8A84-0B11297E2104}.AppStore|ARM64.Build.0 = Debug|Any CPU
		{D3792563-05EF-412A-8A84-0B11297E2104}.AppStore|iPhone.ActiveCfg = Debug|Any CPU
		{D3792563-05EF-412A-8A84-0B11297E2104}.AppStore|iPhone.Build.0 = Debug|Any CPU
		{D3792563-05EF-412A-8A84-0B11297E2104}.AppStore|iPhoneSimulator.ActiveCfg = Debug|Any CPU
		{D3792563-05EF-412A-8A84-0B11297E2104}.AppStore|iPhoneSimulator.Build.0 = Debug|Any CPU
		{D3792563-05EF-412A-8A84-0B11297E2104}.AppStore|x64.ActiveCfg = Debug|Any CPU
		{D3792563-05EF-412A-8A84-0B11297E2104}.AppStore|x64.Build.0 = Debug|Any CPU
		{D3792563-05EF-412A-8A84-0B11297E2104}.AppStore|x86.ActiveCfg = Debug|Any CPU
		{D3792563-05EF-412A-8A84-0B11297E2104}.AppStore|x86.Build.0 = Debug|Any CPU
		{D3792563-05EF-412A-8A84-0B11297E2104}.Debug|Any CPU.ActiveCfg = Debug|Any CPU
		{D3792563-05EF-412A-8A84-0B11297E2104}.Debug|Any CPU.Build.0 = Debug|Any CPU
		{D3792563-05EF-412A-8A84-0B11297E2104}.Debug|ARM.ActiveCfg = Debug|Any CPU
		{D3792563-05EF-412A-8A84-0B11297E2104}.Debug|ARM.Build.0 = Debug|Any CPU
		{D3792563-05EF-412A-8A84-0B11297E2104}.Debug|ARM64.ActiveCfg = Debug|Any CPU
		{D3792563-05EF-412A-8A84-0B11297E2104}.Debug|ARM64.Build.0 = Debug|Any CPU
		{D3792563-05EF-412A-8A84-0B11297E2104}.Debug|iPhone.ActiveCfg = Debug|Any CPU
		{D3792563-05EF-412A-8A84-0B11297E2104}.Debug|iPhone.Build.0 = Debug|Any CPU
		{D3792563-05EF-412A-8A84-0B11297E2104}.Debug|iPhoneSimulator.ActiveCfg = Debug|Any CPU
		{D3792563-05EF-412A-8A84-0B11297E2104}.Debug|iPhoneSimulator.Build.0 = Debug|Any CPU
		{D3792563-05EF-412A-8A84-0B11297E2104}.Debug|x64.ActiveCfg = Debug|Any CPU
		{D3792563-05EF-412A-8A84-0B11297E2104}.Debug|x64.Build.0 = Debug|Any CPU
		{D3792563-05EF-412A-8A84-0B11297E2104}.Debug|x86.ActiveCfg = Debug|Any CPU
		{D3792563-05EF-412A-8A84-0B11297E2104}.Debug|x86.Build.0 = Debug|Any CPU
		{D3792563-05EF-412A-8A84-0B11297E2104}.Release|Any CPU.ActiveCfg = Release|Any CPU
		{D3792563-05EF-412A-8A84-0B11297E2104}.Release|Any CPU.Build.0 = Release|Any CPU
		{D3792563-05EF-412A-8A84-0B11297E2104}.Release|ARM.ActiveCfg = Release|Any CPU
		{D3792563-05EF-412A-8A84-0B11297E2104}.Release|ARM.Build.0 = Release|Any CPU
		{D3792563-05EF-412A-8A84-0B11297E2104}.Release|ARM64.ActiveCfg = Release|Any CPU
		{D3792563-05EF-412A-8A84-0B11297E2104}.Release|ARM64.Build.0 = Release|Any CPU
		{D3792563-05EF-412A-8A84-0B11297E2104}.Release|iPhone.ActiveCfg = Release|Any CPU
		{D3792563-05EF-412A-8A84-0B11297E2104}.Release|iPhone.Build.0 = Release|Any CPU
		{D3792563-05EF-412A-8A84-0B11297E2104}.Release|iPhoneSimulator.ActiveCfg = Release|Any CPU
		{D3792563-05EF-412A-8A84-0B11297E2104}.Release|iPhoneSimulator.Build.0 = Release|Any CPU
		{D3792563-05EF-412A-8A84-0B11297E2104}.Release|x64.ActiveCfg = Release|Any CPU
		{D3792563-05EF-412A-8A84-0B11297E2104}.Release|x64.Build.0 = Release|Any CPU
		{D3792563-05EF-412A-8A84-0B11297E2104}.Release|x86.ActiveCfg = Release|Any CPU
		{D3792563-05EF-412A-8A84-0B11297E2104}.Release|x86.Build.0 = Release|Any CPU
		{D3792563-05EF-412A-8A84-0B11297E2104}.Travis|Any CPU.ActiveCfg = Debug|Any CPU
		{D3792563-05EF-412A-8A84-0B11297E2104}.Travis|Any CPU.Build.0 = Debug|Any CPU
		{D3792563-05EF-412A-8A84-0B11297E2104}.Travis|ARM.ActiveCfg = Debug|Any CPU
		{D3792563-05EF-412A-8A84-0B11297E2104}.Travis|ARM.Build.0 = Debug|Any CPU
		{D3792563-05EF-412A-8A84-0B11297E2104}.Travis|ARM64.ActiveCfg = Debug|Any CPU
		{D3792563-05EF-412A-8A84-0B11297E2104}.Travis|ARM64.Build.0 = Debug|Any CPU
		{D3792563-05EF-412A-8A84-0B11297E2104}.Travis|iPhone.ActiveCfg = Debug|Any CPU
		{D3792563-05EF-412A-8A84-0B11297E2104}.Travis|iPhone.Build.0 = Debug|Any CPU
		{D3792563-05EF-412A-8A84-0B11297E2104}.Travis|iPhoneSimulator.ActiveCfg = Debug|Any CPU
		{D3792563-05EF-412A-8A84-0B11297E2104}.Travis|iPhoneSimulator.Build.0 = Debug|Any CPU
		{D3792563-05EF-412A-8A84-0B11297E2104}.Travis|x64.ActiveCfg = Debug|Any CPU
		{D3792563-05EF-412A-8A84-0B11297E2104}.Travis|x64.Build.0 = Debug|Any CPU
		{D3792563-05EF-412A-8A84-0B11297E2104}.Travis|x86.ActiveCfg = Debug|Any CPU
		{D3792563-05EF-412A-8A84-0B11297E2104}.Travis|x86.Build.0 = Debug|Any CPU
		{892F59A6-D988-4E50-A8B6-B5BEB501D1D1}.Ad-Hoc|Any CPU.ActiveCfg = Debug|Any CPU
		{892F59A6-D988-4E50-A8B6-B5BEB501D1D1}.Ad-Hoc|Any CPU.Build.0 = Debug|Any CPU
		{892F59A6-D988-4E50-A8B6-B5BEB501D1D1}.Ad-Hoc|ARM.ActiveCfg = Debug|Any CPU
		{892F59A6-D988-4E50-A8B6-B5BEB501D1D1}.Ad-Hoc|ARM.Build.0 = Debug|Any CPU
		{892F59A6-D988-4E50-A8B6-B5BEB501D1D1}.Ad-Hoc|ARM64.ActiveCfg = Debug|Any CPU
		{892F59A6-D988-4E50-A8B6-B5BEB501D1D1}.Ad-Hoc|ARM64.Build.0 = Debug|Any CPU
		{892F59A6-D988-4E50-A8B6-B5BEB501D1D1}.Ad-Hoc|iPhone.ActiveCfg = Debug|Any CPU
		{892F59A6-D988-4E50-A8B6-B5BEB501D1D1}.Ad-Hoc|iPhone.Build.0 = Debug|Any CPU
		{892F59A6-D988-4E50-A8B6-B5BEB501D1D1}.Ad-Hoc|iPhoneSimulator.ActiveCfg = Debug|Any CPU
		{892F59A6-D988-4E50-A8B6-B5BEB501D1D1}.Ad-Hoc|iPhoneSimulator.Build.0 = Debug|Any CPU
		{892F59A6-D988-4E50-A8B6-B5BEB501D1D1}.Ad-Hoc|x64.ActiveCfg = Debug|Any CPU
		{892F59A6-D988-4E50-A8B6-B5BEB501D1D1}.Ad-Hoc|x64.Build.0 = Debug|Any CPU
		{892F59A6-D988-4E50-A8B6-B5BEB501D1D1}.Ad-Hoc|x86.ActiveCfg = Debug|Any CPU
		{892F59A6-D988-4E50-A8B6-B5BEB501D1D1}.Ad-Hoc|x86.Build.0 = Debug|Any CPU
		{892F59A6-D988-4E50-A8B6-B5BEB501D1D1}.AppStore|Any CPU.ActiveCfg = Debug|Any CPU
		{892F59A6-D988-4E50-A8B6-B5BEB501D1D1}.AppStore|Any CPU.Build.0 = Debug|Any CPU
		{892F59A6-D988-4E50-A8B6-B5BEB501D1D1}.AppStore|ARM.ActiveCfg = Debug|Any CPU
		{892F59A6-D988-4E50-A8B6-B5BEB501D1D1}.AppStore|ARM.Build.0 = Debug|Any CPU
		{892F59A6-D988-4E50-A8B6-B5BEB501D1D1}.AppStore|ARM64.ActiveCfg = Debug|Any CPU
		{892F59A6-D988-4E50-A8B6-B5BEB501D1D1}.AppStore|ARM64.Build.0 = Debug|Any CPU
		{892F59A6-D988-4E50-A8B6-B5BEB501D1D1}.AppStore|iPhone.ActiveCfg = Debug|Any CPU
		{892F59A6-D988-4E50-A8B6-B5BEB501D1D1}.AppStore|iPhone.Build.0 = Debug|Any CPU
		{892F59A6-D988-4E50-A8B6-B5BEB501D1D1}.AppStore|iPhoneSimulator.ActiveCfg = Debug|Any CPU
		{892F59A6-D988-4E50-A8B6-B5BEB501D1D1}.AppStore|iPhoneSimulator.Build.0 = Debug|Any CPU
		{892F59A6-D988-4E50-A8B6-B5BEB501D1D1}.AppStore|x64.ActiveCfg = Debug|Any CPU
		{892F59A6-D988-4E50-A8B6-B5BEB501D1D1}.AppStore|x64.Build.0 = Debug|Any CPU
		{892F59A6-D988-4E50-A8B6-B5BEB501D1D1}.AppStore|x86.ActiveCfg = Debug|Any CPU
		{892F59A6-D988-4E50-A8B6-B5BEB501D1D1}.AppStore|x86.Build.0 = Debug|Any CPU
		{892F59A6-D988-4E50-A8B6-B5BEB501D1D1}.Debug|Any CPU.ActiveCfg = Debug|Any CPU
		{892F59A6-D988-4E50-A8B6-B5BEB501D1D1}.Debug|Any CPU.Build.0 = Debug|Any CPU
		{892F59A6-D988-4E50-A8B6-B5BEB501D1D1}.Debug|ARM.ActiveCfg = Debug|Any CPU
		{892F59A6-D988-4E50-A8B6-B5BEB501D1D1}.Debug|ARM.Build.0 = Debug|Any CPU
		{892F59A6-D988-4E50-A8B6-B5BEB501D1D1}.Debug|ARM64.ActiveCfg = Debug|Any CPU
		{892F59A6-D988-4E50-A8B6-B5BEB501D1D1}.Debug|ARM64.Build.0 = Debug|Any CPU
		{892F59A6-D988-4E50-A8B6-B5BEB501D1D1}.Debug|iPhone.ActiveCfg = Debug|Any CPU
		{892F59A6-D988-4E50-A8B6-B5BEB501D1D1}.Debug|iPhone.Build.0 = Debug|Any CPU
		{892F59A6-D988-4E50-A8B6-B5BEB501D1D1}.Debug|iPhoneSimulator.ActiveCfg = Debug|Any CPU
		{892F59A6-D988-4E50-A8B6-B5BEB501D1D1}.Debug|iPhoneSimulator.Build.0 = Debug|Any CPU
		{892F59A6-D988-4E50-A8B6-B5BEB501D1D1}.Debug|x64.ActiveCfg = Debug|Any CPU
		{892F59A6-D988-4E50-A8B6-B5BEB501D1D1}.Debug|x64.Build.0 = Debug|Any CPU
		{892F59A6-D988-4E50-A8B6-B5BEB501D1D1}.Debug|x86.ActiveCfg = Debug|Any CPU
		{892F59A6-D988-4E50-A8B6-B5BEB501D1D1}.Debug|x86.Build.0 = Debug|Any CPU
		{892F59A6-D988-4E50-A8B6-B5BEB501D1D1}.Release|Any CPU.ActiveCfg = Release|Any CPU
		{892F59A6-D988-4E50-A8B6-B5BEB501D1D1}.Release|Any CPU.Build.0 = Release|Any CPU
		{892F59A6-D988-4E50-A8B6-B5BEB501D1D1}.Release|ARM.ActiveCfg = Release|Any CPU
		{892F59A6-D988-4E50-A8B6-B5BEB501D1D1}.Release|ARM.Build.0 = Release|Any CPU
		{892F59A6-D988-4E50-A8B6-B5BEB501D1D1}.Release|ARM64.ActiveCfg = Release|Any CPU
		{892F59A6-D988-4E50-A8B6-B5BEB501D1D1}.Release|ARM64.Build.0 = Release|Any CPU
		{892F59A6-D988-4E50-A8B6-B5BEB501D1D1}.Release|iPhone.ActiveCfg = Release|Any CPU
		{892F59A6-D988-4E50-A8B6-B5BEB501D1D1}.Release|iPhone.Build.0 = Release|Any CPU
		{892F59A6-D988-4E50-A8B6-B5BEB501D1D1}.Release|iPhoneSimulator.ActiveCfg = Release|Any CPU
		{892F59A6-D988-4E50-A8B6-B5BEB501D1D1}.Release|iPhoneSimulator.Build.0 = Release|Any CPU
		{892F59A6-D988-4E50-A8B6-B5BEB501D1D1}.Release|x64.ActiveCfg = Release|Any CPU
		{892F59A6-D988-4E50-A8B6-B5BEB501D1D1}.Release|x64.Build.0 = Release|Any CPU
		{892F59A6-D988-4E50-A8B6-B5BEB501D1D1}.Release|x86.ActiveCfg = Release|Any CPU
		{892F59A6-D988-4E50-A8B6-B5BEB501D1D1}.Release|x86.Build.0 = Release|Any CPU
		{892F59A6-D988-4E50-A8B6-B5BEB501D1D1}.Travis|Any CPU.ActiveCfg = Debug|Any CPU
		{892F59A6-D988-4E50-A8B6-B5BEB501D1D1}.Travis|Any CPU.Build.0 = Debug|Any CPU
		{892F59A6-D988-4E50-A8B6-B5BEB501D1D1}.Travis|ARM.ActiveCfg = Debug|Any CPU
		{892F59A6-D988-4E50-A8B6-B5BEB501D1D1}.Travis|ARM.Build.0 = Debug|Any CPU
		{892F59A6-D988-4E50-A8B6-B5BEB501D1D1}.Travis|ARM64.ActiveCfg = Debug|Any CPU
		{892F59A6-D988-4E50-A8B6-B5BEB501D1D1}.Travis|ARM64.Build.0 = Debug|Any CPU
		{892F59A6-D988-4E50-A8B6-B5BEB501D1D1}.Travis|iPhone.ActiveCfg = Debug|Any CPU
		{892F59A6-D988-4E50-A8B6-B5BEB501D1D1}.Travis|iPhone.Build.0 = Debug|Any CPU
		{892F59A6-D988-4E50-A8B6-B5BEB501D1D1}.Travis|iPhoneSimulator.ActiveCfg = Debug|Any CPU
		{892F59A6-D988-4E50-A8B6-B5BEB501D1D1}.Travis|iPhoneSimulator.Build.0 = Debug|Any CPU
		{892F59A6-D988-4E50-A8B6-B5BEB501D1D1}.Travis|x64.ActiveCfg = Debug|Any CPU
		{892F59A6-D988-4E50-A8B6-B5BEB501D1D1}.Travis|x64.Build.0 = Debug|Any CPU
		{892F59A6-D988-4E50-A8B6-B5BEB501D1D1}.Travis|x86.ActiveCfg = Debug|Any CPU
		{892F59A6-D988-4E50-A8B6-B5BEB501D1D1}.Travis|x86.Build.0 = Debug|Any CPU
		{063715B5-1765-4269-8FB0-699FADC840E1}.Ad-Hoc|Any CPU.ActiveCfg = Debug|Any CPU
		{063715B5-1765-4269-8FB0-699FADC840E1}.Ad-Hoc|Any CPU.Build.0 = Debug|Any CPU
		{063715B5-1765-4269-8FB0-699FADC840E1}.Ad-Hoc|ARM.ActiveCfg = Debug|Any CPU
		{063715B5-1765-4269-8FB0-699FADC840E1}.Ad-Hoc|ARM.Build.0 = Debug|Any CPU
		{063715B5-1765-4269-8FB0-699FADC840E1}.Ad-Hoc|ARM64.ActiveCfg = Debug|Any CPU
		{063715B5-1765-4269-8FB0-699FADC840E1}.Ad-Hoc|ARM64.Build.0 = Debug|Any CPU
		{063715B5-1765-4269-8FB0-699FADC840E1}.Ad-Hoc|iPhone.ActiveCfg = Debug|Any CPU
		{063715B5-1765-4269-8FB0-699FADC840E1}.Ad-Hoc|iPhone.Build.0 = Debug|Any CPU
		{063715B5-1765-4269-8FB0-699FADC840E1}.Ad-Hoc|iPhoneSimulator.ActiveCfg = Debug|Any CPU
		{063715B5-1765-4269-8FB0-699FADC840E1}.Ad-Hoc|iPhoneSimulator.Build.0 = Debug|Any CPU
		{063715B5-1765-4269-8FB0-699FADC840E1}.Ad-Hoc|x64.ActiveCfg = Debug|Any CPU
		{063715B5-1765-4269-8FB0-699FADC840E1}.Ad-Hoc|x64.Build.0 = Debug|Any CPU
		{063715B5-1765-4269-8FB0-699FADC840E1}.Ad-Hoc|x86.ActiveCfg = Debug|Any CPU
		{063715B5-1765-4269-8FB0-699FADC840E1}.Ad-Hoc|x86.Build.0 = Debug|Any CPU
		{063715B5-1765-4269-8FB0-699FADC840E1}.AppStore|Any CPU.ActiveCfg = Debug|Any CPU
		{063715B5-1765-4269-8FB0-699FADC840E1}.AppStore|Any CPU.Build.0 = Debug|Any CPU
		{063715B5-1765-4269-8FB0-699FADC840E1}.AppStore|ARM.ActiveCfg = Debug|Any CPU
		{063715B5-1765-4269-8FB0-699FADC840E1}.AppStore|ARM.Build.0 = Debug|Any CPU
		{063715B5-1765-4269-8FB0-699FADC840E1}.AppStore|ARM64.ActiveCfg = Debug|Any CPU
		{063715B5-1765-4269-8FB0-699FADC840E1}.AppStore|ARM64.Build.0 = Debug|Any CPU
		{063715B5-1765-4269-8FB0-699FADC840E1}.AppStore|iPhone.ActiveCfg = Debug|Any CPU
		{063715B5-1765-4269-8FB0-699FADC840E1}.AppStore|iPhone.Build.0 = Debug|Any CPU
		{063715B5-1765-4269-8FB0-699FADC840E1}.AppStore|iPhoneSimulator.ActiveCfg = Debug|Any CPU
		{063715B5-1765-4269-8FB0-699FADC840E1}.AppStore|iPhoneSimulator.Build.0 = Debug|Any CPU
		{063715B5-1765-4269-8FB0-699FADC840E1}.AppStore|x64.ActiveCfg = Debug|Any CPU
		{063715B5-1765-4269-8FB0-699FADC840E1}.AppStore|x64.Build.0 = Debug|Any CPU
		{063715B5-1765-4269-8FB0-699FADC840E1}.AppStore|x86.ActiveCfg = Debug|Any CPU
		{063715B5-1765-4269-8FB0-699FADC840E1}.AppStore|x86.Build.0 = Debug|Any CPU
		{063715B5-1765-4269-8FB0-699FADC840E1}.Debug|Any CPU.ActiveCfg = Debug|Any CPU
		{063715B5-1765-4269-8FB0-699FADC840E1}.Debug|Any CPU.Build.0 = Debug|Any CPU
		{063715B5-1765-4269-8FB0-699FADC840E1}.Debug|ARM.ActiveCfg = Debug|Any CPU
		{063715B5-1765-4269-8FB0-699FADC840E1}.Debug|ARM.Build.0 = Debug|Any CPU
		{063715B5-1765-4269-8FB0-699FADC840E1}.Debug|ARM64.ActiveCfg = Debug|Any CPU
		{063715B5-1765-4269-8FB0-699FADC840E1}.Debug|ARM64.Build.0 = Debug|Any CPU
		{063715B5-1765-4269-8FB0-699FADC840E1}.Debug|iPhone.ActiveCfg = Debug|Any CPU
		{063715B5-1765-4269-8FB0-699FADC840E1}.Debug|iPhone.Build.0 = Debug|Any CPU
		{063715B5-1765-4269-8FB0-699FADC840E1}.Debug|iPhoneSimulator.ActiveCfg = Debug|Any CPU
		{063715B5-1765-4269-8FB0-699FADC840E1}.Debug|iPhoneSimulator.Build.0 = Debug|Any CPU
		{063715B5-1765-4269-8FB0-699FADC840E1}.Debug|x64.ActiveCfg = Debug|Any CPU
		{063715B5-1765-4269-8FB0-699FADC840E1}.Debug|x64.Build.0 = Debug|Any CPU
		{063715B5-1765-4269-8FB0-699FADC840E1}.Debug|x86.ActiveCfg = Debug|Any CPU
		{063715B5-1765-4269-8FB0-699FADC840E1}.Debug|x86.Build.0 = Debug|Any CPU
		{063715B5-1765-4269-8FB0-699FADC840E1}.Release|Any CPU.ActiveCfg = Release|Any CPU
		{063715B5-1765-4269-8FB0-699FADC840E1}.Release|Any CPU.Build.0 = Release|Any CPU
		{063715B5-1765-4269-8FB0-699FADC840E1}.Release|ARM.ActiveCfg = Release|Any CPU
		{063715B5-1765-4269-8FB0-699FADC840E1}.Release|ARM.Build.0 = Release|Any CPU
		{063715B5-1765-4269-8FB0-699FADC840E1}.Release|ARM64.ActiveCfg = Release|Any CPU
		{063715B5-1765-4269-8FB0-699FADC840E1}.Release|ARM64.Build.0 = Release|Any CPU
		{063715B5-1765-4269-8FB0-699FADC840E1}.Release|iPhone.ActiveCfg = Release|Any CPU
		{063715B5-1765-4269-8FB0-699FADC840E1}.Release|iPhone.Build.0 = Release|Any CPU
		{063715B5-1765-4269-8FB0-699FADC840E1}.Release|iPhoneSimulator.ActiveCfg = Release|Any CPU
		{063715B5-1765-4269-8FB0-699FADC840E1}.Release|iPhoneSimulator.Build.0 = Release|Any CPU
		{063715B5-1765-4269-8FB0-699FADC840E1}.Release|x64.ActiveCfg = Release|Any CPU
		{063715B5-1765-4269-8FB0-699FADC840E1}.Release|x64.Build.0 = Release|Any CPU
		{063715B5-1765-4269-8FB0-699FADC840E1}.Release|x86.ActiveCfg = Release|Any CPU
		{063715B5-1765-4269-8FB0-699FADC840E1}.Release|x86.Build.0 = Release|Any CPU
		{063715B5-1765-4269-8FB0-699FADC840E1}.Travis|Any CPU.ActiveCfg = Debug|Any CPU
		{063715B5-1765-4269-8FB0-699FADC840E1}.Travis|Any CPU.Build.0 = Debug|Any CPU
		{063715B5-1765-4269-8FB0-699FADC840E1}.Travis|ARM.ActiveCfg = Debug|Any CPU
		{063715B5-1765-4269-8FB0-699FADC840E1}.Travis|ARM.Build.0 = Debug|Any CPU
		{063715B5-1765-4269-8FB0-699FADC840E1}.Travis|ARM64.ActiveCfg = Debug|Any CPU
		{063715B5-1765-4269-8FB0-699FADC840E1}.Travis|ARM64.Build.0 = Debug|Any CPU
		{063715B5-1765-4269-8FB0-699FADC840E1}.Travis|iPhone.ActiveCfg = Debug|Any CPU
		{063715B5-1765-4269-8FB0-699FADC840E1}.Travis|iPhone.Build.0 = Debug|Any CPU
		{063715B5-1765-4269-8FB0-699FADC840E1}.Travis|iPhoneSimulator.ActiveCfg = Debug|Any CPU
		{063715B5-1765-4269-8FB0-699FADC840E1}.Travis|iPhoneSimulator.Build.0 = Debug|Any CPU
		{063715B5-1765-4269-8FB0-699FADC840E1}.Travis|x64.ActiveCfg = Debug|Any CPU
		{063715B5-1765-4269-8FB0-699FADC840E1}.Travis|x64.Build.0 = Debug|Any CPU
		{063715B5-1765-4269-8FB0-699FADC840E1}.Travis|x86.ActiveCfg = Debug|Any CPU
		{063715B5-1765-4269-8FB0-699FADC840E1}.Travis|x86.Build.0 = Debug|Any CPU
		{38B5B005-64C0-4BCE-A4B8-DF7B8358182F}.Ad-Hoc|Any CPU.ActiveCfg = Debug|Any CPU
		{38B5B005-64C0-4BCE-A4B8-DF7B8358182F}.Ad-Hoc|Any CPU.Build.0 = Debug|Any CPU
		{38B5B005-64C0-4BCE-A4B8-DF7B8358182F}.Ad-Hoc|ARM.ActiveCfg = Debug|Any CPU
		{38B5B005-64C0-4BCE-A4B8-DF7B8358182F}.Ad-Hoc|ARM.Build.0 = Debug|Any CPU
		{38B5B005-64C0-4BCE-A4B8-DF7B8358182F}.Ad-Hoc|ARM64.ActiveCfg = Debug|Any CPU
		{38B5B005-64C0-4BCE-A4B8-DF7B8358182F}.Ad-Hoc|ARM64.Build.0 = Debug|Any CPU
		{38B5B005-64C0-4BCE-A4B8-DF7B8358182F}.Ad-Hoc|iPhone.ActiveCfg = Debug|Any CPU
		{38B5B005-64C0-4BCE-A4B8-DF7B8358182F}.Ad-Hoc|iPhone.Build.0 = Debug|Any CPU
		{38B5B005-64C0-4BCE-A4B8-DF7B8358182F}.Ad-Hoc|iPhoneSimulator.ActiveCfg = Debug|Any CPU
		{38B5B005-64C0-4BCE-A4B8-DF7B8358182F}.Ad-Hoc|iPhoneSimulator.Build.0 = Debug|Any CPU
		{38B5B005-64C0-4BCE-A4B8-DF7B8358182F}.Ad-Hoc|x64.ActiveCfg = Debug|Any CPU
		{38B5B005-64C0-4BCE-A4B8-DF7B8358182F}.Ad-Hoc|x64.Build.0 = Debug|Any CPU
		{38B5B005-64C0-4BCE-A4B8-DF7B8358182F}.Ad-Hoc|x86.ActiveCfg = Debug|Any CPU
		{38B5B005-64C0-4BCE-A4B8-DF7B8358182F}.Ad-Hoc|x86.Build.0 = Debug|Any CPU
		{38B5B005-64C0-4BCE-A4B8-DF7B8358182F}.AppStore|Any CPU.ActiveCfg = Debug|Any CPU
		{38B5B005-64C0-4BCE-A4B8-DF7B8358182F}.AppStore|Any CPU.Build.0 = Debug|Any CPU
		{38B5B005-64C0-4BCE-A4B8-DF7B8358182F}.AppStore|ARM.ActiveCfg = Debug|Any CPU
		{38B5B005-64C0-4BCE-A4B8-DF7B8358182F}.AppStore|ARM.Build.0 = Debug|Any CPU
		{38B5B005-64C0-4BCE-A4B8-DF7B8358182F}.AppStore|ARM64.ActiveCfg = Debug|Any CPU
		{38B5B005-64C0-4BCE-A4B8-DF7B8358182F}.AppStore|ARM64.Build.0 = Debug|Any CPU
		{38B5B005-64C0-4BCE-A4B8-DF7B8358182F}.AppStore|iPhone.ActiveCfg = Debug|Any CPU
		{38B5B005-64C0-4BCE-A4B8-DF7B8358182F}.AppStore|iPhone.Build.0 = Debug|Any CPU
		{38B5B005-64C0-4BCE-A4B8-DF7B8358182F}.AppStore|iPhoneSimulator.ActiveCfg = Debug|Any CPU
		{38B5B005-64C0-4BCE-A4B8-DF7B8358182F}.AppStore|iPhoneSimulator.Build.0 = Debug|Any CPU
		{38B5B005-64C0-4BCE-A4B8-DF7B8358182F}.AppStore|x64.ActiveCfg = Debug|Any CPU
		{38B5B005-64C0-4BCE-A4B8-DF7B8358182F}.AppStore|x64.Build.0 = Debug|Any CPU
		{38B5B005-64C0-4BCE-A4B8-DF7B8358182F}.AppStore|x86.ActiveCfg = Debug|Any CPU
		{38B5B005-64C0-4BCE-A4B8-DF7B8358182F}.AppStore|x86.Build.0 = Debug|Any CPU
		{38B5B005-64C0-4BCE-A4B8-DF7B8358182F}.Debug|Any CPU.ActiveCfg = Debug|Any CPU
		{38B5B005-64C0-4BCE-A4B8-DF7B8358182F}.Debug|Any CPU.Build.0 = Debug|Any CPU
		{38B5B005-64C0-4BCE-A4B8-DF7B8358182F}.Debug|ARM.ActiveCfg = Debug|Any CPU
		{38B5B005-64C0-4BCE-A4B8-DF7B8358182F}.Debug|ARM.Build.0 = Debug|Any CPU
		{38B5B005-64C0-4BCE-A4B8-DF7B8358182F}.Debug|ARM64.ActiveCfg = Debug|Any CPU
		{38B5B005-64C0-4BCE-A4B8-DF7B8358182F}.Debug|ARM64.Build.0 = Debug|Any CPU
		{38B5B005-64C0-4BCE-A4B8-DF7B8358182F}.Debug|iPhone.ActiveCfg = Debug|Any CPU
		{38B5B005-64C0-4BCE-A4B8-DF7B8358182F}.Debug|iPhone.Build.0 = Debug|Any CPU
		{38B5B005-64C0-4BCE-A4B8-DF7B8358182F}.Debug|iPhoneSimulator.ActiveCfg = Debug|Any CPU
		{38B5B005-64C0-4BCE-A4B8-DF7B8358182F}.Debug|iPhoneSimulator.Build.0 = Debug|Any CPU
		{38B5B005-64C0-4BCE-A4B8-DF7B8358182F}.Debug|x64.ActiveCfg = Debug|Any CPU
		{38B5B005-64C0-4BCE-A4B8-DF7B8358182F}.Debug|x64.Build.0 = Debug|Any CPU
		{38B5B005-64C0-4BCE-A4B8-DF7B8358182F}.Debug|x86.ActiveCfg = Debug|Any CPU
		{38B5B005-64C0-4BCE-A4B8-DF7B8358182F}.Debug|x86.Build.0 = Debug|Any CPU
		{38B5B005-64C0-4BCE-A4B8-DF7B8358182F}.Release|Any CPU.ActiveCfg = Release|Any CPU
		{38B5B005-64C0-4BCE-A4B8-DF7B8358182F}.Release|Any CPU.Build.0 = Release|Any CPU
		{38B5B005-64C0-4BCE-A4B8-DF7B8358182F}.Release|ARM.ActiveCfg = Release|Any CPU
		{38B5B005-64C0-4BCE-A4B8-DF7B8358182F}.Release|ARM.Build.0 = Release|Any CPU
		{38B5B005-64C0-4BCE-A4B8-DF7B8358182F}.Release|ARM64.ActiveCfg = Release|Any CPU
		{38B5B005-64C0-4BCE-A4B8-DF7B8358182F}.Release|ARM64.Build.0 = Release|Any CPU
		{38B5B005-64C0-4BCE-A4B8-DF7B8358182F}.Release|iPhone.ActiveCfg = Release|Any CPU
		{38B5B005-64C0-4BCE-A4B8-DF7B8358182F}.Release|iPhone.Build.0 = Release|Any CPU
		{38B5B005-64C0-4BCE-A4B8-DF7B8358182F}.Release|iPhoneSimulator.ActiveCfg = Release|Any CPU
		{38B5B005-64C0-4BCE-A4B8-DF7B8358182F}.Release|iPhoneSimulator.Build.0 = Release|Any CPU
		{38B5B005-64C0-4BCE-A4B8-DF7B8358182F}.Release|x64.ActiveCfg = Release|Any CPU
		{38B5B005-64C0-4BCE-A4B8-DF7B8358182F}.Release|x64.Build.0 = Release|Any CPU
		{38B5B005-64C0-4BCE-A4B8-DF7B8358182F}.Release|x86.ActiveCfg = Release|Any CPU
		{38B5B005-64C0-4BCE-A4B8-DF7B8358182F}.Release|x86.Build.0 = Release|Any CPU
		{38B5B005-64C0-4BCE-A4B8-DF7B8358182F}.Travis|Any CPU.ActiveCfg = Debug|Any CPU
		{38B5B005-64C0-4BCE-A4B8-DF7B8358182F}.Travis|Any CPU.Build.0 = Debug|Any CPU
		{38B5B005-64C0-4BCE-A4B8-DF7B8358182F}.Travis|ARM.ActiveCfg = Debug|Any CPU
		{38B5B005-64C0-4BCE-A4B8-DF7B8358182F}.Travis|ARM.Build.0 = Debug|Any CPU
		{38B5B005-64C0-4BCE-A4B8-DF7B8358182F}.Travis|ARM64.ActiveCfg = Debug|Any CPU
		{38B5B005-64C0-4BCE-A4B8-DF7B8358182F}.Travis|ARM64.Build.0 = Debug|Any CPU
		{38B5B005-64C0-4BCE-A4B8-DF7B8358182F}.Travis|iPhone.ActiveCfg = Debug|Any CPU
		{38B5B005-64C0-4BCE-A4B8-DF7B8358182F}.Travis|iPhone.Build.0 = Debug|Any CPU
		{38B5B005-64C0-4BCE-A4B8-DF7B8358182F}.Travis|iPhoneSimulator.ActiveCfg = Debug|Any CPU
		{38B5B005-64C0-4BCE-A4B8-DF7B8358182F}.Travis|iPhoneSimulator.Build.0 = Debug|Any CPU
		{38B5B005-64C0-4BCE-A4B8-DF7B8358182F}.Travis|x64.ActiveCfg = Debug|Any CPU
		{38B5B005-64C0-4BCE-A4B8-DF7B8358182F}.Travis|x64.Build.0 = Debug|Any CPU
		{38B5B005-64C0-4BCE-A4B8-DF7B8358182F}.Travis|x86.ActiveCfg = Debug|Any CPU
		{38B5B005-64C0-4BCE-A4B8-DF7B8358182F}.Travis|x86.Build.0 = Debug|Any CPU
	EndGlobalSection
	GlobalSection(SolutionProperties) = preSolution
		HideSolutionNode = FALSE
	EndGlobalSection
	GlobalSection(NestedProjects) = preSolution
		{61E25943-3416-41AC-BC23-34E684953336} = {B451C352-BD7E-4122-AA44-753982A4E06B}
		{7ACFE9FE-4243-43C2-9DE2-2232B090274C} = {B9806E49-10D1-4C10-9752-6FF9DDD14766}
		{89AC1131-5215-4F43-B5AC-B4DFAE1366F6} = {B9806E49-10D1-4C10-9752-6FF9DDD14766}
		{11B32FA9-E6AF-4DCE-80CC-A022AFD8E075} = {B9806E49-10D1-4C10-9752-6FF9DDD14766}
		{BD87B98B-B958-43EC-B3BF-6058AFEDCDC6} = {D825BC4B-7DC6-4399-8573-C1741426B572}
		{184CD528-2959-4AA5-A691-0E161C04E9AD} = {D825BC4B-7DC6-4399-8573-C1741426B572}
		{D0618335-D56C-419D-B9FA-98E475338EFC} = {60348E72-3F09-4A59-8563-0F78F9350038}
		{B1FAD5F0-4361-4D32-84AB-A809F121F50C} = {1F480499-567B-4A14-A9F4-F67E5B017F5E}
		{5F63CA91-0F29-4EB3-8954-E649A457ACB2} = {1F480499-567B-4A14-A9F4-F67E5B017F5E}
		{D3792563-05EF-412A-8A84-0B11297E2104} = {61E25943-3416-41AC-BC23-34E684953336}
		{892F59A6-D988-4E50-A8B6-B5BEB501D1D1} = {61E25943-3416-41AC-BC23-34E684953336}
		{063715B5-1765-4269-8FB0-699FADC840E1} = {61E25943-3416-41AC-BC23-34E684953336}
		{2E82DB60-BA1E-402C-A4F8-56DA621B04E9} = {B451C352-BD7E-4122-AA44-753982A4E06B}
		{38B5B005-64C0-4BCE-A4B8-DF7B8358182F} = {61E25943-3416-41AC-BC23-34E684953336}
	EndGlobalSection
	GlobalSection(ExtensibilityGlobals) = postSolution
		SolutionGuid = {48425E8F-F5B5-47DB-A42B-29BD64798016}
	EndGlobalSection
EndGlobal
