
Microsoft Visual Studio Solution File, Format Version 12.00
# Visual Studio Version 16
VisualStudioVersion = 16.0.30204.135
MinimumVisualStudioVersion = 10.0.40219.1
Project("{2150E333-8FDC-42A3-9474-1A3956D46DE8}") = "UI", "UI", "{2714A88C-7628-4C7A-A5D3-837C900A8806}"
EndProject
Project("{2150E333-8FDC-42A3-9474-1A3956D46DE8}") = "Platform", "Platform", "{B9806E49-10D1-4C10-9752-6FF9DDD14766}"
EndProject
Project("{2150E333-8FDC-42A3-9474-1A3956D46DE8}") = "Cores", "Cores", "{60348E72-3F09-4A59-8563-0F78F9350038}"
EndProject
Project("{D954291E-2A0B-460D-934E-DC6B0785DB48}") = "Strix-Music.Shared", "src\UI\Strix-Music.Shared\Strix-Music.Shared.shproj", "{6279C845-92F8-4333-AB99-3D213163593C}"
EndProject
Project("{FAE04EC0-301F-11D3-BF4B-00C04F79EFBC}") = "Strix-Music.Droid", "src\Platforms\Strix-Music.Droid\Strix-Music.Droid.csproj", "{7ACFE9FE-4243-43C2-9DE2-2232B090274C}"
EndProject
Project("{FAE04EC0-301F-11D3-BF4B-00C04F79EFBC}") = "Strix-Music.iOS", "src\Platforms\Strix-Music.iOS\Strix-Music.iOS.csproj", "{422B2330-2238-4D9B-94F6-6AAEA2D17877}"
EndProject
Project("{FAE04EC0-301F-11D3-BF4B-00C04F79EFBC}") = "Strix-Music.macOS", "src\Platforms\Strix-Music.macOS\Strix-Music.macOS.csproj", "{2AEEE549-428A-4A06-B036-6D4CC539F863}"
EndProject
Project("{9A19103F-16F7-4668-BE54-9A1E7A4F7556}") = "Strix-Music.Wasm", "src\Platforms\Strix-Music.Wasm\Strix-Music.Wasm.csproj", "{73D134E2-4A55-46E2-9F05-95049A52AF79}"
EndProject
Project("{FAE04EC0-301F-11D3-BF4B-00C04F79EFBC}") = "Strix-Music.UWP", "src\Platforms\Strix-Music.UWP\Strix-Music.UWP.csproj", "{89AC1131-5215-4F43-B5AC-B4DFAE1366F6}"
EndProject
Project("{2150E333-8FDC-42A3-9474-1A3956D46DE8}") = "Styles", "Styles", "{61E25943-3416-41AC-BC23-34E684953336}"
EndProject
Project("{2150E333-8FDC-42A3-9474-1A3956D46DE8}") = "ViewModels", "ViewModels", "{1F480499-567B-4A14-A9F4-F67E5B017F5E}"
EndProject
Project("{2150E333-8FDC-42A3-9474-1A3956D46DE8}") = "Styles", "Styles", "{37320CFB-1D32-4133-B364-F89FED0F52A9}"
EndProject
Project("{2150E333-8FDC-42A3-9474-1A3956D46DE8}") = "Solution Items", "Solution Items", "{1096697A-79A8-4D67-8093-8F322AB244B3}"
	ProjectSection(SolutionItems) = preProject
		.editorconfig = .editorconfig
	EndProjectSection
EndProject
Project("{2150E333-8FDC-42A3-9474-1A3956D46DE8}") = "Libs", "Libs", "{71DCDF74-928A-4395-9327-D8FEB3180DCD}"
EndProject
Project("{9A19103F-16F7-4668-BE54-9A1E7A4F7556}") = "OwlCore", "src\OwlCore\OwlCore.csproj", "{6C80141D-7328-4EE1-8077-6F5EF7CDB2AC}"
EndProject
Project("{9A19103F-16F7-4668-BE54-9A1E7A4F7556}") = "Strix-Music.DefaultShell", "src\UI\Strix-Music.DefaultShell\Strix-Music.DefaultShell.csproj", "{73AE4E82-E513-4E1C-B771-429431D85982}"
EndProject
Project("{9A19103F-16F7-4668-BE54-9A1E7A4F7556}") = "CoreInterfaces", "src\Libs\CoreInterfaces\CoreInterfaces.csproj", "{A0D7A122-5DFD-4926-8BBF-58FA8039C517}"
EndProject
Project("{9A19103F-16F7-4668-BE54-9A1E7A4F7556}") = "Strix-Music.StrixShell", "src\UI\Styles\Strix-Music.StrixShell\Strix-Music.StrixShell.csproj", "{0A9DDDF4-43D4-452C-9818-AA43B8F38C38}"
EndProject
Global
	GlobalSection(SharedMSBuildProjectFiles) = preSolution
		src\UI\Strix-Music.Shared\Strix_Music.Shared.projitems*{422b2330-2238-4d9b-94f6-6aaea2d17877}*SharedItemsImports = 4
		src\UI\Strix-Music.Shared\Strix_Music.Shared.projitems*{6279c845-92f8-4333-ab99-3d213163593c}*SharedItemsImports = 13
		src\UI\Strix-Music.Shared\Strix_Music.Shared.projitems*{73d134e2-4a55-46e2-9f05-95049a52af79}*SharedItemsImports = 5
		src\UI\Strix-Music.Shared\Strix_Music.Shared.projitems*{7acfe9fe-4243-43c2-9de2-2232b090274c}*SharedItemsImports = 4
		src\UI\Strix-Music.Shared\Strix_Music.Shared.projitems*{89ac1131-5215-4f43-b5ac-b4dfae1366f6}*SharedItemsImports = 4
	EndGlobalSection
	GlobalSection(SolutionConfigurationPlatforms) = preSolution
		Ad-Hoc|Any CPU = Ad-Hoc|Any CPU
		Ad-Hoc|ARM = Ad-Hoc|ARM
		Ad-Hoc|ARM64 = Ad-Hoc|ARM64
		Ad-Hoc|iPhone = Ad-Hoc|iPhone
		Ad-Hoc|iPhoneSimulator = Ad-Hoc|iPhoneSimulator
		Ad-Hoc|x64 = Ad-Hoc|x64
		Ad-Hoc|x86 = Ad-Hoc|x86
		AppStore|Any CPU = AppStore|Any CPU
		AppStore|ARM = AppStore|ARM
		AppStore|ARM64 = AppStore|ARM64
		AppStore|iPhone = AppStore|iPhone
		AppStore|iPhoneSimulator = AppStore|iPhoneSimulator
		AppStore|x64 = AppStore|x64
		AppStore|x86 = AppStore|x86
		Debug|Any CPU = Debug|Any CPU
		Debug|ARM = Debug|ARM
		Debug|ARM64 = Debug|ARM64
		Debug|iPhone = Debug|iPhone
		Debug|iPhoneSimulator = Debug|iPhoneSimulator
		Debug|x64 = Debug|x64
		Debug|x86 = Debug|x86
		Release|Any CPU = Release|Any CPU
		Release|ARM = Release|ARM
		Release|ARM64 = Release|ARM64
		Release|iPhone = Release|iPhone
		Release|iPhoneSimulator = Release|iPhoneSimulator
		Release|x64 = Release|x64
		Release|x86 = Release|x86
	EndGlobalSection
	GlobalSection(ProjectConfigurationPlatforms) = postSolution
		{7ACFE9FE-4243-43C2-9DE2-2232B090274C}.Ad-Hoc|Any CPU.ActiveCfg = Release|Any CPU
		{7ACFE9FE-4243-43C2-9DE2-2232B090274C}.Ad-Hoc|Any CPU.Build.0 = Release|Any CPU
		{7ACFE9FE-4243-43C2-9DE2-2232B090274C}.Ad-Hoc|Any CPU.Deploy.0 = Release|Any CPU
		{7ACFE9FE-4243-43C2-9DE2-2232B090274C}.Ad-Hoc|ARM.ActiveCfg = Release|Any CPU
		{7ACFE9FE-4243-43C2-9DE2-2232B090274C}.Ad-Hoc|ARM.Build.0 = Release|Any CPU
		{7ACFE9FE-4243-43C2-9DE2-2232B090274C}.Ad-Hoc|ARM.Deploy.0 = Release|Any CPU
		{7ACFE9FE-4243-43C2-9DE2-2232B090274C}.Ad-Hoc|ARM64.ActiveCfg = Release|Any CPU
		{7ACFE9FE-4243-43C2-9DE2-2232B090274C}.Ad-Hoc|ARM64.Build.0 = Release|Any CPU
		{7ACFE9FE-4243-43C2-9DE2-2232B090274C}.Ad-Hoc|ARM64.Deploy.0 = Release|Any CPU
		{7ACFE9FE-4243-43C2-9DE2-2232B090274C}.Ad-Hoc|iPhone.ActiveCfg = Release|Any CPU
		{7ACFE9FE-4243-43C2-9DE2-2232B090274C}.Ad-Hoc|iPhone.Build.0 = Release|Any CPU
		{7ACFE9FE-4243-43C2-9DE2-2232B090274C}.Ad-Hoc|iPhone.Deploy.0 = Release|Any CPU
		{7ACFE9FE-4243-43C2-9DE2-2232B090274C}.Ad-Hoc|iPhoneSimulator.ActiveCfg = Release|Any CPU
		{7ACFE9FE-4243-43C2-9DE2-2232B090274C}.Ad-Hoc|iPhoneSimulator.Build.0 = Release|Any CPU
		{7ACFE9FE-4243-43C2-9DE2-2232B090274C}.Ad-Hoc|iPhoneSimulator.Deploy.0 = Release|Any CPU
		{7ACFE9FE-4243-43C2-9DE2-2232B090274C}.Ad-Hoc|x64.ActiveCfg = Release|Any CPU
		{7ACFE9FE-4243-43C2-9DE2-2232B090274C}.Ad-Hoc|x64.Build.0 = Release|Any CPU
		{7ACFE9FE-4243-43C2-9DE2-2232B090274C}.Ad-Hoc|x64.Deploy.0 = Release|Any CPU
		{7ACFE9FE-4243-43C2-9DE2-2232B090274C}.Ad-Hoc|x86.ActiveCfg = Release|Any CPU
		{7ACFE9FE-4243-43C2-9DE2-2232B090274C}.Ad-Hoc|x86.Build.0 = Release|Any CPU
		{7ACFE9FE-4243-43C2-9DE2-2232B090274C}.Ad-Hoc|x86.Deploy.0 = Release|Any CPU
		{7ACFE9FE-4243-43C2-9DE2-2232B090274C}.AppStore|Any CPU.ActiveCfg = Release|Any CPU
		{7ACFE9FE-4243-43C2-9DE2-2232B090274C}.AppStore|Any CPU.Build.0 = Release|Any CPU
		{7ACFE9FE-4243-43C2-9DE2-2232B090274C}.AppStore|Any CPU.Deploy.0 = Release|Any CPU
		{7ACFE9FE-4243-43C2-9DE2-2232B090274C}.AppStore|ARM.ActiveCfg = Release|Any CPU
		{7ACFE9FE-4243-43C2-9DE2-2232B090274C}.AppStore|ARM.Build.0 = Release|Any CPU
		{7ACFE9FE-4243-43C2-9DE2-2232B090274C}.AppStore|ARM.Deploy.0 = Release|Any CPU
		{7ACFE9FE-4243-43C2-9DE2-2232B090274C}.AppStore|ARM64.ActiveCfg = Release|Any CPU
		{7ACFE9FE-4243-43C2-9DE2-2232B090274C}.AppStore|ARM64.Build.0 = Release|Any CPU
		{7ACFE9FE-4243-43C2-9DE2-2232B090274C}.AppStore|ARM64.Deploy.0 = Release|Any CPU
		{7ACFE9FE-4243-43C2-9DE2-2232B090274C}.AppStore|iPhone.ActiveCfg = Release|Any CPU
		{7ACFE9FE-4243-43C2-9DE2-2232B090274C}.AppStore|iPhone.Build.0 = Release|Any CPU
		{7ACFE9FE-4243-43C2-9DE2-2232B090274C}.AppStore|iPhone.Deploy.0 = Release|Any CPU
		{7ACFE9FE-4243-43C2-9DE2-2232B090274C}.AppStore|iPhoneSimulator.ActiveCfg = Release|Any CPU
		{7ACFE9FE-4243-43C2-9DE2-2232B090274C}.AppStore|iPhoneSimulator.Build.0 = Release|Any CPU
		{7ACFE9FE-4243-43C2-9DE2-2232B090274C}.AppStore|iPhoneSimulator.Deploy.0 = Release|Any CPU
		{7ACFE9FE-4243-43C2-9DE2-2232B090274C}.AppStore|x64.ActiveCfg = Release|Any CPU
		{7ACFE9FE-4243-43C2-9DE2-2232B090274C}.AppStore|x64.Build.0 = Release|Any CPU
		{7ACFE9FE-4243-43C2-9DE2-2232B090274C}.AppStore|x64.Deploy.0 = Release|Any CPU
		{7ACFE9FE-4243-43C2-9DE2-2232B090274C}.AppStore|x86.ActiveCfg = Release|Any CPU
		{7ACFE9FE-4243-43C2-9DE2-2232B090274C}.AppStore|x86.Build.0 = Release|Any CPU
		{7ACFE9FE-4243-43C2-9DE2-2232B090274C}.AppStore|x86.Deploy.0 = Release|Any CPU
		{7ACFE9FE-4243-43C2-9DE2-2232B090274C}.Debug|Any CPU.ActiveCfg = Debug|Any CPU
		{7ACFE9FE-4243-43C2-9DE2-2232B090274C}.Debug|Any CPU.Build.0 = Debug|Any CPU
		{7ACFE9FE-4243-43C2-9DE2-2232B090274C}.Debug|Any CPU.Deploy.0 = Debug|Any CPU
		{7ACFE9FE-4243-43C2-9DE2-2232B090274C}.Debug|ARM.ActiveCfg = Debug|Any CPU
		{7ACFE9FE-4243-43C2-9DE2-2232B090274C}.Debug|ARM.Build.0 = Debug|Any CPU
		{7ACFE9FE-4243-43C2-9DE2-2232B090274C}.Debug|ARM.Deploy.0 = Debug|Any CPU
		{7ACFE9FE-4243-43C2-9DE2-2232B090274C}.Debug|ARM64.ActiveCfg = Debug|Any CPU
		{7ACFE9FE-4243-43C2-9DE2-2232B090274C}.Debug|ARM64.Build.0 = Debug|Any CPU
		{7ACFE9FE-4243-43C2-9DE2-2232B090274C}.Debug|ARM64.Deploy.0 = Debug|Any CPU
		{7ACFE9FE-4243-43C2-9DE2-2232B090274C}.Debug|iPhone.ActiveCfg = Debug|Any CPU
		{7ACFE9FE-4243-43C2-9DE2-2232B090274C}.Debug|iPhone.Build.0 = Debug|Any CPU
		{7ACFE9FE-4243-43C2-9DE2-2232B090274C}.Debug|iPhone.Deploy.0 = Debug|Any CPU
		{7ACFE9FE-4243-43C2-9DE2-2232B090274C}.Debug|iPhoneSimulator.ActiveCfg = Debug|Any CPU
		{7ACFE9FE-4243-43C2-9DE2-2232B090274C}.Debug|iPhoneSimulator.Build.0 = Debug|Any CPU
		{7ACFE9FE-4243-43C2-9DE2-2232B090274C}.Debug|iPhoneSimulator.Deploy.0 = Debug|Any CPU
		{7ACFE9FE-4243-43C2-9DE2-2232B090274C}.Debug|x64.ActiveCfg = Debug|Any CPU
		{7ACFE9FE-4243-43C2-9DE2-2232B090274C}.Debug|x64.Build.0 = Debug|Any CPU
		{7ACFE9FE-4243-43C2-9DE2-2232B090274C}.Debug|x64.Deploy.0 = Debug|Any CPU
		{7ACFE9FE-4243-43C2-9DE2-2232B090274C}.Debug|x86.ActiveCfg = Debug|Any CPU
		{7ACFE9FE-4243-43C2-9DE2-2232B090274C}.Debug|x86.Build.0 = Debug|Any CPU
		{7ACFE9FE-4243-43C2-9DE2-2232B090274C}.Debug|x86.Deploy.0 = Debug|Any CPU
		{7ACFE9FE-4243-43C2-9DE2-2232B090274C}.Release|Any CPU.ActiveCfg = Release|Any CPU
		{7ACFE9FE-4243-43C2-9DE2-2232B090274C}.Release|Any CPU.Build.0 = Release|Any CPU
		{7ACFE9FE-4243-43C2-9DE2-2232B090274C}.Release|Any CPU.Deploy.0 = Release|Any CPU
		{7ACFE9FE-4243-43C2-9DE2-2232B090274C}.Release|ARM.ActiveCfg = Release|Any CPU
		{7ACFE9FE-4243-43C2-9DE2-2232B090274C}.Release|ARM.Build.0 = Release|Any CPU
		{7ACFE9FE-4243-43C2-9DE2-2232B090274C}.Release|ARM.Deploy.0 = Release|Any CPU
		{7ACFE9FE-4243-43C2-9DE2-2232B090274C}.Release|ARM64.ActiveCfg = Release|Any CPU
		{7ACFE9FE-4243-43C2-9DE2-2232B090274C}.Release|ARM64.Build.0 = Release|Any CPU
		{7ACFE9FE-4243-43C2-9DE2-2232B090274C}.Release|ARM64.Deploy.0 = Release|Any CPU
		{7ACFE9FE-4243-43C2-9DE2-2232B090274C}.Release|iPhone.ActiveCfg = Release|Any CPU
		{7ACFE9FE-4243-43C2-9DE2-2232B090274C}.Release|iPhone.Build.0 = Release|Any CPU
		{7ACFE9FE-4243-43C2-9DE2-2232B090274C}.Release|iPhone.Deploy.0 = Release|Any CPU
		{7ACFE9FE-4243-43C2-9DE2-2232B090274C}.Release|iPhoneSimulator.ActiveCfg = Release|Any CPU
		{7ACFE9FE-4243-43C2-9DE2-2232B090274C}.Release|iPhoneSimulator.Build.0 = Release|Any CPU
		{7ACFE9FE-4243-43C2-9DE2-2232B090274C}.Release|iPhoneSimulator.Deploy.0 = Release|Any CPU
		{7ACFE9FE-4243-43C2-9DE2-2232B090274C}.Release|x64.ActiveCfg = Release|Any CPU
		{7ACFE9FE-4243-43C2-9DE2-2232B090274C}.Release|x64.Build.0 = Release|Any CPU
		{7ACFE9FE-4243-43C2-9DE2-2232B090274C}.Release|x64.Deploy.0 = Release|Any CPU
		{7ACFE9FE-4243-43C2-9DE2-2232B090274C}.Release|x86.ActiveCfg = Release|Any CPU
		{7ACFE9FE-4243-43C2-9DE2-2232B090274C}.Release|x86.Build.0 = Release|Any CPU
		{7ACFE9FE-4243-43C2-9DE2-2232B090274C}.Release|x86.Deploy.0 = Release|Any CPU
		{422B2330-2238-4D9B-94F6-6AAEA2D17877}.Ad-Hoc|Any CPU.ActiveCfg = Ad-Hoc|iPhone
		{422B2330-2238-4D9B-94F6-6AAEA2D17877}.Ad-Hoc|ARM.ActiveCfg = Ad-Hoc|iPhone
		{422B2330-2238-4D9B-94F6-6AAEA2D17877}.Ad-Hoc|ARM64.ActiveCfg = Ad-Hoc|iPhone
		{422B2330-2238-4D9B-94F6-6AAEA2D17877}.Ad-Hoc|iPhone.ActiveCfg = Ad-Hoc|iPhone
		{422B2330-2238-4D9B-94F6-6AAEA2D17877}.Ad-Hoc|iPhone.Build.0 = Ad-Hoc|iPhone
		{422B2330-2238-4D9B-94F6-6AAEA2D17877}.Ad-Hoc|iPhoneSimulator.ActiveCfg = Ad-Hoc|iPhoneSimulator
		{422B2330-2238-4D9B-94F6-6AAEA2D17877}.Ad-Hoc|iPhoneSimulator.Build.0 = Ad-Hoc|iPhoneSimulator
		{422B2330-2238-4D9B-94F6-6AAEA2D17877}.Ad-Hoc|x64.ActiveCfg = Ad-Hoc|iPhone
		{422B2330-2238-4D9B-94F6-6AAEA2D17877}.Ad-Hoc|x86.ActiveCfg = Ad-Hoc|iPhone
		{422B2330-2238-4D9B-94F6-6AAEA2D17877}.AppStore|Any CPU.ActiveCfg = AppStore|iPhone
		{422B2330-2238-4D9B-94F6-6AAEA2D17877}.AppStore|ARM.ActiveCfg = AppStore|iPhone
		{422B2330-2238-4D9B-94F6-6AAEA2D17877}.AppStore|ARM64.ActiveCfg = AppStore|iPhone
		{422B2330-2238-4D9B-94F6-6AAEA2D17877}.AppStore|iPhone.ActiveCfg = AppStore|iPhone
		{422B2330-2238-4D9B-94F6-6AAEA2D17877}.AppStore|iPhone.Build.0 = AppStore|iPhone
		{422B2330-2238-4D9B-94F6-6AAEA2D17877}.AppStore|iPhoneSimulator.ActiveCfg = AppStore|iPhoneSimulator
		{422B2330-2238-4D9B-94F6-6AAEA2D17877}.AppStore|iPhoneSimulator.Build.0 = AppStore|iPhoneSimulator
		{422B2330-2238-4D9B-94F6-6AAEA2D17877}.AppStore|x64.ActiveCfg = AppStore|iPhone
		{422B2330-2238-4D9B-94F6-6AAEA2D17877}.AppStore|x86.ActiveCfg = AppStore|iPhone
		{422B2330-2238-4D9B-94F6-6AAEA2D17877}.Debug|Any CPU.ActiveCfg = Debug|iPhone
		{422B2330-2238-4D9B-94F6-6AAEA2D17877}.Debug|ARM.ActiveCfg = Debug|iPhone
		{422B2330-2238-4D9B-94F6-6AAEA2D17877}.Debug|ARM64.ActiveCfg = Debug|iPhone
		{422B2330-2238-4D9B-94F6-6AAEA2D17877}.Debug|iPhone.ActiveCfg = Debug|iPhone
		{422B2330-2238-4D9B-94F6-6AAEA2D17877}.Debug|iPhone.Build.0 = Debug|iPhone
		{422B2330-2238-4D9B-94F6-6AAEA2D17877}.Debug|iPhoneSimulator.ActiveCfg = Debug|iPhoneSimulator
		{422B2330-2238-4D9B-94F6-6AAEA2D17877}.Debug|iPhoneSimulator.Build.0 = Debug|iPhoneSimulator
		{422B2330-2238-4D9B-94F6-6AAEA2D17877}.Debug|x64.ActiveCfg = Debug|iPhone
		{422B2330-2238-4D9B-94F6-6AAEA2D17877}.Debug|x86.ActiveCfg = Debug|iPhone
		{422B2330-2238-4D9B-94F6-6AAEA2D17877}.Release|Any CPU.ActiveCfg = Release|iPhone
		{422B2330-2238-4D9B-94F6-6AAEA2D17877}.Release|ARM.ActiveCfg = Release|iPhone
		{422B2330-2238-4D9B-94F6-6AAEA2D17877}.Release|ARM64.ActiveCfg = Release|iPhone
		{422B2330-2238-4D9B-94F6-6AAEA2D17877}.Release|iPhone.ActiveCfg = Release|iPhone
		{422B2330-2238-4D9B-94F6-6AAEA2D17877}.Release|iPhone.Build.0 = Release|iPhone
		{422B2330-2238-4D9B-94F6-6AAEA2D17877}.Release|iPhoneSimulator.ActiveCfg = Release|iPhoneSimulator
		{422B2330-2238-4D9B-94F6-6AAEA2D17877}.Release|iPhoneSimulator.Build.0 = Release|iPhoneSimulator
		{422B2330-2238-4D9B-94F6-6AAEA2D17877}.Release|x64.ActiveCfg = Release|iPhone
		{422B2330-2238-4D9B-94F6-6AAEA2D17877}.Release|x86.ActiveCfg = Release|iPhone
		{2AEEE549-428A-4A06-B036-6D4CC539F863}.Ad-Hoc|Any CPU.ActiveCfg = Release|iPhoneSimulator
		{2AEEE549-428A-4A06-B036-6D4CC539F863}.Ad-Hoc|Any CPU.Build.0 = Release|iPhoneSimulator
		{2AEEE549-428A-4A06-B036-6D4CC539F863}.Ad-Hoc|ARM.ActiveCfg = Release|iPhoneSimulator
		{2AEEE549-428A-4A06-B036-6D4CC539F863}.Ad-Hoc|ARM.Build.0 = Release|iPhoneSimulator
		{2AEEE549-428A-4A06-B036-6D4CC539F863}.Ad-Hoc|ARM64.ActiveCfg = Release|iPhoneSimulator
		{2AEEE549-428A-4A06-B036-6D4CC539F863}.Ad-Hoc|ARM64.Build.0 = Release|iPhoneSimulator
		{2AEEE549-428A-4A06-B036-6D4CC539F863}.Ad-Hoc|iPhone.ActiveCfg = Release|iPhoneSimulator
		{2AEEE549-428A-4A06-B036-6D4CC539F863}.Ad-Hoc|iPhone.Build.0 = Release|iPhoneSimulator
		{2AEEE549-428A-4A06-B036-6D4CC539F863}.Ad-Hoc|iPhoneSimulator.ActiveCfg = Release|iPhoneSimulator
		{2AEEE549-428A-4A06-B036-6D4CC539F863}.Ad-Hoc|iPhoneSimulator.Build.0 = Release|iPhoneSimulator
		{2AEEE549-428A-4A06-B036-6D4CC539F863}.Ad-Hoc|x64.ActiveCfg = Release|iPhoneSimulator
		{2AEEE549-428A-4A06-B036-6D4CC539F863}.Ad-Hoc|x64.Build.0 = Release|iPhoneSimulator
		{2AEEE549-428A-4A06-B036-6D4CC539F863}.Ad-Hoc|x86.ActiveCfg = Release|iPhoneSimulator
		{2AEEE549-428A-4A06-B036-6D4CC539F863}.Ad-Hoc|x86.Build.0 = Release|iPhoneSimulator
		{2AEEE549-428A-4A06-B036-6D4CC539F863}.AppStore|Any CPU.ActiveCfg = Release|iPhoneSimulator
		{2AEEE549-428A-4A06-B036-6D4CC539F863}.AppStore|Any CPU.Build.0 = Release|iPhoneSimulator
		{2AEEE549-428A-4A06-B036-6D4CC539F863}.AppStore|ARM.ActiveCfg = Release|iPhoneSimulator
		{2AEEE549-428A-4A06-B036-6D4CC539F863}.AppStore|ARM.Build.0 = Release|iPhoneSimulator
		{2AEEE549-428A-4A06-B036-6D4CC539F863}.AppStore|ARM64.ActiveCfg = Release|iPhoneSimulator
		{2AEEE549-428A-4A06-B036-6D4CC539F863}.AppStore|ARM64.Build.0 = Release|iPhoneSimulator
		{2AEEE549-428A-4A06-B036-6D4CC539F863}.AppStore|iPhone.ActiveCfg = Release|iPhoneSimulator
		{2AEEE549-428A-4A06-B036-6D4CC539F863}.AppStore|iPhone.Build.0 = Release|iPhoneSimulator
		{2AEEE549-428A-4A06-B036-6D4CC539F863}.AppStore|iPhoneSimulator.ActiveCfg = Release|iPhoneSimulator
		{2AEEE549-428A-4A06-B036-6D4CC539F863}.AppStore|iPhoneSimulator.Build.0 = Release|iPhoneSimulator
		{2AEEE549-428A-4A06-B036-6D4CC539F863}.AppStore|x64.ActiveCfg = Release|iPhoneSimulator
		{2AEEE549-428A-4A06-B036-6D4CC539F863}.AppStore|x64.Build.0 = Release|iPhoneSimulator
		{2AEEE549-428A-4A06-B036-6D4CC539F863}.AppStore|x86.ActiveCfg = Release|iPhoneSimulator
		{2AEEE549-428A-4A06-B036-6D4CC539F863}.AppStore|x86.Build.0 = Release|iPhoneSimulator
		{2AEEE549-428A-4A06-B036-6D4CC539F863}.Debug|Any CPU.ActiveCfg = Debug|iPhoneSimulator
		{2AEEE549-428A-4A06-B036-6D4CC539F863}.Debug|ARM.ActiveCfg = Debug|iPhoneSimulator
		{2AEEE549-428A-4A06-B036-6D4CC539F863}.Debug|ARM64.ActiveCfg = Debug|iPhoneSimulator
		{2AEEE549-428A-4A06-B036-6D4CC539F863}.Debug|iPhone.ActiveCfg = Debug|iPhoneSimulator
		{2AEEE549-428A-4A06-B036-6D4CC539F863}.Debug|iPhoneSimulator.ActiveCfg = Debug|iPhoneSimulator
		{2AEEE549-428A-4A06-B036-6D4CC539F863}.Debug|iPhoneSimulator.Build.0 = Debug|iPhoneSimulator
		{2AEEE549-428A-4A06-B036-6D4CC539F863}.Debug|x64.ActiveCfg = Debug|iPhoneSimulator
		{2AEEE549-428A-4A06-B036-6D4CC539F863}.Debug|x86.ActiveCfg = Debug|iPhoneSimulator
		{2AEEE549-428A-4A06-B036-6D4CC539F863}.Release|Any CPU.ActiveCfg = Release|iPhoneSimulator
		{2AEEE549-428A-4A06-B036-6D4CC539F863}.Release|ARM.ActiveCfg = Release|iPhoneSimulator
		{2AEEE549-428A-4A06-B036-6D4CC539F863}.Release|ARM64.ActiveCfg = Release|iPhoneSimulator
		{2AEEE549-428A-4A06-B036-6D4CC539F863}.Release|iPhone.ActiveCfg = Release|iPhoneSimulator
		{2AEEE549-428A-4A06-B036-6D4CC539F863}.Release|iPhoneSimulator.ActiveCfg = Release|iPhoneSimulator
		{2AEEE549-428A-4A06-B036-6D4CC539F863}.Release|iPhoneSimulator.Build.0 = Release|iPhoneSimulator
		{2AEEE549-428A-4A06-B036-6D4CC539F863}.Release|x64.ActiveCfg = Release|iPhoneSimulator
		{2AEEE549-428A-4A06-B036-6D4CC539F863}.Release|x86.ActiveCfg = Release|iPhoneSimulator
		{73D134E2-4A55-46E2-9F05-95049A52AF79}.Ad-Hoc|Any CPU.ActiveCfg = Debug|Any CPU
		{73D134E2-4A55-46E2-9F05-95049A52AF79}.Ad-Hoc|Any CPU.Build.0 = Debug|Any CPU
		{73D134E2-4A55-46E2-9F05-95049A52AF79}.Ad-Hoc|ARM.ActiveCfg = Debug|Any CPU
		{73D134E2-4A55-46E2-9F05-95049A52AF79}.Ad-Hoc|ARM.Build.0 = Debug|Any CPU
		{73D134E2-4A55-46E2-9F05-95049A52AF79}.Ad-Hoc|ARM64.ActiveCfg = Debug|Any CPU
		{73D134E2-4A55-46E2-9F05-95049A52AF79}.Ad-Hoc|ARM64.Build.0 = Debug|Any CPU
		{73D134E2-4A55-46E2-9F05-95049A52AF79}.Ad-Hoc|iPhone.ActiveCfg = Debug|Any CPU
		{73D134E2-4A55-46E2-9F05-95049A52AF79}.Ad-Hoc|iPhone.Build.0 = Debug|Any CPU
		{73D134E2-4A55-46E2-9F05-95049A52AF79}.Ad-Hoc|iPhoneSimulator.ActiveCfg = Debug|Any CPU
		{73D134E2-4A55-46E2-9F05-95049A52AF79}.Ad-Hoc|iPhoneSimulator.Build.0 = Debug|Any CPU
		{73D134E2-4A55-46E2-9F05-95049A52AF79}.Ad-Hoc|x64.ActiveCfg = Debug|Any CPU
		{73D134E2-4A55-46E2-9F05-95049A52AF79}.Ad-Hoc|x64.Build.0 = Debug|Any CPU
		{73D134E2-4A55-46E2-9F05-95049A52AF79}.Ad-Hoc|x86.ActiveCfg = Debug|Any CPU
		{73D134E2-4A55-46E2-9F05-95049A52AF79}.Ad-Hoc|x86.Build.0 = Debug|Any CPU
		{73D134E2-4A55-46E2-9F05-95049A52AF79}.AppStore|Any CPU.ActiveCfg = Debug|Any CPU
		{73D134E2-4A55-46E2-9F05-95049A52AF79}.AppStore|Any CPU.Build.0 = Debug|Any CPU
		{73D134E2-4A55-46E2-9F05-95049A52AF79}.AppStore|ARM.ActiveCfg = Debug|Any CPU
		{73D134E2-4A55-46E2-9F05-95049A52AF79}.AppStore|ARM.Build.0 = Debug|Any CPU
		{73D134E2-4A55-46E2-9F05-95049A52AF79}.AppStore|ARM64.ActiveCfg = Debug|Any CPU
		{73D134E2-4A55-46E2-9F05-95049A52AF79}.AppStore|ARM64.Build.0 = Debug|Any CPU
		{73D134E2-4A55-46E2-9F05-95049A52AF79}.AppStore|iPhone.ActiveCfg = Debug|Any CPU
		{73D134E2-4A55-46E2-9F05-95049A52AF79}.AppStore|iPhone.Build.0 = Debug|Any CPU
		{73D134E2-4A55-46E2-9F05-95049A52AF79}.AppStore|iPhoneSimulator.ActiveCfg = Debug|Any CPU
		{73D134E2-4A55-46E2-9F05-95049A52AF79}.AppStore|iPhoneSimulator.Build.0 = Debug|Any CPU
		{73D134E2-4A55-46E2-9F05-95049A52AF79}.AppStore|x64.ActiveCfg = Debug|Any CPU
		{73D134E2-4A55-46E2-9F05-95049A52AF79}.AppStore|x64.Build.0 = Debug|Any CPU
		{73D134E2-4A55-46E2-9F05-95049A52AF79}.AppStore|x86.ActiveCfg = Debug|Any CPU
		{73D134E2-4A55-46E2-9F05-95049A52AF79}.AppStore|x86.Build.0 = Debug|Any CPU
		{73D134E2-4A55-46E2-9F05-95049A52AF79}.Debug|Any CPU.ActiveCfg = Debug|Any CPU
		{73D134E2-4A55-46E2-9F05-95049A52AF79}.Debug|Any CPU.Build.0 = Debug|Any CPU
		{73D134E2-4A55-46E2-9F05-95049A52AF79}.Debug|ARM.ActiveCfg = Debug|Any CPU
		{73D134E2-4A55-46E2-9F05-95049A52AF79}.Debug|ARM.Build.0 = Debug|Any CPU
		{73D134E2-4A55-46E2-9F05-95049A52AF79}.Debug|ARM64.ActiveCfg = Debug|Any CPU
		{73D134E2-4A55-46E2-9F05-95049A52AF79}.Debug|ARM64.Build.0 = Debug|Any CPU
		{73D134E2-4A55-46E2-9F05-95049A52AF79}.Debug|iPhone.ActiveCfg = Debug|Any CPU
		{73D134E2-4A55-46E2-9F05-95049A52AF79}.Debug|iPhone.Build.0 = Debug|Any CPU
		{73D134E2-4A55-46E2-9F05-95049A52AF79}.Debug|iPhoneSimulator.ActiveCfg = Debug|Any CPU
		{73D134E2-4A55-46E2-9F05-95049A52AF79}.Debug|iPhoneSimulator.Build.0 = Debug|Any CPU
		{73D134E2-4A55-46E2-9F05-95049A52AF79}.Debug|x64.ActiveCfg = Debug|Any CPU
		{73D134E2-4A55-46E2-9F05-95049A52AF79}.Debug|x64.Build.0 = Debug|Any CPU
		{73D134E2-4A55-46E2-9F05-95049A52AF79}.Debug|x86.ActiveCfg = Debug|Any CPU
		{73D134E2-4A55-46E2-9F05-95049A52AF79}.Debug|x86.Build.0 = Debug|Any CPU
		{73D134E2-4A55-46E2-9F05-95049A52AF79}.Release|Any CPU.ActiveCfg = Release|Any CPU
		{73D134E2-4A55-46E2-9F05-95049A52AF79}.Release|Any CPU.Build.0 = Release|Any CPU
		{73D134E2-4A55-46E2-9F05-95049A52AF79}.Release|ARM.ActiveCfg = Release|Any CPU
		{73D134E2-4A55-46E2-9F05-95049A52AF79}.Release|ARM.Build.0 = Release|Any CPU
		{73D134E2-4A55-46E2-9F05-95049A52AF79}.Release|ARM64.ActiveCfg = Release|Any CPU
		{73D134E2-4A55-46E2-9F05-95049A52AF79}.Release|ARM64.Build.0 = Release|Any CPU
		{73D134E2-4A55-46E2-9F05-95049A52AF79}.Release|iPhone.ActiveCfg = Release|Any CPU
		{73D134E2-4A55-46E2-9F05-95049A52AF79}.Release|iPhone.Build.0 = Release|Any CPU
		{73D134E2-4A55-46E2-9F05-95049A52AF79}.Release|iPhoneSimulator.ActiveCfg = Release|Any CPU
		{73D134E2-4A55-46E2-9F05-95049A52AF79}.Release|iPhoneSimulator.Build.0 = Release|Any CPU
		{73D134E2-4A55-46E2-9F05-95049A52AF79}.Release|x64.ActiveCfg = Release|Any CPU
		{73D134E2-4A55-46E2-9F05-95049A52AF79}.Release|x64.Build.0 = Release|Any CPU
		{73D134E2-4A55-46E2-9F05-95049A52AF79}.Release|x86.ActiveCfg = Release|Any CPU
		{73D134E2-4A55-46E2-9F05-95049A52AF79}.Release|x86.Build.0 = Release|Any CPU
		{89AC1131-5215-4F43-B5AC-B4DFAE1366F6}.Ad-Hoc|Any CPU.ActiveCfg = Release|x64
		{89AC1131-5215-4F43-B5AC-B4DFAE1366F6}.Ad-Hoc|Any CPU.Build.0 = Release|x64
		{89AC1131-5215-4F43-B5AC-B4DFAE1366F6}.Ad-Hoc|Any CPU.Deploy.0 = Release|x64
		{89AC1131-5215-4F43-B5AC-B4DFAE1366F6}.Ad-Hoc|ARM.ActiveCfg = Release|ARM
		{89AC1131-5215-4F43-B5AC-B4DFAE1366F6}.Ad-Hoc|ARM.Build.0 = Release|ARM
		{89AC1131-5215-4F43-B5AC-B4DFAE1366F6}.Ad-Hoc|ARM.Deploy.0 = Release|ARM
		{89AC1131-5215-4F43-B5AC-B4DFAE1366F6}.Ad-Hoc|ARM64.ActiveCfg = Release|ARM64
		{89AC1131-5215-4F43-B5AC-B4DFAE1366F6}.Ad-Hoc|ARM64.Build.0 = Release|ARM64
		{89AC1131-5215-4F43-B5AC-B4DFAE1366F6}.Ad-Hoc|ARM64.Deploy.0 = Release|ARM64
		{89AC1131-5215-4F43-B5AC-B4DFAE1366F6}.Ad-Hoc|iPhone.ActiveCfg = Release|x64
		{89AC1131-5215-4F43-B5AC-B4DFAE1366F6}.Ad-Hoc|iPhone.Build.0 = Release|x64
		{89AC1131-5215-4F43-B5AC-B4DFAE1366F6}.Ad-Hoc|iPhone.Deploy.0 = Release|x64
		{89AC1131-5215-4F43-B5AC-B4DFAE1366F6}.Ad-Hoc|iPhoneSimulator.ActiveCfg = Release|x64
		{89AC1131-5215-4F43-B5AC-B4DFAE1366F6}.Ad-Hoc|iPhoneSimulator.Build.0 = Release|x64
		{89AC1131-5215-4F43-B5AC-B4DFAE1366F6}.Ad-Hoc|iPhoneSimulator.Deploy.0 = Release|x64
		{89AC1131-5215-4F43-B5AC-B4DFAE1366F6}.Ad-Hoc|x64.ActiveCfg = Release|x64
		{89AC1131-5215-4F43-B5AC-B4DFAE1366F6}.Ad-Hoc|x64.Build.0 = Release|x64
		{89AC1131-5215-4F43-B5AC-B4DFAE1366F6}.Ad-Hoc|x64.Deploy.0 = Release|x64
		{89AC1131-5215-4F43-B5AC-B4DFAE1366F6}.Ad-Hoc|x86.ActiveCfg = Release|x86
		{89AC1131-5215-4F43-B5AC-B4DFAE1366F6}.Ad-Hoc|x86.Build.0 = Release|x86
		{89AC1131-5215-4F43-B5AC-B4DFAE1366F6}.Ad-Hoc|x86.Deploy.0 = Release|x86
		{89AC1131-5215-4F43-B5AC-B4DFAE1366F6}.AppStore|Any CPU.ActiveCfg = Release|x64
		{89AC1131-5215-4F43-B5AC-B4DFAE1366F6}.AppStore|Any CPU.Build.0 = Release|x64
		{89AC1131-5215-4F43-B5AC-B4DFAE1366F6}.AppStore|Any CPU.Deploy.0 = Release|x64
		{89AC1131-5215-4F43-B5AC-B4DFAE1366F6}.AppStore|ARM.ActiveCfg = Release|ARM
		{89AC1131-5215-4F43-B5AC-B4DFAE1366F6}.AppStore|ARM.Build.0 = Release|ARM
		{89AC1131-5215-4F43-B5AC-B4DFAE1366F6}.AppStore|ARM.Deploy.0 = Release|ARM
		{89AC1131-5215-4F43-B5AC-B4DFAE1366F6}.AppStore|ARM64.ActiveCfg = Release|ARM64
		{89AC1131-5215-4F43-B5AC-B4DFAE1366F6}.AppStore|ARM64.Build.0 = Release|ARM64
		{89AC1131-5215-4F43-B5AC-B4DFAE1366F6}.AppStore|ARM64.Deploy.0 = Release|ARM64
		{89AC1131-5215-4F43-B5AC-B4DFAE1366F6}.AppStore|iPhone.ActiveCfg = Release|x64
		{89AC1131-5215-4F43-B5AC-B4DFAE1366F6}.AppStore|iPhone.Build.0 = Release|x64
		{89AC1131-5215-4F43-B5AC-B4DFAE1366F6}.AppStore|iPhone.Deploy.0 = Release|x64
		{89AC1131-5215-4F43-B5AC-B4DFAE1366F6}.AppStore|iPhoneSimulator.ActiveCfg = Release|x64
		{89AC1131-5215-4F43-B5AC-B4DFAE1366F6}.AppStore|iPhoneSimulator.Build.0 = Release|x64
		{89AC1131-5215-4F43-B5AC-B4DFAE1366F6}.AppStore|iPhoneSimulator.Deploy.0 = Release|x64
		{89AC1131-5215-4F43-B5AC-B4DFAE1366F6}.AppStore|x64.ActiveCfg = Release|x64
		{89AC1131-5215-4F43-B5AC-B4DFAE1366F6}.AppStore|x64.Build.0 = Release|x64
		{89AC1131-5215-4F43-B5AC-B4DFAE1366F6}.AppStore|x64.Deploy.0 = Release|x64
		{89AC1131-5215-4F43-B5AC-B4DFAE1366F6}.AppStore|x86.ActiveCfg = Release|x86
		{89AC1131-5215-4F43-B5AC-B4DFAE1366F6}.AppStore|x86.Build.0 = Release|x86
		{89AC1131-5215-4F43-B5AC-B4DFAE1366F6}.AppStore|x86.Deploy.0 = Release|x86
		{89AC1131-5215-4F43-B5AC-B4DFAE1366F6}.Debug|Any CPU.ActiveCfg = Debug|x86
		{89AC1131-5215-4F43-B5AC-B4DFAE1366F6}.Debug|ARM.ActiveCfg = Debug|ARM
		{89AC1131-5215-4F43-B5AC-B4DFAE1366F6}.Debug|ARM.Build.0 = Debug|ARM
		{89AC1131-5215-4F43-B5AC-B4DFAE1366F6}.Debug|ARM.Deploy.0 = Debug|ARM
		{89AC1131-5215-4F43-B5AC-B4DFAE1366F6}.Debug|ARM64.ActiveCfg = Debug|ARM64
		{89AC1131-5215-4F43-B5AC-B4DFAE1366F6}.Debug|ARM64.Build.0 = Debug|ARM64
		{89AC1131-5215-4F43-B5AC-B4DFAE1366F6}.Debug|ARM64.Deploy.0 = Debug|ARM64
		{89AC1131-5215-4F43-B5AC-B4DFAE1366F6}.Debug|iPhone.ActiveCfg = Debug|x86
		{89AC1131-5215-4F43-B5AC-B4DFAE1366F6}.Debug|iPhoneSimulator.ActiveCfg = Debug|x86
		{89AC1131-5215-4F43-B5AC-B4DFAE1366F6}.Debug|x64.ActiveCfg = Debug|x64
		{89AC1131-5215-4F43-B5AC-B4DFAE1366F6}.Debug|x64.Build.0 = Debug|x64
		{89AC1131-5215-4F43-B5AC-B4DFAE1366F6}.Debug|x64.Deploy.0 = Debug|x64
		{89AC1131-5215-4F43-B5AC-B4DFAE1366F6}.Debug|x86.ActiveCfg = Debug|x86
		{89AC1131-5215-4F43-B5AC-B4DFAE1366F6}.Debug|x86.Build.0 = Debug|x86
		{89AC1131-5215-4F43-B5AC-B4DFAE1366F6}.Debug|x86.Deploy.0 = Debug|x86
		{89AC1131-5215-4F43-B5AC-B4DFAE1366F6}.Release|Any CPU.ActiveCfg = Release|x86
		{89AC1131-5215-4F43-B5AC-B4DFAE1366F6}.Release|ARM.ActiveCfg = Release|ARM
		{89AC1131-5215-4F43-B5AC-B4DFAE1366F6}.Release|ARM.Build.0 = Release|ARM
		{89AC1131-5215-4F43-B5AC-B4DFAE1366F6}.Release|ARM.Deploy.0 = Release|ARM
		{89AC1131-5215-4F43-B5AC-B4DFAE1366F6}.Release|ARM64.ActiveCfg = Release|ARM64
		{89AC1131-5215-4F43-B5AC-B4DFAE1366F6}.Release|ARM64.Build.0 = Release|ARM64
		{89AC1131-5215-4F43-B5AC-B4DFAE1366F6}.Release|ARM64.Deploy.0 = Release|ARM64
		{89AC1131-5215-4F43-B5AC-B4DFAE1366F6}.Release|iPhone.ActiveCfg = Release|x86
		{89AC1131-5215-4F43-B5AC-B4DFAE1366F6}.Release|iPhoneSimulator.ActiveCfg = Release|x86
		{89AC1131-5215-4F43-B5AC-B4DFAE1366F6}.Release|x64.ActiveCfg = Release|x64
		{89AC1131-5215-4F43-B5AC-B4DFAE1366F6}.Release|x64.Build.0 = Release|x64
		{89AC1131-5215-4F43-B5AC-B4DFAE1366F6}.Release|x64.Deploy.0 = Release|x64
		{89AC1131-5215-4F43-B5AC-B4DFAE1366F6}.Release|x86.ActiveCfg = Release|x86
		{89AC1131-5215-4F43-B5AC-B4DFAE1366F6}.Release|x86.Build.0 = Release|x86
		{89AC1131-5215-4F43-B5AC-B4DFAE1366F6}.Release|x86.Deploy.0 = Release|x86
		{6C80141D-7328-4EE1-8077-6F5EF7CDB2AC}.Ad-Hoc|Any CPU.ActiveCfg = Release|Any CPU
		{6C80141D-7328-4EE1-8077-6F5EF7CDB2AC}.Ad-Hoc|Any CPU.Build.0 = Release|Any CPU
		{6C80141D-7328-4EE1-8077-6F5EF7CDB2AC}.Ad-Hoc|ARM.ActiveCfg = Debug|Any CPU
		{6C80141D-7328-4EE1-8077-6F5EF7CDB2AC}.Ad-Hoc|ARM.Build.0 = Debug|Any CPU
		{6C80141D-7328-4EE1-8077-6F5EF7CDB2AC}.Ad-Hoc|ARM64.ActiveCfg = Debug|Any CPU
		{6C80141D-7328-4EE1-8077-6F5EF7CDB2AC}.Ad-Hoc|ARM64.Build.0 = Debug|Any CPU
		{6C80141D-7328-4EE1-8077-6F5EF7CDB2AC}.Ad-Hoc|iPhone.ActiveCfg = Release|Any CPU
		{6C80141D-7328-4EE1-8077-6F5EF7CDB2AC}.Ad-Hoc|iPhone.Build.0 = Release|Any CPU
		{6C80141D-7328-4EE1-8077-6F5EF7CDB2AC}.Ad-Hoc|iPhoneSimulator.ActiveCfg = Release|Any CPU
		{6C80141D-7328-4EE1-8077-6F5EF7CDB2AC}.Ad-Hoc|iPhoneSimulator.Build.0 = Release|Any CPU
		{6C80141D-7328-4EE1-8077-6F5EF7CDB2AC}.Ad-Hoc|x64.ActiveCfg = Debug|Any CPU
		{6C80141D-7328-4EE1-8077-6F5EF7CDB2AC}.Ad-Hoc|x64.Build.0 = Debug|Any CPU
		{6C80141D-7328-4EE1-8077-6F5EF7CDB2AC}.Ad-Hoc|x86.ActiveCfg = Debug|Any CPU
		{6C80141D-7328-4EE1-8077-6F5EF7CDB2AC}.Ad-Hoc|x86.Build.0 = Debug|Any CPU
		{6C80141D-7328-4EE1-8077-6F5EF7CDB2AC}.AppStore|Any CPU.ActiveCfg = Release|Any CPU
		{6C80141D-7328-4EE1-8077-6F5EF7CDB2AC}.AppStore|Any CPU.Build.0 = Release|Any CPU
		{6C80141D-7328-4EE1-8077-6F5EF7CDB2AC}.AppStore|ARM.ActiveCfg = Debug|Any CPU
		{6C80141D-7328-4EE1-8077-6F5EF7CDB2AC}.AppStore|ARM.Build.0 = Debug|Any CPU
		{6C80141D-7328-4EE1-8077-6F5EF7CDB2AC}.AppStore|ARM64.ActiveCfg = Debug|Any CPU
		{6C80141D-7328-4EE1-8077-6F5EF7CDB2AC}.AppStore|ARM64.Build.0 = Debug|Any CPU
		{6C80141D-7328-4EE1-8077-6F5EF7CDB2AC}.AppStore|iPhone.ActiveCfg = Release|Any CPU
		{6C80141D-7328-4EE1-8077-6F5EF7CDB2AC}.AppStore|iPhone.Build.0 = Release|Any CPU
		{6C80141D-7328-4EE1-8077-6F5EF7CDB2AC}.AppStore|iPhoneSimulator.ActiveCfg = Release|Any CPU
		{6C80141D-7328-4EE1-8077-6F5EF7CDB2AC}.AppStore|iPhoneSimulator.Build.0 = Release|Any CPU
		{6C80141D-7328-4EE1-8077-6F5EF7CDB2AC}.AppStore|x64.ActiveCfg = Debug|Any CPU
		{6C80141D-7328-4EE1-8077-6F5EF7CDB2AC}.AppStore|x64.Build.0 = Debug|Any CPU
		{6C80141D-7328-4EE1-8077-6F5EF7CDB2AC}.AppStore|x86.ActiveCfg = Debug|Any CPU
		{6C80141D-7328-4EE1-8077-6F5EF7CDB2AC}.AppStore|x86.Build.0 = Debug|Any CPU
		{6C80141D-7328-4EE1-8077-6F5EF7CDB2AC}.Debug|Any CPU.ActiveCfg = Debug|Any CPU
		{6C80141D-7328-4EE1-8077-6F5EF7CDB2AC}.Debug|Any CPU.Build.0 = Debug|Any CPU
		{6C80141D-7328-4EE1-8077-6F5EF7CDB2AC}.Debug|ARM.ActiveCfg = Debug|Any CPU
		{6C80141D-7328-4EE1-8077-6F5EF7CDB2AC}.Debug|ARM.Build.0 = Debug|Any CPU
		{6C80141D-7328-4EE1-8077-6F5EF7CDB2AC}.Debug|ARM64.ActiveCfg = Debug|Any CPU
		{6C80141D-7328-4EE1-8077-6F5EF7CDB2AC}.Debug|ARM64.Build.0 = Debug|Any CPU
		{6C80141D-7328-4EE1-8077-6F5EF7CDB2AC}.Debug|iPhone.ActiveCfg = Debug|Any CPU
		{6C80141D-7328-4EE1-8077-6F5EF7CDB2AC}.Debug|iPhone.Build.0 = Debug|Any CPU
		{6C80141D-7328-4EE1-8077-6F5EF7CDB2AC}.Debug|iPhoneSimulator.ActiveCfg = Debug|Any CPU
		{6C80141D-7328-4EE1-8077-6F5EF7CDB2AC}.Debug|iPhoneSimulator.Build.0 = Debug|Any CPU
		{6C80141D-7328-4EE1-8077-6F5EF7CDB2AC}.Debug|x64.ActiveCfg = Debug|Any CPU
		{6C80141D-7328-4EE1-8077-6F5EF7CDB2AC}.Debug|x64.Build.0 = Debug|Any CPU
		{6C80141D-7328-4EE1-8077-6F5EF7CDB2AC}.Debug|x86.ActiveCfg = Debug|Any CPU
		{6C80141D-7328-4EE1-8077-6F5EF7CDB2AC}.Debug|x86.Build.0 = Debug|Any CPU
		{6C80141D-7328-4EE1-8077-6F5EF7CDB2AC}.Release|Any CPU.ActiveCfg = Release|Any CPU
		{6C80141D-7328-4EE1-8077-6F5EF7CDB2AC}.Release|Any CPU.Build.0 = Release|Any CPU
		{6C80141D-7328-4EE1-8077-6F5EF7CDB2AC}.Release|ARM.ActiveCfg = Release|Any CPU
		{6C80141D-7328-4EE1-8077-6F5EF7CDB2AC}.Release|ARM.Build.0 = Release|Any CPU
		{6C80141D-7328-4EE1-8077-6F5EF7CDB2AC}.Release|ARM64.ActiveCfg = Release|Any CPU
		{6C80141D-7328-4EE1-8077-6F5EF7CDB2AC}.Release|ARM64.Build.0 = Release|Any CPU
		{6C80141D-7328-4EE1-8077-6F5EF7CDB2AC}.Release|iPhone.ActiveCfg = Release|Any CPU
		{6C80141D-7328-4EE1-8077-6F5EF7CDB2AC}.Release|iPhone.Build.0 = Release|Any CPU
		{6C80141D-7328-4EE1-8077-6F5EF7CDB2AC}.Release|iPhoneSimulator.ActiveCfg = Release|Any CPU
		{6C80141D-7328-4EE1-8077-6F5EF7CDB2AC}.Release|iPhoneSimulator.Build.0 = Release|Any CPU
		{6C80141D-7328-4EE1-8077-6F5EF7CDB2AC}.Release|x64.ActiveCfg = Release|Any CPU
		{6C80141D-7328-4EE1-8077-6F5EF7CDB2AC}.Release|x64.Build.0 = Release|Any CPU
		{6C80141D-7328-4EE1-8077-6F5EF7CDB2AC}.Release|x86.ActiveCfg = Release|Any CPU
		{6C80141D-7328-4EE1-8077-6F5EF7CDB2AC}.Release|x86.Build.0 = Release|Any CPU
		{73AE4E82-E513-4E1C-B771-429431D85982}.Ad-Hoc|Any CPU.ActiveCfg = Debug|Any CPU
		{73AE4E82-E513-4E1C-B771-429431D85982}.Ad-Hoc|Any CPU.Build.0 = Debug|Any CPU
		{73AE4E82-E513-4E1C-B771-429431D85982}.Ad-Hoc|ARM.ActiveCfg = Debug|Any CPU
		{73AE4E82-E513-4E1C-B771-429431D85982}.Ad-Hoc|ARM.Build.0 = Debug|Any CPU
		{73AE4E82-E513-4E1C-B771-429431D85982}.Ad-Hoc|ARM64.ActiveCfg = Debug|Any CPU
		{73AE4E82-E513-4E1C-B771-429431D85982}.Ad-Hoc|ARM64.Build.0 = Debug|Any CPU
		{73AE4E82-E513-4E1C-B771-429431D85982}.Ad-Hoc|iPhone.ActiveCfg = Debug|Any CPU
		{73AE4E82-E513-4E1C-B771-429431D85982}.Ad-Hoc|iPhone.Build.0 = Debug|Any CPU
		{73AE4E82-E513-4E1C-B771-429431D85982}.Ad-Hoc|iPhoneSimulator.ActiveCfg = Debug|Any CPU
		{73AE4E82-E513-4E1C-B771-429431D85982}.Ad-Hoc|iPhoneSimulator.Build.0 = Debug|Any CPU
		{73AE4E82-E513-4E1C-B771-429431D85982}.Ad-Hoc|x64.ActiveCfg = Debug|Any CPU
		{73AE4E82-E513-4E1C-B771-429431D85982}.Ad-Hoc|x64.Build.0 = Debug|Any CPU
		{73AE4E82-E513-4E1C-B771-429431D85982}.Ad-Hoc|x86.ActiveCfg = Debug|Any CPU
		{73AE4E82-E513-4E1C-B771-429431D85982}.Ad-Hoc|x86.Build.0 = Debug|Any CPU
		{73AE4E82-E513-4E1C-B771-429431D85982}.AppStore|Any CPU.ActiveCfg = Debug|Any CPU
		{73AE4E82-E513-4E1C-B771-429431D85982}.AppStore|Any CPU.Build.0 = Debug|Any CPU
		{73AE4E82-E513-4E1C-B771-429431D85982}.AppStore|ARM.ActiveCfg = Debug|Any CPU
		{73AE4E82-E513-4E1C-B771-429431D85982}.AppStore|ARM.Build.0 = Debug|Any CPU
		{73AE4E82-E513-4E1C-B771-429431D85982}.AppStore|ARM64.ActiveCfg = Debug|Any CPU
		{73AE4E82-E513-4E1C-B771-429431D85982}.AppStore|ARM64.Build.0 = Debug|Any CPU
		{73AE4E82-E513-4E1C-B771-429431D85982}.AppStore|iPhone.ActiveCfg = Debug|Any CPU
		{73AE4E82-E513-4E1C-B771-429431D85982}.AppStore|iPhone.Build.0 = Debug|Any CPU
		{73AE4E82-E513-4E1C-B771-429431D85982}.AppStore|iPhoneSimulator.ActiveCfg = Debug|Any CPU
		{73AE4E82-E513-4E1C-B771-429431D85982}.AppStore|iPhoneSimulator.Build.0 = Debug|Any CPU
		{73AE4E82-E513-4E1C-B771-429431D85982}.AppStore|x64.ActiveCfg = Debug|Any CPU
		{73AE4E82-E513-4E1C-B771-429431D85982}.AppStore|x64.Build.0 = Debug|Any CPU
		{73AE4E82-E513-4E1C-B771-429431D85982}.AppStore|x86.ActiveCfg = Debug|Any CPU
		{73AE4E82-E513-4E1C-B771-429431D85982}.AppStore|x86.Build.0 = Debug|Any CPU
		{73AE4E82-E513-4E1C-B771-429431D85982}.Debug|Any CPU.ActiveCfg = Debug|Any CPU
		{73AE4E82-E513-4E1C-B771-429431D85982}.Debug|Any CPU.Build.0 = Debug|Any CPU
		{73AE4E82-E513-4E1C-B771-429431D85982}.Debug|ARM.ActiveCfg = Debug|Any CPU
		{73AE4E82-E513-4E1C-B771-429431D85982}.Debug|ARM.Build.0 = Debug|Any CPU
		{73AE4E82-E513-4E1C-B771-429431D85982}.Debug|ARM64.ActiveCfg = Debug|Any CPU
		{73AE4E82-E513-4E1C-B771-429431D85982}.Debug|ARM64.Build.0 = Debug|Any CPU
		{73AE4E82-E513-4E1C-B771-429431D85982}.Debug|iPhone.ActiveCfg = Debug|Any CPU
		{73AE4E82-E513-4E1C-B771-429431D85982}.Debug|iPhone.Build.0 = Debug|Any CPU
		{73AE4E82-E513-4E1C-B771-429431D85982}.Debug|iPhoneSimulator.ActiveCfg = Debug|Any CPU
		{73AE4E82-E513-4E1C-B771-429431D85982}.Debug|iPhoneSimulator.Build.0 = Debug|Any CPU
		{73AE4E82-E513-4E1C-B771-429431D85982}.Debug|x64.ActiveCfg = Debug|Any CPU
		{73AE4E82-E513-4E1C-B771-429431D85982}.Debug|x64.Build.0 = Debug|Any CPU
		{73AE4E82-E513-4E1C-B771-429431D85982}.Debug|x86.ActiveCfg = Debug|Any CPU
		{73AE4E82-E513-4E1C-B771-429431D85982}.Debug|x86.Build.0 = Debug|Any CPU
		{73AE4E82-E513-4E1C-B771-429431D85982}.Release|Any CPU.ActiveCfg = Release|Any CPU
		{73AE4E82-E513-4E1C-B771-429431D85982}.Release|Any CPU.Build.0 = Release|Any CPU
		{73AE4E82-E513-4E1C-B771-429431D85982}.Release|ARM.ActiveCfg = Release|Any CPU
		{73AE4E82-E513-4E1C-B771-429431D85982}.Release|ARM.Build.0 = Release|Any CPU
		{73AE4E82-E513-4E1C-B771-429431D85982}.Release|ARM64.ActiveCfg = Release|Any CPU
		{73AE4E82-E513-4E1C-B771-429431D85982}.Release|ARM64.Build.0 = Release|Any CPU
		{73AE4E82-E513-4E1C-B771-429431D85982}.Release|iPhone.ActiveCfg = Release|Any CPU
		{73AE4E82-E513-4E1C-B771-429431D85982}.Release|iPhone.Build.0 = Release|Any CPU
		{73AE4E82-E513-4E1C-B771-429431D85982}.Release|iPhoneSimulator.ActiveCfg = Release|Any CPU
		{73AE4E82-E513-4E1C-B771-429431D85982}.Release|iPhoneSimulator.Build.0 = Release|Any CPU
		{73AE4E82-E513-4E1C-B771-429431D85982}.Release|x64.ActiveCfg = Release|Any CPU
		{73AE4E82-E513-4E1C-B771-429431D85982}.Release|x64.Build.0 = Release|Any CPU
		{73AE4E82-E513-4E1C-B771-429431D85982}.Release|x86.ActiveCfg = Release|Any CPU
		{73AE4E82-E513-4E1C-B771-429431D85982}.Release|x86.Build.0 = Release|Any CPU
		{A0D7A122-5DFD-4926-8BBF-58FA8039C517}.Ad-Hoc|Any CPU.ActiveCfg = Debug|Any CPU
		{A0D7A122-5DFD-4926-8BBF-58FA8039C517}.Ad-Hoc|Any CPU.Build.0 = Debug|Any CPU
		{A0D7A122-5DFD-4926-8BBF-58FA8039C517}.Ad-Hoc|ARM.ActiveCfg = Debug|Any CPU
		{A0D7A122-5DFD-4926-8BBF-58FA8039C517}.Ad-Hoc|ARM.Build.0 = Debug|Any CPU
		{A0D7A122-5DFD-4926-8BBF-58FA8039C517}.Ad-Hoc|ARM64.ActiveCfg = Debug|Any CPU
		{A0D7A122-5DFD-4926-8BBF-58FA8039C517}.Ad-Hoc|ARM64.Build.0 = Debug|Any CPU
		{A0D7A122-5DFD-4926-8BBF-58FA8039C517}.Ad-Hoc|iPhone.ActiveCfg = Debug|Any CPU
		{A0D7A122-5DFD-4926-8BBF-58FA8039C517}.Ad-Hoc|iPhone.Build.0 = Debug|Any CPU
		{A0D7A122-5DFD-4926-8BBF-58FA8039C517}.Ad-Hoc|iPhoneSimulator.ActiveCfg = Debug|Any CPU
		{A0D7A122-5DFD-4926-8BBF-58FA8039C517}.Ad-Hoc|iPhoneSimulator.Build.0 = Debug|Any CPU
		{A0D7A122-5DFD-4926-8BBF-58FA8039C517}.Ad-Hoc|x64.ActiveCfg = Debug|Any CPU
		{A0D7A122-5DFD-4926-8BBF-58FA8039C517}.Ad-Hoc|x64.Build.0 = Debug|Any CPU
		{A0D7A122-5DFD-4926-8BBF-58FA8039C517}.Ad-Hoc|x86.ActiveCfg = Debug|Any CPU
		{A0D7A122-5DFD-4926-8BBF-58FA8039C517}.Ad-Hoc|x86.Build.0 = Debug|Any CPU
		{A0D7A122-5DFD-4926-8BBF-58FA8039C517}.AppStore|Any CPU.ActiveCfg = Debug|Any CPU
		{A0D7A122-5DFD-4926-8BBF-58FA8039C517}.AppStore|Any CPU.Build.0 = Debug|Any CPU
		{A0D7A122-5DFD-4926-8BBF-58FA8039C517}.AppStore|ARM.ActiveCfg = Debug|Any CPU
		{A0D7A122-5DFD-4926-8BBF-58FA8039C517}.AppStore|ARM.Build.0 = Debug|Any CPU
		{A0D7A122-5DFD-4926-8BBF-58FA8039C517}.AppStore|ARM64.ActiveCfg = Debug|Any CPU
		{A0D7A122-5DFD-4926-8BBF-58FA8039C517}.AppStore|ARM64.Build.0 = Debug|Any CPU
		{A0D7A122-5DFD-4926-8BBF-58FA8039C517}.AppStore|iPhone.ActiveCfg = Debug|Any CPU
		{A0D7A122-5DFD-4926-8BBF-58FA8039C517}.AppStore|iPhone.Build.0 = Debug|Any CPU
		{A0D7A122-5DFD-4926-8BBF-58FA8039C517}.AppStore|iPhoneSimulator.ActiveCfg = Debug|Any CPU
		{A0D7A122-5DFD-4926-8BBF-58FA8039C517}.AppStore|iPhoneSimulator.Build.0 = Debug|Any CPU
		{A0D7A122-5DFD-4926-8BBF-58FA8039C517}.AppStore|x64.ActiveCfg = Debug|Any CPU
		{A0D7A122-5DFD-4926-8BBF-58FA8039C517}.AppStore|x64.Build.0 = Debug|Any CPU
		{A0D7A122-5DFD-4926-8BBF-58FA8039C517}.AppStore|x86.ActiveCfg = Debug|Any CPU
		{A0D7A122-5DFD-4926-8BBF-58FA8039C517}.AppStore|x86.Build.0 = Debug|Any CPU
		{A0D7A122-5DFD-4926-8BBF-58FA8039C517}.Debug|Any CPU.ActiveCfg = Debug|Any CPU
		{A0D7A122-5DFD-4926-8BBF-58FA8039C517}.Debug|Any CPU.Build.0 = Debug|Any CPU
		{A0D7A122-5DFD-4926-8BBF-58FA8039C517}.Debug|ARM.ActiveCfg = Debug|Any CPU
		{A0D7A122-5DFD-4926-8BBF-58FA8039C517}.Debug|ARM.Build.0 = Debug|Any CPU
		{A0D7A122-5DFD-4926-8BBF-58FA8039C517}.Debug|ARM64.ActiveCfg = Debug|Any CPU
		{A0D7A122-5DFD-4926-8BBF-58FA8039C517}.Debug|ARM64.Build.0 = Debug|Any CPU
		{A0D7A122-5DFD-4926-8BBF-58FA8039C517}.Debug|iPhone.ActiveCfg = Debug|Any CPU
		{A0D7A122-5DFD-4926-8BBF-58FA8039C517}.Debug|iPhone.Build.0 = Debug|Any CPU
		{A0D7A122-5DFD-4926-8BBF-58FA8039C517}.Debug|iPhoneSimulator.ActiveCfg = Debug|Any CPU
		{A0D7A122-5DFD-4926-8BBF-58FA8039C517}.Debug|iPhoneSimulator.Build.0 = Debug|Any CPU
		{A0D7A122-5DFD-4926-8BBF-58FA8039C517}.Debug|x64.ActiveCfg = Debug|Any CPU
		{A0D7A122-5DFD-4926-8BBF-58FA8039C517}.Debug|x64.Build.0 = Debug|Any CPU
		{A0D7A122-5DFD-4926-8BBF-58FA8039C517}.Debug|x86.ActiveCfg = Debug|Any CPU
		{A0D7A122-5DFD-4926-8BBF-58FA8039C517}.Debug|x86.Build.0 = Debug|Any CPU
		{A0D7A122-5DFD-4926-8BBF-58FA8039C517}.Release|Any CPU.ActiveCfg = Release|Any CPU
		{A0D7A122-5DFD-4926-8BBF-58FA8039C517}.Release|Any CPU.Build.0 = Release|Any CPU
		{A0D7A122-5DFD-4926-8BBF-58FA8039C517}.Release|ARM.ActiveCfg = Release|Any CPU
		{A0D7A122-5DFD-4926-8BBF-58FA8039C517}.Release|ARM.Build.0 = Release|Any CPU
		{A0D7A122-5DFD-4926-8BBF-58FA8039C517}.Release|ARM64.ActiveCfg = Release|Any CPU
		{A0D7A122-5DFD-4926-8BBF-58FA8039C517}.Release|ARM64.Build.0 = Release|Any CPU
		{A0D7A122-5DFD-4926-8BBF-58FA8039C517}.Release|iPhone.ActiveCfg = Release|Any CPU
		{A0D7A122-5DFD-4926-8BBF-58FA8039C517}.Release|iPhone.Build.0 = Release|Any CPU
		{A0D7A122-5DFD-4926-8BBF-58FA8039C517}.Release|iPhoneSimulator.ActiveCfg = Release|Any CPU
		{A0D7A122-5DFD-4926-8BBF-58FA8039C517}.Release|iPhoneSimulator.Build.0 = Release|Any CPU
		{A0D7A122-5DFD-4926-8BBF-58FA8039C517}.Release|x64.ActiveCfg = Release|Any CPU
		{A0D7A122-5DFD-4926-8BBF-58FA8039C517}.Release|x64.Build.0 = Release|Any CPU
		{A0D7A122-5DFD-4926-8BBF-58FA8039C517}.Release|x86.ActiveCfg = Release|Any CPU
		{A0D7A122-5DFD-4926-8BBF-58FA8039C517}.Release|x86.Build.0 = Release|Any CPU
		{0A9DDDF4-43D4-452C-9818-AA43B8F38C38}.Ad-Hoc|Any CPU.ActiveCfg = Debug|Any CPU
		{0A9DDDF4-43D4-452C-9818-AA43B8F38C38}.Ad-Hoc|Any CPU.Build.0 = Debug|Any CPU
		{0A9DDDF4-43D4-452C-9818-AA43B8F38C38}.Ad-Hoc|ARM.ActiveCfg = Debug|Any CPU
		{0A9DDDF4-43D4-452C-9818-AA43B8F38C38}.Ad-Hoc|ARM.Build.0 = Debug|Any CPU
		{0A9DDDF4-43D4-452C-9818-AA43B8F38C38}.Ad-Hoc|ARM64.ActiveCfg = Debug|Any CPU
		{0A9DDDF4-43D4-452C-9818-AA43B8F38C38}.Ad-Hoc|ARM64.Build.0 = Debug|Any CPU
		{0A9DDDF4-43D4-452C-9818-AA43B8F38C38}.Ad-Hoc|iPhone.ActiveCfg = Debug|Any CPU
		{0A9DDDF4-43D4-452C-9818-AA43B8F38C38}.Ad-Hoc|iPhone.Build.0 = Debug|Any CPU
		{0A9DDDF4-43D4-452C-9818-AA43B8F38C38}.Ad-Hoc|iPhoneSimulator.ActiveCfg = Debug|Any CPU
		{0A9DDDF4-43D4-452C-9818-AA43B8F38C38}.Ad-Hoc|iPhoneSimulator.Build.0 = Debug|Any CPU
		{0A9DDDF4-43D4-452C-9818-AA43B8F38C38}.Ad-Hoc|x64.ActiveCfg = Debug|Any CPU
		{0A9DDDF4-43D4-452C-9818-AA43B8F38C38}.Ad-Hoc|x64.Build.0 = Debug|Any CPU
		{0A9DDDF4-43D4-452C-9818-AA43B8F38C38}.Ad-Hoc|x86.ActiveCfg = Debug|Any CPU
		{0A9DDDF4-43D4-452C-9818-AA43B8F38C38}.Ad-Hoc|x86.Build.0 = Debug|Any CPU
		{0A9DDDF4-43D4-452C-9818-AA43B8F38C38}.AppStore|Any CPU.ActiveCfg = Debug|Any CPU
		{0A9DDDF4-43D4-452C-9818-AA43B8F38C38}.AppStore|Any CPU.Build.0 = Debug|Any CPU
		{0A9DDDF4-43D4-452C-9818-AA43B8F38C38}.AppStore|ARM.ActiveCfg = Debug|Any CPU
		{0A9DDDF4-43D4-452C-9818-AA43B8F38C38}.AppStore|ARM.Build.0 = Debug|Any CPU
		{0A9DDDF4-43D4-452C-9818-AA43B8F38C38}.AppStore|ARM64.ActiveCfg = Debug|Any CPU
		{0A9DDDF4-43D4-452C-9818-AA43B8F38C38}.AppStore|ARM64.Build.0 = Debug|Any CPU
		{0A9DDDF4-43D4-452C-9818-AA43B8F38C38}.AppStore|iPhone.ActiveCfg = Debug|Any CPU
		{0A9DDDF4-43D4-452C-9818-AA43B8F38C38}.AppStore|iPhone.Build.0 = Debug|Any CPU
		{0A9DDDF4-43D4-452C-9818-AA43B8F38C38}.AppStore|iPhoneSimulator.ActiveCfg = Debug|Any CPU
		{0A9DDDF4-43D4-452C-9818-AA43B8F38C38}.AppStore|iPhoneSimulator.Build.0 = Debug|Any CPU
		{0A9DDDF4-43D4-452C-9818-AA43B8F38C38}.AppStore|x64.ActiveCfg = Debug|Any CPU
		{0A9DDDF4-43D4-452C-9818-AA43B8F38C38}.AppStore|x64.Build.0 = Debug|Any CPU
		{0A9DDDF4-43D4-452C-9818-AA43B8F38C38}.AppStore|x86.ActiveCfg = Debug|Any CPU
		{0A9DDDF4-43D4-452C-9818-AA43B8F38C38}.AppStore|x86.Build.0 = Debug|Any CPU
		{0A9DDDF4-43D4-452C-9818-AA43B8F38C38}.Debug|Any CPU.ActiveCfg = Debug|Any CPU
		{0A9DDDF4-43D4-452C-9818-AA43B8F38C38}.Debug|Any CPU.Build.0 = Debug|Any CPU
		{0A9DDDF4-43D4-452C-9818-AA43B8F38C38}.Debug|ARM.ActiveCfg = Debug|Any CPU
		{0A9DDDF4-43D4-452C-9818-AA43B8F38C38}.Debug|ARM.Build.0 = Debug|Any CPU
		{0A9DDDF4-43D4-452C-9818-AA43B8F38C38}.Debug|ARM64.ActiveCfg = Debug|Any CPU
		{0A9DDDF4-43D4-452C-9818-AA43B8F38C38}.Debug|ARM64.Build.0 = Debug|Any CPU
		{0A9DDDF4-43D4-452C-9818-AA43B8F38C38}.Debug|iPhone.ActiveCfg = Debug|Any CPU
		{0A9DDDF4-43D4-452C-9818-AA43B8F38C38}.Debug|iPhone.Build.0 = Debug|Any CPU
		{0A9DDDF4-43D4-452C-9818-AA43B8F38C38}.Debug|iPhoneSimulator.ActiveCfg = Debug|Any CPU
		{0A9DDDF4-43D4-452C-9818-AA43B8F38C38}.Debug|iPhoneSimulator.Build.0 = Debug|Any CPU
		{0A9DDDF4-43D4-452C-9818-AA43B8F38C38}.Debug|x64.ActiveCfg = Debug|Any CPU
		{0A9DDDF4-43D4-452C-9818-AA43B8F38C38}.Debug|x64.Build.0 = Debug|Any CPU
		{0A9DDDF4-43D4-452C-9818-AA43B8F38C38}.Debug|x86.ActiveCfg = Debug|Any CPU
		{0A9DDDF4-43D4-452C-9818-AA43B8F38C38}.Debug|x86.Build.0 = Debug|Any CPU
		{0A9DDDF4-43D4-452C-9818-AA43B8F38C38}.Release|Any CPU.ActiveCfg = Release|Any CPU
		{0A9DDDF4-43D4-452C-9818-AA43B8F38C38}.Release|Any CPU.Build.0 = Release|Any CPU
		{0A9DDDF4-43D4-452C-9818-AA43B8F38C38}.Release|ARM.ActiveCfg = Release|Any CPU
		{0A9DDDF4-43D4-452C-9818-AA43B8F38C38}.Release|ARM.Build.0 = Release|Any CPU
		{0A9DDDF4-43D4-452C-9818-AA43B8F38C38}.Release|ARM64.ActiveCfg = Release|Any CPU
		{0A9DDDF4-43D4-452C-9818-AA43B8F38C38}.Release|ARM64.Build.0 = Release|Any CPU
		{0A9DDDF4-43D4-452C-9818-AA43B8F38C38}.Release|iPhone.ActiveCfg = Release|Any CPU
		{0A9DDDF4-43D4-452C-9818-AA43B8F38C38}.Release|iPhone.Build.0 = Release|Any CPU
		{0A9DDDF4-43D4-452C-9818-AA43B8F38C38}.Release|iPhoneSimulator.ActiveCfg = Release|Any CPU
		{0A9DDDF4-43D4-452C-9818-AA43B8F38C38}.Release|iPhoneSimulator.Build.0 = Release|Any CPU
		{0A9DDDF4-43D4-452C-9818-AA43B8F38C38}.Release|x64.ActiveCfg = Release|Any CPU
		{0A9DDDF4-43D4-452C-9818-AA43B8F38C38}.Release|x64.Build.0 = Release|Any CPU
		{0A9DDDF4-43D4-452C-9818-AA43B8F38C38}.Release|x86.ActiveCfg = Release|Any CPU
		{0A9DDDF4-43D4-452C-9818-AA43B8F38C38}.Release|x86.Build.0 = Release|Any CPU
	EndGlobalSection
	GlobalSection(SolutionProperties) = preSolution
		HideSolutionNode = FALSE
	EndGlobalSection
	GlobalSection(NestedProjects) = preSolution
		{6279C845-92F8-4333-AB99-3D213163593C} = {2714A88C-7628-4C7A-A5D3-837C900A8806}
		{7ACFE9FE-4243-43C2-9DE2-2232B090274C} = {B9806E49-10D1-4C10-9752-6FF9DDD14766}
		{422B2330-2238-4D9B-94F6-6AAEA2D17877} = {B9806E49-10D1-4C10-9752-6FF9DDD14766}
		{2AEEE549-428A-4A06-B036-6D4CC539F863} = {B9806E49-10D1-4C10-9752-6FF9DDD14766}
		{73D134E2-4A55-46E2-9F05-95049A52AF79} = {B9806E49-10D1-4C10-9752-6FF9DDD14766}
		{89AC1131-5215-4F43-B5AC-B4DFAE1366F6} = {B9806E49-10D1-4C10-9752-6FF9DDD14766}
		{61E25943-3416-41AC-BC23-34E684953336} = {2714A88C-7628-4C7A-A5D3-837C900A8806}
		{37320CFB-1D32-4133-B364-F89FED0F52A9} = {B9806E49-10D1-4C10-9752-6FF9DDD14766}
		{6C80141D-7328-4EE1-8077-6F5EF7CDB2AC} = {71DCDF74-928A-4395-9327-D8FEB3180DCD}
		{73AE4E82-E513-4E1C-B771-429431D85982} = {2714A88C-7628-4C7A-A5D3-837C900A8806}
		{A0D7A122-5DFD-4926-8BBF-58FA8039C517} = {71DCDF74-928A-4395-9327-D8FEB3180DCD}
		{0A9DDDF4-43D4-452C-9818-AA43B8F38C38} = {61E25943-3416-41AC-BC23-34E684953336}
	EndGlobalSection
	GlobalSection(ExtensibilityGlobals) = postSolution
		SolutionGuid = {48425E8F-F5B5-47DB-A42B-29BD64798016}
	EndGlobalSection
EndGlobal
