
Microsoft Visual Studio Solution File, Format Version 12.00
# Visual Studio Version 17
VisualStudioVersion = 17.0.31912.275
MinimumVisualStudioVersion = 10.0.40219.1
Project("{2150E333-8FDC-42A3-9474-1A3956D46DE8}") = "Platforms", "Platforms", "{B9806E49-10D1-4C10-9752-6FF9DDD14766}"
EndProject
Project("{2150E333-8FDC-42A3-9474-1A3956D46DE8}") = "Cores", "Cores", "{60348E72-3F09-4A59-8563-0F78F9350038}"
EndProject
Project("{2150E333-8FDC-42A3-9474-1A3956D46DE8}") = "Shells", "Shells", "{61E25943-3416-41AC-BC23-34E684953336}"
EndProject
Project("{2150E333-8FDC-42A3-9474-1A3956D46DE8}") = "Sdk", "Sdk", "{1F480499-567B-4A14-A9F4-F67E5B017F5E}"
EndProject
Project("{2150E333-8FDC-42A3-9474-1A3956D46DE8}") = "Solution Items", "Solution Items", "{1096697A-79A8-4D67-8093-8F322AB244B3}"
	ProjectSection(SolutionItems) = preProject
		.editorconfig = .editorconfig
	EndProjectSection
EndProject
Project("{FAE04EC0-301F-11D3-BF4B-00C04F79EFBC}") = "StrixMusic.UWP", "Platforms\StrixMusic.UWP\StrixMusic.UWP.csproj", "{89AC1131-5215-4F43-B5AC-B4DFAE1366F6}"
EndProject
Project("{9A19103F-16F7-4668-BE54-9A1E7A4F7556}") = "StrixMusic.Wasm", "Platforms\StrixMusic.Wasm\StrixMusic.Wasm.csproj", "{11B32FA9-E6AF-4DCE-80CC-A022AFD8E075}"
EndProject
Project("{2150E333-8FDC-42A3-9474-1A3956D46DE8}") = "Libs", "Libs", "{D825BC4B-7DC6-4399-8573-C1741426B572}"
EndProject
Project("{9A19103F-16F7-4668-BE54-9A1E7A4F7556}") = "OwlCore.WinUI", "Libs\OwlCore.WinUI\OwlCore.WinUI.csproj", "{BD87B98B-B958-43EC-B3BF-6058AFEDCDC6}"
EndProject
Project("{9A19103F-16F7-4668-BE54-9A1E7A4F7556}") = "StrixMusic.Sdk", "Sdk\StrixMusic.Sdk\StrixMusic.Sdk.csproj", "{B1FAD5F0-4361-4D32-84AB-A809F121F50C}"
EndProject
Project("{9A19103F-16F7-4668-BE54-9A1E7A4F7556}") = "StrixMusic.Sdk.WinUI", "Sdk\StrixMusic.Sdk.WinUI\StrixMusic.Sdk.WinUI.csproj", "{5F63CA91-0F29-4EB3-8954-E649A457ACB2}"
EndProject
Project("{9A19103F-16F7-4668-BE54-9A1E7A4F7556}") = "StrixMusic.Shells.ZuneDesktop", "Shells\StrixMusic.Shells.ZuneDesktop\StrixMusic.Shells.ZuneDesktop.csproj", "{063715B5-1765-4269-8FB0-699FADC840E1}"
EndProject
Project("{D954291E-2A0B-460D-934E-DC6B0785DB48}") = "StrixMusic.Shared", "Shared\StrixMusic.Shared.shproj", "{2E82DB60-BA1E-402C-A4F8-56DA621B04E9}"
EndProject
Project("{9A19103F-16F7-4668-BE54-9A1E7A4F7556}") = "StrixMusic.Shells.Groove", "Shells\StrixMusic.Shells.Groove\StrixMusic.Shells.Groove.csproj", "{38B5B005-64C0-4BCE-A4B8-DF7B8358182F}"
EndProject
Project("{9A19103F-16F7-4668-BE54-9A1E7A4F7556}") = "StrixMusic.Sdk.Tests", "Sdk\StrixMusic.Sdk.Tests\StrixMusic.Sdk.Tests.csproj", "{9982B33E-D0FB-4F52-A822-E096EEC97A12}"
EndProject
Project("{9A19103F-16F7-4668-BE54-9A1E7A4F7556}") = "OwlCore.Storage.OneDrive", "..\..\..\netstandard\OwlCore.Storage.OneDrive\src\OwlCore.Storage.OneDrive.csproj", "{33D9DC11-810B-4B2E-93BC-AFB4E217A410}"
EndProject
Project("{2150E333-8FDC-42A3-9474-1A3956D46DE8}") = "Storage", "Storage", "{ECFF256A-4978-4D8F-90E9-D2C35D9EC32F}"
EndProject
Project("{9A19103F-16F7-4668-BE54-9A1E7A4F7556}") = "StrixMusic.Cores.Storage.Tests", "Cores\Storage\test\StrixMusic.Cores.Storage.Tests\StrixMusic.Cores.Storage.Tests.csproj", "{93073D13-7407-40E0-A164-4D5C2282503D}"
EndProject
Project("{9A19103F-16F7-4668-BE54-9A1E7A4F7556}") = "StrixMusic.Cores.Storage", "Cores\Storage\src\StrixMusic.Cores.Storage.csproj", "{58B8232F-C23E-46E4-A719-A244A9FD3D3B}"
EndProject
Global
	GlobalSection(SolutionConfigurationPlatforms) = preSolution
		Ad-Hoc|Any CPU = Ad-Hoc|Any CPU
		Ad-Hoc|ARM = Ad-Hoc|ARM
		Ad-Hoc|ARM64 = Ad-Hoc|ARM64
		Ad-Hoc|iPhone = Ad-Hoc|iPhone
		Ad-Hoc|iPhoneSimulator = Ad-Hoc|iPhoneSimulator
		Ad-Hoc|x64 = Ad-Hoc|x64
		Ad-Hoc|x86 = Ad-Hoc|x86
		AppStore|Any CPU = AppStore|Any CPU
		AppStore|ARM = AppStore|ARM
		AppStore|ARM64 = AppStore|ARM64
		AppStore|iPhone = AppStore|iPhone
		AppStore|iPhoneSimulator = AppStore|iPhoneSimulator
		AppStore|x64 = AppStore|x64
		AppStore|x86 = AppStore|x86
		Debug|Any CPU = Debug|Any CPU
		Debug|ARM = Debug|ARM
		Debug|ARM64 = Debug|ARM64
		Debug|iPhone = Debug|iPhone
		Debug|iPhoneSimulator = Debug|iPhoneSimulator
		Debug|x64 = Debug|x64
		Debug|x86 = Debug|x86
		Release|Any CPU = Release|Any CPU
		Release|ARM = Release|ARM
		Release|ARM64 = Release|ARM64
		Release|iPhone = Release|iPhone
		Release|iPhoneSimulator = Release|iPhoneSimulator
		Release|x64 = Release|x64
		Release|x86 = Release|x86
		Travis|Any CPU = Travis|Any CPU
		Travis|ARM = Travis|ARM
		Travis|ARM64 = Travis|ARM64
		Travis|iPhone = Travis|iPhone
		Travis|iPhoneSimulator = Travis|iPhoneSimulator
		Travis|x64 = Travis|x64
		Travis|x86 = Travis|x86
	EndGlobalSection
	GlobalSection(ProjectConfigurationPlatforms) = postSolution
		{89AC1131-5215-4F43-B5AC-B4DFAE1366F6}.Ad-Hoc|Any CPU.ActiveCfg = Release|x64
		{89AC1131-5215-4F43-B5AC-B4DFAE1366F6}.Ad-Hoc|Any CPU.Build.0 = Release|x64
		{89AC1131-5215-4F43-B5AC-B4DFAE1366F6}.Ad-Hoc|Any CPU.Deploy.0 = Release|x64
		{89AC1131-5215-4F43-B5AC-B4DFAE1366F6}.Ad-Hoc|ARM.ActiveCfg = Release|ARM
		{89AC1131-5215-4F43-B5AC-B4DFAE1366F6}.Ad-Hoc|ARM.Build.0 = Release|ARM
		{89AC1131-5215-4F43-B5AC-B4DFAE1366F6}.Ad-Hoc|ARM.Deploy.0 = Release|ARM
		{89AC1131-5215-4F43-B5AC-B4DFAE1366F6}.Ad-Hoc|ARM64.ActiveCfg = Release|ARM64
		{89AC1131-5215-4F43-B5AC-B4DFAE1366F6}.Ad-Hoc|ARM64.Build.0 = Release|ARM64
		{89AC1131-5215-4F43-B5AC-B4DFAE1366F6}.Ad-Hoc|ARM64.Deploy.0 = Release|ARM64
		{89AC1131-5215-4F43-B5AC-B4DFAE1366F6}.Ad-Hoc|iPhone.ActiveCfg = Release|x64
		{89AC1131-5215-4F43-B5AC-B4DFAE1366F6}.Ad-Hoc|iPhone.Build.0 = Release|x64
		{89AC1131-5215-4F43-B5AC-B4DFAE1366F6}.Ad-Hoc|iPhone.Deploy.0 = Release|x64
		{89AC1131-5215-4F43-B5AC-B4DFAE1366F6}.Ad-Hoc|iPhoneSimulator.ActiveCfg = Release|x64
		{89AC1131-5215-4F43-B5AC-B4DFAE1366F6}.Ad-Hoc|iPhoneSimulator.Build.0 = Release|x64
		{89AC1131-5215-4F43-B5AC-B4DFAE1366F6}.Ad-Hoc|iPhoneSimulator.Deploy.0 = Release|x64
		{89AC1131-5215-4F43-B5AC-B4DFAE1366F6}.Ad-Hoc|x64.ActiveCfg = Release|x64
		{89AC1131-5215-4F43-B5AC-B4DFAE1366F6}.Ad-Hoc|x64.Build.0 = Release|x64
		{89AC1131-5215-4F43-B5AC-B4DFAE1366F6}.Ad-Hoc|x64.Deploy.0 = Release|x64
		{89AC1131-5215-4F43-B5AC-B4DFAE1366F6}.Ad-Hoc|x86.ActiveCfg = Release|x86
		{89AC1131-5215-4F43-B5AC-B4DFAE1366F6}.Ad-Hoc|x86.Build.0 = Release|x86
		{89AC1131-5215-4F43-B5AC-B4DFAE1366F6}.Ad-Hoc|x86.Deploy.0 = Release|x86
		{89AC1131-5215-4F43-B5AC-B4DFAE1366F6}.AppStore|Any CPU.ActiveCfg = Release|x64
		{89AC1131-5215-4F43-B5AC-B4DFAE1366F6}.AppStore|Any CPU.Build.0 = Release|x64
		{89AC1131-5215-4F43-B5AC-B4DFAE1366F6}.AppStore|Any CPU.Deploy.0 = Release|x64
		{89AC1131-5215-4F43-B5AC-B4DFAE1366F6}.AppStore|ARM.ActiveCfg = Release|ARM
		{89AC1131-5215-4F43-B5AC-B4DFAE1366F6}.AppStore|ARM.Build.0 = Release|ARM
		{89AC1131-5215-4F43-B5AC-B4DFAE1366F6}.AppStore|ARM.Deploy.0 = Release|ARM
		{89AC1131-5215-4F43-B5AC-B4DFAE1366F6}.AppStore|ARM64.ActiveCfg = Release|ARM64
		{89AC1131-5215-4F43-B5AC-B4DFAE1366F6}.AppStore|ARM64.Build.0 = Release|ARM64
		{89AC1131-5215-4F43-B5AC-B4DFAE1366F6}.AppStore|ARM64.Deploy.0 = Release|ARM64
		{89AC1131-5215-4F43-B5AC-B4DFAE1366F6}.AppStore|iPhone.ActiveCfg = Release|x64
		{89AC1131-5215-4F43-B5AC-B4DFAE1366F6}.AppStore|iPhone.Build.0 = Release|x64
		{89AC1131-5215-4F43-B5AC-B4DFAE1366F6}.AppStore|iPhone.Deploy.0 = Release|x64
		{89AC1131-5215-4F43-B5AC-B4DFAE1366F6}.AppStore|iPhoneSimulator.ActiveCfg = Release|x64
		{89AC1131-5215-4F43-B5AC-B4DFAE1366F6}.AppStore|iPhoneSimulator.Build.0 = Release|x64
		{89AC1131-5215-4F43-B5AC-B4DFAE1366F6}.AppStore|iPhoneSimulator.Deploy.0 = Release|x64
		{89AC1131-5215-4F43-B5AC-B4DFAE1366F6}.AppStore|x64.ActiveCfg = Release|x64
		{89AC1131-5215-4F43-B5AC-B4DFAE1366F6}.AppStore|x64.Build.0 = Release|x64
		{89AC1131-5215-4F43-B5AC-B4DFAE1366F6}.AppStore|x64.Deploy.0 = Release|x64
		{89AC1131-5215-4F43-B5AC-B4DFAE1366F6}.AppStore|x86.ActiveCfg = Release|x86
		{89AC1131-5215-4F43-B5AC-B4DFAE1366F6}.AppStore|x86.Build.0 = Release|x86
		{89AC1131-5215-4F43-B5AC-B4DFAE1366F6}.AppStore|x86.Deploy.0 = Release|x86
		{89AC1131-5215-4F43-B5AC-B4DFAE1366F6}.Debug|Any CPU.ActiveCfg = Debug|x86
		{89AC1131-5215-4F43-B5AC-B4DFAE1366F6}.Debug|Any CPU.Build.0 = Debug|x86
		{89AC1131-5215-4F43-B5AC-B4DFAE1366F6}.Debug|Any CPU.Deploy.0 = Debug|x86
		{89AC1131-5215-4F43-B5AC-B4DFAE1366F6}.Debug|ARM.ActiveCfg = Debug|ARM
		{89AC1131-5215-4F43-B5AC-B4DFAE1366F6}.Debug|ARM.Build.0 = Debug|ARM
		{89AC1131-5215-4F43-B5AC-B4DFAE1366F6}.Debug|ARM.Deploy.0 = Debug|ARM
		{89AC1131-5215-4F43-B5AC-B4DFAE1366F6}.Debug|ARM64.ActiveCfg = Debug|ARM64
		{89AC1131-5215-4F43-B5AC-B4DFAE1366F6}.Debug|ARM64.Build.0 = Debug|ARM64
		{89AC1131-5215-4F43-B5AC-B4DFAE1366F6}.Debug|ARM64.Deploy.0 = Debug|ARM64
		{89AC1131-5215-4F43-B5AC-B4DFAE1366F6}.Debug|iPhone.ActiveCfg = Debug|x86
		{89AC1131-5215-4F43-B5AC-B4DFAE1366F6}.Debug|iPhoneSimulator.ActiveCfg = Debug|x86
		{89AC1131-5215-4F43-B5AC-B4DFAE1366F6}.Debug|x64.ActiveCfg = Debug|x64
		{89AC1131-5215-4F43-B5AC-B4DFAE1366F6}.Debug|x64.Build.0 = Debug|x64
		{89AC1131-5215-4F43-B5AC-B4DFAE1366F6}.Debug|x64.Deploy.0 = Debug|x64
		{89AC1131-5215-4F43-B5AC-B4DFAE1366F6}.Debug|x86.ActiveCfg = Debug|x86
		{89AC1131-5215-4F43-B5AC-B4DFAE1366F6}.Debug|x86.Build.0 = Debug|x86
		{89AC1131-5215-4F43-B5AC-B4DFAE1366F6}.Debug|x86.Deploy.0 = Debug|x86
		{89AC1131-5215-4F43-B5AC-B4DFAE1366F6}.Release|Any CPU.ActiveCfg = Release|x86
		{89AC1131-5215-4F43-B5AC-B4DFAE1366F6}.Release|ARM.ActiveCfg = Release|ARM
		{89AC1131-5215-4F43-B5AC-B4DFAE1366F6}.Release|ARM.Build.0 = Release|ARM
		{89AC1131-5215-4F43-B5AC-B4DFAE1366F6}.Release|ARM.Deploy.0 = Release|ARM
		{89AC1131-5215-4F43-B5AC-B4DFAE1366F6}.Release|ARM64.ActiveCfg = Release|ARM64
		{89AC1131-5215-4F43-B5AC-B4DFAE1366F6}.Release|ARM64.Build.0 = Release|ARM64
		{89AC1131-5215-4F43-B5AC-B4DFAE1366F6}.Release|ARM64.Deploy.0 = Release|ARM64
		{89AC1131-5215-4F43-B5AC-B4DFAE1366F6}.Release|iPhone.ActiveCfg = Release|x86
		{89AC1131-5215-4F43-B5AC-B4DFAE1366F6}.Release|iPhoneSimulator.ActiveCfg = Release|x86
		{89AC1131-5215-4F43-B5AC-B4DFAE1366F6}.Release|x64.ActiveCfg = Release|x64
		{89AC1131-5215-4F43-B5AC-B4DFAE1366F6}.Release|x64.Build.0 = Release|x64
		{89AC1131-5215-4F43-B5AC-B4DFAE1366F6}.Release|x64.Deploy.0 = Release|x64
		{89AC1131-5215-4F43-B5AC-B4DFAE1366F6}.Release|x86.ActiveCfg = Release|x86
		{89AC1131-5215-4F43-B5AC-B4DFAE1366F6}.Release|x86.Build.0 = Release|x86
		{89AC1131-5215-4F43-B5AC-B4DFAE1366F6}.Release|x86.Deploy.0 = Release|x86
		{89AC1131-5215-4F43-B5AC-B4DFAE1366F6}.Travis|Any CPU.ActiveCfg = Debug|x64
		{89AC1131-5215-4F43-B5AC-B4DFAE1366F6}.Travis|Any CPU.Build.0 = Debug|x64
		{89AC1131-5215-4F43-B5AC-B4DFAE1366F6}.Travis|Any CPU.Deploy.0 = Debug|x64
		{89AC1131-5215-4F43-B5AC-B4DFAE1366F6}.Travis|ARM.ActiveCfg = Debug|ARM
		{89AC1131-5215-4F43-B5AC-B4DFAE1366F6}.Travis|ARM.Build.0 = Debug|ARM
		{89AC1131-5215-4F43-B5AC-B4DFAE1366F6}.Travis|ARM.Deploy.0 = Debug|ARM
		{89AC1131-5215-4F43-B5AC-B4DFAE1366F6}.Travis|ARM64.ActiveCfg = Debug|ARM64
		{89AC1131-5215-4F43-B5AC-B4DFAE1366F6}.Travis|ARM64.Build.0 = Debug|ARM64
		{89AC1131-5215-4F43-B5AC-B4DFAE1366F6}.Travis|ARM64.Deploy.0 = Debug|ARM64
		{89AC1131-5215-4F43-B5AC-B4DFAE1366F6}.Travis|iPhone.ActiveCfg = Debug|x64
		{89AC1131-5215-4F43-B5AC-B4DFAE1366F6}.Travis|iPhone.Build.0 = Debug|x64
		{89AC1131-5215-4F43-B5AC-B4DFAE1366F6}.Travis|iPhone.Deploy.0 = Debug|x64
		{89AC1131-5215-4F43-B5AC-B4DFAE1366F6}.Travis|iPhoneSimulator.ActiveCfg = Debug|x64
		{89AC1131-5215-4F43-B5AC-B4DFAE1366F6}.Travis|iPhoneSimulator.Build.0 = Debug|x64
		{89AC1131-5215-4F43-B5AC-B4DFAE1366F6}.Travis|iPhoneSimulator.Deploy.0 = Debug|x64
		{89AC1131-5215-4F43-B5AC-B4DFAE1366F6}.Travis|x64.ActiveCfg = Debug|x64
		{89AC1131-5215-4F43-B5AC-B4DFAE1366F6}.Travis|x64.Build.0 = Debug|x64
		{89AC1131-5215-4F43-B5AC-B4DFAE1366F6}.Travis|x64.Deploy.0 = Debug|x64
		{89AC1131-5215-4F43-B5AC-B4DFAE1366F6}.Travis|x86.ActiveCfg = Debug|x86
		{89AC1131-5215-4F43-B5AC-B4DFAE1366F6}.Travis|x86.Build.0 = Debug|x86
		{89AC1131-5215-4F43-B5AC-B4DFAE1366F6}.Travis|x86.Deploy.0 = Debug|x86
		{11B32FA9-E6AF-4DCE-80CC-A022AFD8E075}.Ad-Hoc|Any CPU.ActiveCfg = Debug|Any CPU
		{11B32FA9-E6AF-4DCE-80CC-A022AFD8E075}.Ad-Hoc|Any CPU.Build.0 = Debug|Any CPU
		{11B32FA9-E6AF-4DCE-80CC-A022AFD8E075}.Ad-Hoc|ARM.ActiveCfg = Debug|Any CPU
		{11B32FA9-E6AF-4DCE-80CC-A022AFD8E075}.Ad-Hoc|ARM.Build.0 = Debug|Any CPU
		{11B32FA9-E6AF-4DCE-80CC-A022AFD8E075}.Ad-Hoc|ARM64.ActiveCfg = Debug|Any CPU
		{11B32FA9-E6AF-4DCE-80CC-A022AFD8E075}.Ad-Hoc|ARM64.Build.0 = Debug|Any CPU
		{11B32FA9-E6AF-4DCE-80CC-A022AFD8E075}.Ad-Hoc|iPhone.ActiveCfg = Debug|Any CPU
		{11B32FA9-E6AF-4DCE-80CC-A022AFD8E075}.Ad-Hoc|iPhone.Build.0 = Debug|Any CPU
		{11B32FA9-E6AF-4DCE-80CC-A022AFD8E075}.Ad-Hoc|iPhoneSimulator.ActiveCfg = Debug|Any CPU
		{11B32FA9-E6AF-4DCE-80CC-A022AFD8E075}.Ad-Hoc|iPhoneSimulator.Build.0 = Debug|Any CPU
		{11B32FA9-E6AF-4DCE-80CC-A022AFD8E075}.Ad-Hoc|x64.ActiveCfg = Debug|Any CPU
		{11B32FA9-E6AF-4DCE-80CC-A022AFD8E075}.Ad-Hoc|x64.Build.0 = Debug|Any CPU
		{11B32FA9-E6AF-4DCE-80CC-A022AFD8E075}.Ad-Hoc|x86.ActiveCfg = Debug|Any CPU
		{11B32FA9-E6AF-4DCE-80CC-A022AFD8E075}.Ad-Hoc|x86.Build.0 = Debug|Any CPU
		{11B32FA9-E6AF-4DCE-80CC-A022AFD8E075}.AppStore|Any CPU.ActiveCfg = Debug|Any CPU
		{11B32FA9-E6AF-4DCE-80CC-A022AFD8E075}.AppStore|Any CPU.Build.0 = Debug|Any CPU
		{11B32FA9-E6AF-4DCE-80CC-A022AFD8E075}.AppStore|ARM.ActiveCfg = Debug|Any CPU
		{11B32FA9-E6AF-4DCE-80CC-A022AFD8E075}.AppStore|ARM.Build.0 = Debug|Any CPU
		{11B32FA9-E6AF-4DCE-80CC-A022AFD8E075}.AppStore|ARM64.ActiveCfg = Debug|Any CPU
		{11B32FA9-E6AF-4DCE-80CC-A022AFD8E075}.AppStore|ARM64.Build.0 = Debug|Any CPU
		{11B32FA9-E6AF-4DCE-80CC-A022AFD8E075}.AppStore|iPhone.ActiveCfg = Debug|Any CPU
		{11B32FA9-E6AF-4DCE-80CC-A022AFD8E075}.AppStore|iPhone.Build.0 = Debug|Any CPU
		{11B32FA9-E6AF-4DCE-80CC-A022AFD8E075}.AppStore|iPhoneSimulator.ActiveCfg = Debug|Any CPU
		{11B32FA9-E6AF-4DCE-80CC-A022AFD8E075}.AppStore|iPhoneSimulator.Build.0 = Debug|Any CPU
		{11B32FA9-E6AF-4DCE-80CC-A022AFD8E075}.AppStore|x64.ActiveCfg = Debug|Any CPU
		{11B32FA9-E6AF-4DCE-80CC-A022AFD8E075}.AppStore|x64.Build.0 = Debug|Any CPU
		{11B32FA9-E6AF-4DCE-80CC-A022AFD8E075}.AppStore|x86.ActiveCfg = Debug|Any CPU
		{11B32FA9-E6AF-4DCE-80CC-A022AFD8E075}.AppStore|x86.Build.0 = Debug|Any CPU
		{11B32FA9-E6AF-4DCE-80CC-A022AFD8E075}.Debug|Any CPU.ActiveCfg = Debug|Any CPU
		{11B32FA9-E6AF-4DCE-80CC-A022AFD8E075}.Debug|Any CPU.Build.0 = Debug|Any CPU
		{11B32FA9-E6AF-4DCE-80CC-A022AFD8E075}.Debug|ARM.ActiveCfg = Debug|Any CPU
		{11B32FA9-E6AF-4DCE-80CC-A022AFD8E075}.Debug|ARM.Build.0 = Debug|Any CPU
		{11B32FA9-E6AF-4DCE-80CC-A022AFD8E075}.Debug|ARM64.ActiveCfg = Debug|Any CPU
		{11B32FA9-E6AF-4DCE-80CC-A022AFD8E075}.Debug|ARM64.Build.0 = Debug|Any CPU
		{11B32FA9-E6AF-4DCE-80CC-A022AFD8E075}.Debug|iPhone.ActiveCfg = Debug|Any CPU
		{11B32FA9-E6AF-4DCE-80CC-A022AFD8E075}.Debug|iPhone.Build.0 = Debug|Any CPU
		{11B32FA9-E6AF-4DCE-80CC-A022AFD8E075}.Debug|iPhoneSimulator.ActiveCfg = Debug|Any CPU
		{11B32FA9-E6AF-4DCE-80CC-A022AFD8E075}.Debug|iPhoneSimulator.Build.0 = Debug|Any CPU
		{11B32FA9-E6AF-4DCE-80CC-A022AFD8E075}.Debug|x64.ActiveCfg = Debug|Any CPU
		{11B32FA9-E6AF-4DCE-80CC-A022AFD8E075}.Debug|x64.Build.0 = Debug|Any CPU
		{11B32FA9-E6AF-4DCE-80CC-A022AFD8E075}.Debug|x86.ActiveCfg = Debug|Any CPU
		{11B32FA9-E6AF-4DCE-80CC-A022AFD8E075}.Debug|x86.Build.0 = Debug|Any CPU
		{11B32FA9-E6AF-4DCE-80CC-A022AFD8E075}.Release|Any CPU.ActiveCfg = Release|Any CPU
		{11B32FA9-E6AF-4DCE-80CC-A022AFD8E075}.Release|Any CPU.Build.0 = Release|Any CPU
		{11B32FA9-E6AF-4DCE-80CC-A022AFD8E075}.Release|ARM.ActiveCfg = Release|Any CPU
		{11B32FA9-E6AF-4DCE-80CC-A022AFD8E075}.Release|ARM.Build.0 = Release|Any CPU
		{11B32FA9-E6AF-4DCE-80CC-A022AFD8E075}.Release|ARM64.ActiveCfg = Release|Any CPU
		{11B32FA9-E6AF-4DCE-80CC-A022AFD8E075}.Release|ARM64.Build.0 = Release|Any CPU
		{11B32FA9-E6AF-4DCE-80CC-A022AFD8E075}.Release|iPhone.ActiveCfg = Release|Any CPU
		{11B32FA9-E6AF-4DCE-80CC-A022AFD8E075}.Release|iPhone.Build.0 = Release|Any CPU
		{11B32FA9-E6AF-4DCE-80CC-A022AFD8E075}.Release|iPhoneSimulator.ActiveCfg = Release|Any CPU
		{11B32FA9-E6AF-4DCE-80CC-A022AFD8E075}.Release|iPhoneSimulator.Build.0 = Release|Any CPU
		{11B32FA9-E6AF-4DCE-80CC-A022AFD8E075}.Release|x64.ActiveCfg = Release|Any CPU
		{11B32FA9-E6AF-4DCE-80CC-A022AFD8E075}.Release|x64.Build.0 = Release|Any CPU
		{11B32FA9-E6AF-4DCE-80CC-A022AFD8E075}.Release|x86.ActiveCfg = Release|Any CPU
		{11B32FA9-E6AF-4DCE-80CC-A022AFD8E075}.Release|x86.Build.0 = Release|Any CPU
		{11B32FA9-E6AF-4DCE-80CC-A022AFD8E075}.Travis|Any CPU.ActiveCfg = Release|Any CPU
		{11B32FA9-E6AF-4DCE-80CC-A022AFD8E075}.Travis|Any CPU.Build.0 = Release|Any CPU
		{11B32FA9-E6AF-4DCE-80CC-A022AFD8E075}.Travis|ARM.ActiveCfg = Release|Any CPU
		{11B32FA9-E6AF-4DCE-80CC-A022AFD8E075}.Travis|ARM.Build.0 = Release|Any CPU
		{11B32FA9-E6AF-4DCE-80CC-A022AFD8E075}.Travis|ARM64.ActiveCfg = Release|Any CPU
		{11B32FA9-E6AF-4DCE-80CC-A022AFD8E075}.Travis|ARM64.Build.0 = Release|Any CPU
		{11B32FA9-E6AF-4DCE-80CC-A022AFD8E075}.Travis|iPhone.ActiveCfg = Release|Any CPU
		{11B32FA9-E6AF-4DCE-80CC-A022AFD8E075}.Travis|iPhone.Build.0 = Release|Any CPU
		{11B32FA9-E6AF-4DCE-80CC-A022AFD8E075}.Travis|iPhoneSimulator.ActiveCfg = Release|Any CPU
		{11B32FA9-E6AF-4DCE-80CC-A022AFD8E075}.Travis|iPhoneSimulator.Build.0 = Release|Any CPU
		{11B32FA9-E6AF-4DCE-80CC-A022AFD8E075}.Travis|x64.ActiveCfg = Release|Any CPU
		{11B32FA9-E6AF-4DCE-80CC-A022AFD8E075}.Travis|x64.Build.0 = Release|Any CPU
		{11B32FA9-E6AF-4DCE-80CC-A022AFD8E075}.Travis|x86.ActiveCfg = Release|Any CPU
		{11B32FA9-E6AF-4DCE-80CC-A022AFD8E075}.Travis|x86.Build.0 = Release|Any CPU
		{BD87B98B-B958-43EC-B3BF-6058AFEDCDC6}.Ad-Hoc|Any CPU.ActiveCfg = Debug|Any CPU
		{BD87B98B-B958-43EC-B3BF-6058AFEDCDC6}.Ad-Hoc|Any CPU.Build.0 = Debug|Any CPU
		{BD87B98B-B958-43EC-B3BF-6058AFEDCDC6}.Ad-Hoc|ARM.ActiveCfg = Debug|Any CPU
		{BD87B98B-B958-43EC-B3BF-6058AFEDCDC6}.Ad-Hoc|ARM.Build.0 = Debug|Any CPU
		{BD87B98B-B958-43EC-B3BF-6058AFEDCDC6}.Ad-Hoc|ARM64.ActiveCfg = Debug|Any CPU
		{BD87B98B-B958-43EC-B3BF-6058AFEDCDC6}.Ad-Hoc|ARM64.Build.0 = Debug|Any CPU
		{BD87B98B-B958-43EC-B3BF-6058AFEDCDC6}.Ad-Hoc|iPhone.ActiveCfg = Debug|Any CPU
		{BD87B98B-B958-43EC-B3BF-6058AFEDCDC6}.Ad-Hoc|iPhone.Build.0 = Debug|Any CPU
		{BD87B98B-B958-43EC-B3BF-6058AFEDCDC6}.Ad-Hoc|iPhoneSimulator.ActiveCfg = Debug|Any CPU
		{BD87B98B-B958-43EC-B3BF-6058AFEDCDC6}.Ad-Hoc|iPhoneSimulator.Build.0 = Debug|Any CPU
		{BD87B98B-B958-43EC-B3BF-6058AFEDCDC6}.Ad-Hoc|x64.ActiveCfg = Debug|Any CPU
		{BD87B98B-B958-43EC-B3BF-6058AFEDCDC6}.Ad-Hoc|x64.Build.0 = Debug|Any CPU
		{BD87B98B-B958-43EC-B3BF-6058AFEDCDC6}.Ad-Hoc|x86.ActiveCfg = Debug|Any CPU
		{BD87B98B-B958-43EC-B3BF-6058AFEDCDC6}.Ad-Hoc|x86.Build.0 = Debug|Any CPU
		{BD87B98B-B958-43EC-B3BF-6058AFEDCDC6}.AppStore|Any CPU.ActiveCfg = Debug|Any CPU
		{BD87B98B-B958-43EC-B3BF-6058AFEDCDC6}.AppStore|Any CPU.Build.0 = Debug|Any CPU
		{BD87B98B-B958-43EC-B3BF-6058AFEDCDC6}.AppStore|ARM.ActiveCfg = Debug|Any CPU
		{BD87B98B-B958-43EC-B3BF-6058AFEDCDC6}.AppStore|ARM.Build.0 = Debug|Any CPU
		{BD87B98B-B958-43EC-B3BF-6058AFEDCDC6}.AppStore|ARM64.ActiveCfg = Debug|Any CPU
		{BD87B98B-B958-43EC-B3BF-6058AFEDCDC6}.AppStore|ARM64.Build.0 = Debug|Any CPU
		{BD87B98B-B958-43EC-B3BF-6058AFEDCDC6}.AppStore|iPhone.ActiveCfg = Debug|Any CPU
		{BD87B98B-B958-43EC-B3BF-6058AFEDCDC6}.AppStore|iPhone.Build.0 = Debug|Any CPU
		{BD87B98B-B958-43EC-B3BF-6058AFEDCDC6}.AppStore|iPhoneSimulator.ActiveCfg = Debug|Any CPU
		{BD87B98B-B958-43EC-B3BF-6058AFEDCDC6}.AppStore|iPhoneSimulator.Build.0 = Debug|Any CPU
		{BD87B98B-B958-43EC-B3BF-6058AFEDCDC6}.AppStore|x64.ActiveCfg = Debug|Any CPU
		{BD87B98B-B958-43EC-B3BF-6058AFEDCDC6}.AppStore|x64.Build.0 = Debug|Any CPU
		{BD87B98B-B958-43EC-B3BF-6058AFEDCDC6}.AppStore|x86.ActiveCfg = Debug|Any CPU
		{BD87B98B-B958-43EC-B3BF-6058AFEDCDC6}.AppStore|x86.Build.0 = Debug|Any CPU
		{BD87B98B-B958-43EC-B3BF-6058AFEDCDC6}.Debug|Any CPU.ActiveCfg = Debug|Any CPU
		{BD87B98B-B958-43EC-B3BF-6058AFEDCDC6}.Debug|Any CPU.Build.0 = Debug|Any CPU
		{BD87B98B-B958-43EC-B3BF-6058AFEDCDC6}.Debug|ARM.ActiveCfg = Debug|Any CPU
		{BD87B98B-B958-43EC-B3BF-6058AFEDCDC6}.Debug|ARM.Build.0 = Debug|Any CPU
		{BD87B98B-B958-43EC-B3BF-6058AFEDCDC6}.Debug|ARM64.ActiveCfg = Debug|Any CPU
		{BD87B98B-B958-43EC-B3BF-6058AFEDCDC6}.Debug|ARM64.Build.0 = Debug|Any CPU
		{BD87B98B-B958-43EC-B3BF-6058AFEDCDC6}.Debug|iPhone.ActiveCfg = Debug|Any CPU
		{BD87B98B-B958-43EC-B3BF-6058AFEDCDC6}.Debug|iPhone.Build.0 = Debug|Any CPU
		{BD87B98B-B958-43EC-B3BF-6058AFEDCDC6}.Debug|iPhoneSimulator.ActiveCfg = Debug|Any CPU
		{BD87B98B-B958-43EC-B3BF-6058AFEDCDC6}.Debug|iPhoneSimulator.Build.0 = Debug|Any CPU
		{BD87B98B-B958-43EC-B3BF-6058AFEDCDC6}.Debug|x64.ActiveCfg = Debug|Any CPU
		{BD87B98B-B958-43EC-B3BF-6058AFEDCDC6}.Debug|x64.Build.0 = Debug|Any CPU
		{BD87B98B-B958-43EC-B3BF-6058AFEDCDC6}.Debug|x86.ActiveCfg = Debug|Any CPU
		{BD87B98B-B958-43EC-B3BF-6058AFEDCDC6}.Debug|x86.Build.0 = Debug|Any CPU
		{BD87B98B-B958-43EC-B3BF-6058AFEDCDC6}.Release|Any CPU.ActiveCfg = Release|Any CPU
		{BD87B98B-B958-43EC-B3BF-6058AFEDCDC6}.Release|Any CPU.Build.0 = Release|Any CPU
		{BD87B98B-B958-43EC-B3BF-6058AFEDCDC6}.Release|ARM.ActiveCfg = Release|Any CPU
		{BD87B98B-B958-43EC-B3BF-6058AFEDCDC6}.Release|ARM.Build.0 = Release|Any CPU
		{BD87B98B-B958-43EC-B3BF-6058AFEDCDC6}.Release|ARM64.ActiveCfg = Release|Any CPU
		{BD87B98B-B958-43EC-B3BF-6058AFEDCDC6}.Release|ARM64.Build.0 = Release|Any CPU
		{BD87B98B-B958-43EC-B3BF-6058AFEDCDC6}.Release|iPhone.ActiveCfg = Release|Any CPU
		{BD87B98B-B958-43EC-B3BF-6058AFEDCDC6}.Release|iPhone.Build.0 = Release|Any CPU
		{BD87B98B-B958-43EC-B3BF-6058AFEDCDC6}.Release|iPhoneSimulator.ActiveCfg = Release|Any CPU
		{BD87B98B-B958-43EC-B3BF-6058AFEDCDC6}.Release|iPhoneSimulator.Build.0 = Release|Any CPU
		{BD87B98B-B958-43EC-B3BF-6058AFEDCDC6}.Release|x64.ActiveCfg = Release|Any CPU
		{BD87B98B-B958-43EC-B3BF-6058AFEDCDC6}.Release|x64.Build.0 = Release|Any CPU
		{BD87B98B-B958-43EC-B3BF-6058AFEDCDC6}.Release|x86.ActiveCfg = Release|Any CPU
		{BD87B98B-B958-43EC-B3BF-6058AFEDCDC6}.Release|x86.Build.0 = Release|Any CPU
		{BD87B98B-B958-43EC-B3BF-6058AFEDCDC6}.Travis|Any CPU.ActiveCfg = Release|Any CPU
		{BD87B98B-B958-43EC-B3BF-6058AFEDCDC6}.Travis|Any CPU.Build.0 = Release|Any CPU
		{BD87B98B-B958-43EC-B3BF-6058AFEDCDC6}.Travis|ARM.ActiveCfg = Release|Any CPU
		{BD87B98B-B958-43EC-B3BF-6058AFEDCDC6}.Travis|ARM.Build.0 = Release|Any CPU
		{BD87B98B-B958-43EC-B3BF-6058AFEDCDC6}.Travis|ARM64.ActiveCfg = Release|Any CPU
		{BD87B98B-B958-43EC-B3BF-6058AFEDCDC6}.Travis|ARM64.Build.0 = Release|Any CPU
		{BD87B98B-B958-43EC-B3BF-6058AFEDCDC6}.Travis|iPhone.ActiveCfg = Release|Any CPU
		{BD87B98B-B958-43EC-B3BF-6058AFEDCDC6}.Travis|iPhone.Build.0 = Release|Any CPU
		{BD87B98B-B958-43EC-B3BF-6058AFEDCDC6}.Travis|iPhoneSimulator.ActiveCfg = Release|Any CPU
		{BD87B98B-B958-43EC-B3BF-6058AFEDCDC6}.Travis|iPhoneSimulator.Build.0 = Release|Any CPU
		{BD87B98B-B958-43EC-B3BF-6058AFEDCDC6}.Travis|x64.ActiveCfg = Release|Any CPU
		{BD87B98B-B958-43EC-B3BF-6058AFEDCDC6}.Travis|x64.Build.0 = Release|Any CPU
		{BD87B98B-B958-43EC-B3BF-6058AFEDCDC6}.Travis|x86.ActiveCfg = Release|Any CPU
		{BD87B98B-B958-43EC-B3BF-6058AFEDCDC6}.Travis|x86.Build.0 = Release|Any CPU
		{B1FAD5F0-4361-4D32-84AB-A809F121F50C}.Ad-Hoc|Any CPU.ActiveCfg = Debug|Any CPU
		{B1FAD5F0-4361-4D32-84AB-A809F121F50C}.Ad-Hoc|Any CPU.Build.0 = Debug|Any CPU
		{B1FAD5F0-4361-4D32-84AB-A809F121F50C}.Ad-Hoc|ARM.ActiveCfg = Debug|Any CPU
		{B1FAD5F0-4361-4D32-84AB-A809F121F50C}.Ad-Hoc|ARM.Build.0 = Debug|Any CPU
		{B1FAD5F0-4361-4D32-84AB-A809F121F50C}.Ad-Hoc|ARM64.ActiveCfg = Debug|Any CPU
		{B1FAD5F0-4361-4D32-84AB-A809F121F50C}.Ad-Hoc|ARM64.Build.0 = Debug|Any CPU
		{B1FAD5F0-4361-4D32-84AB-A809F121F50C}.Ad-Hoc|iPhone.ActiveCfg = Debug|Any CPU
		{B1FAD5F0-4361-4D32-84AB-A809F121F50C}.Ad-Hoc|iPhone.Build.0 = Debug|Any CPU
		{B1FAD5F0-4361-4D32-84AB-A809F121F50C}.Ad-Hoc|iPhoneSimulator.ActiveCfg = Debug|Any CPU
		{B1FAD5F0-4361-4D32-84AB-A809F121F50C}.Ad-Hoc|iPhoneSimulator.Build.0 = Debug|Any CPU
		{B1FAD5F0-4361-4D32-84AB-A809F121F50C}.Ad-Hoc|x64.ActiveCfg = Debug|Any CPU
		{B1FAD5F0-4361-4D32-84AB-A809F121F50C}.Ad-Hoc|x64.Build.0 = Debug|Any CPU
		{B1FAD5F0-4361-4D32-84AB-A809F121F50C}.Ad-Hoc|x86.ActiveCfg = Debug|Any CPU
		{B1FAD5F0-4361-4D32-84AB-A809F121F50C}.Ad-Hoc|x86.Build.0 = Debug|Any CPU
		{B1FAD5F0-4361-4D32-84AB-A809F121F50C}.AppStore|Any CPU.ActiveCfg = Debug|Any CPU
		{B1FAD5F0-4361-4D32-84AB-A809F121F50C}.AppStore|Any CPU.Build.0 = Debug|Any CPU
		{B1FAD5F0-4361-4D32-84AB-A809F121F50C}.AppStore|ARM.ActiveCfg = Debug|Any CPU
		{B1FAD5F0-4361-4D32-84AB-A809F121F50C}.AppStore|ARM.Build.0 = Debug|Any CPU
		{B1FAD5F0-4361-4D32-84AB-A809F121F50C}.AppStore|ARM64.ActiveCfg = Debug|Any CPU
		{B1FAD5F0-4361-4D32-84AB-A809F121F50C}.AppStore|ARM64.Build.0 = Debug|Any CPU
		{B1FAD5F0-4361-4D32-84AB-A809F121F50C}.AppStore|iPhone.ActiveCfg = Debug|Any CPU
		{B1FAD5F0-4361-4D32-84AB-A809F121F50C}.AppStore|iPhone.Build.0 = Debug|Any CPU
		{B1FAD5F0-4361-4D32-84AB-A809F121F50C}.AppStore|iPhoneSimulator.ActiveCfg = Debug|Any CPU
		{B1FAD5F0-4361-4D32-84AB-A809F121F50C}.AppStore|iPhoneSimulator.Build.0 = Debug|Any CPU
		{B1FAD5F0-4361-4D32-84AB-A809F121F50C}.AppStore|x64.ActiveCfg = Debug|Any CPU
		{B1FAD5F0-4361-4D32-84AB-A809F121F50C}.AppStore|x64.Build.0 = Debug|Any CPU
		{B1FAD5F0-4361-4D32-84AB-A809F121F50C}.AppStore|x86.ActiveCfg = Debug|Any CPU
		{B1FAD5F0-4361-4D32-84AB-A809F121F50C}.AppStore|x86.Build.0 = Debug|Any CPU
		{B1FAD5F0-4361-4D32-84AB-A809F121F50C}.Debug|Any CPU.ActiveCfg = Debug|Any CPU
		{B1FAD5F0-4361-4D32-84AB-A809F121F50C}.Debug|Any CPU.Build.0 = Debug|Any CPU
		{B1FAD5F0-4361-4D32-84AB-A809F121F50C}.Debug|ARM.ActiveCfg = Debug|Any CPU
		{B1FAD5F0-4361-4D32-84AB-A809F121F50C}.Debug|ARM.Build.0 = Debug|Any CPU
		{B1FAD5F0-4361-4D32-84AB-A809F121F50C}.Debug|ARM64.ActiveCfg = Debug|Any CPU
		{B1FAD5F0-4361-4D32-84AB-A809F121F50C}.Debug|ARM64.Build.0 = Debug|Any CPU
		{B1FAD5F0-4361-4D32-84AB-A809F121F50C}.Debug|iPhone.ActiveCfg = Debug|Any CPU
		{B1FAD5F0-4361-4D32-84AB-A809F121F50C}.Debug|iPhone.Build.0 = Debug|Any CPU
		{B1FAD5F0-4361-4D32-84AB-A809F121F50C}.Debug|iPhoneSimulator.ActiveCfg = Debug|Any CPU
		{B1FAD5F0-4361-4D32-84AB-A809F121F50C}.Debug|iPhoneSimulator.Build.0 = Debug|Any CPU
		{B1FAD5F0-4361-4D32-84AB-A809F121F50C}.Debug|x64.ActiveCfg = Debug|Any CPU
		{B1FAD5F0-4361-4D32-84AB-A809F121F50C}.Debug|x64.Build.0 = Debug|Any CPU
		{B1FAD5F0-4361-4D32-84AB-A809F121F50C}.Debug|x86.ActiveCfg = Debug|Any CPU
		{B1FAD5F0-4361-4D32-84AB-A809F121F50C}.Debug|x86.Build.0 = Debug|Any CPU
		{B1FAD5F0-4361-4D32-84AB-A809F121F50C}.Release|Any CPU.ActiveCfg = Release|Any CPU
		{B1FAD5F0-4361-4D32-84AB-A809F121F50C}.Release|Any CPU.Build.0 = Release|Any CPU
		{B1FAD5F0-4361-4D32-84AB-A809F121F50C}.Release|ARM.ActiveCfg = Release|Any CPU
		{B1FAD5F0-4361-4D32-84AB-A809F121F50C}.Release|ARM.Build.0 = Release|Any CPU
		{B1FAD5F0-4361-4D32-84AB-A809F121F50C}.Release|ARM64.ActiveCfg = Release|Any CPU
		{B1FAD5F0-4361-4D32-84AB-A809F121F50C}.Release|ARM64.Build.0 = Release|Any CPU
		{B1FAD5F0-4361-4D32-84AB-A809F121F50C}.Release|iPhone.ActiveCfg = Release|Any CPU
		{B1FAD5F0-4361-4D32-84AB-A809F121F50C}.Release|iPhone.Build.0 = Release|Any CPU
		{B1FAD5F0-4361-4D32-84AB-A809F121F50C}.Release|iPhoneSimulator.ActiveCfg = Release|Any CPU
		{B1FAD5F0-4361-4D32-84AB-A809F121F50C}.Release|iPhoneSimulator.Build.0 = Release|Any CPU
		{B1FAD5F0-4361-4D32-84AB-A809F121F50C}.Release|x64.ActiveCfg = Release|Any CPU
		{B1FAD5F0-4361-4D32-84AB-A809F121F50C}.Release|x64.Build.0 = Release|Any CPU
		{B1FAD5F0-4361-4D32-84AB-A809F121F50C}.Release|x86.ActiveCfg = Release|Any CPU
		{B1FAD5F0-4361-4D32-84AB-A809F121F50C}.Release|x86.Build.0 = Release|Any CPU
		{B1FAD5F0-4361-4D32-84AB-A809F121F50C}.Travis|Any CPU.ActiveCfg = Debug|Any CPU
		{B1FAD5F0-4361-4D32-84AB-A809F121F50C}.Travis|Any CPU.Build.0 = Debug|Any CPU
		{B1FAD5F0-4361-4D32-84AB-A809F121F50C}.Travis|ARM.ActiveCfg = Debug|Any CPU
		{B1FAD5F0-4361-4D32-84AB-A809F121F50C}.Travis|ARM.Build.0 = Debug|Any CPU
		{B1FAD5F0-4361-4D32-84AB-A809F121F50C}.Travis|ARM64.ActiveCfg = Debug|Any CPU
		{B1FAD5F0-4361-4D32-84AB-A809F121F50C}.Travis|ARM64.Build.0 = Debug|Any CPU
		{B1FAD5F0-4361-4D32-84AB-A809F121F50C}.Travis|iPhone.ActiveCfg = Debug|Any CPU
		{B1FAD5F0-4361-4D32-84AB-A809F121F50C}.Travis|iPhone.Build.0 = Debug|Any CPU
		{B1FAD5F0-4361-4D32-84AB-A809F121F50C}.Travis|iPhoneSimulator.ActiveCfg = Debug|Any CPU
		{B1FAD5F0-4361-4D32-84AB-A809F121F50C}.Travis|iPhoneSimulator.Build.0 = Debug|Any CPU
		{B1FAD5F0-4361-4D32-84AB-A809F121F50C}.Travis|x64.ActiveCfg = Debug|Any CPU
		{B1FAD5F0-4361-4D32-84AB-A809F121F50C}.Travis|x64.Build.0 = Debug|Any CPU
		{B1FAD5F0-4361-4D32-84AB-A809F121F50C}.Travis|x86.ActiveCfg = Debug|Any CPU
		{B1FAD5F0-4361-4D32-84AB-A809F121F50C}.Travis|x86.Build.0 = Debug|Any CPU
		{5F63CA91-0F29-4EB3-8954-E649A457ACB2}.Ad-Hoc|Any CPU.ActiveCfg = Debug|Any CPU
		{5F63CA91-0F29-4EB3-8954-E649A457ACB2}.Ad-Hoc|Any CPU.Build.0 = Debug|Any CPU
		{5F63CA91-0F29-4EB3-8954-E649A457ACB2}.Ad-Hoc|ARM.ActiveCfg = Debug|Any CPU
		{5F63CA91-0F29-4EB3-8954-E649A457ACB2}.Ad-Hoc|ARM.Build.0 = Debug|Any CPU
		{5F63CA91-0F29-4EB3-8954-E649A457ACB2}.Ad-Hoc|ARM64.ActiveCfg = Debug|Any CPU
		{5F63CA91-0F29-4EB3-8954-E649A457ACB2}.Ad-Hoc|ARM64.Build.0 = Debug|Any CPU
		{5F63CA91-0F29-4EB3-8954-E649A457ACB2}.Ad-Hoc|iPhone.ActiveCfg = Debug|Any CPU
		{5F63CA91-0F29-4EB3-8954-E649A457ACB2}.Ad-Hoc|iPhone.Build.0 = Debug|Any CPU
		{5F63CA91-0F29-4EB3-8954-E649A457ACB2}.Ad-Hoc|iPhoneSimulator.ActiveCfg = Debug|Any CPU
		{5F63CA91-0F29-4EB3-8954-E649A457ACB2}.Ad-Hoc|iPhoneSimulator.Build.0 = Debug|Any CPU
		{5F63CA91-0F29-4EB3-8954-E649A457ACB2}.Ad-Hoc|x64.ActiveCfg = Debug|Any CPU
		{5F63CA91-0F29-4EB3-8954-E649A457ACB2}.Ad-Hoc|x64.Build.0 = Debug|Any CPU
		{5F63CA91-0F29-4EB3-8954-E649A457ACB2}.Ad-Hoc|x86.ActiveCfg = Debug|Any CPU
		{5F63CA91-0F29-4EB3-8954-E649A457ACB2}.Ad-Hoc|x86.Build.0 = Debug|Any CPU
		{5F63CA91-0F29-4EB3-8954-E649A457ACB2}.AppStore|Any CPU.ActiveCfg = Debug|Any CPU
		{5F63CA91-0F29-4EB3-8954-E649A457ACB2}.AppStore|Any CPU.Build.0 = Debug|Any CPU
		{5F63CA91-0F29-4EB3-8954-E649A457ACB2}.AppStore|ARM.ActiveCfg = Debug|Any CPU
		{5F63CA91-0F29-4EB3-8954-E649A457ACB2}.AppStore|ARM.Build.0 = Debug|Any CPU
		{5F63CA91-0F29-4EB3-8954-E649A457ACB2}.AppStore|ARM64.ActiveCfg = Debug|Any CPU
		{5F63CA91-0F29-4EB3-8954-E649A457ACB2}.AppStore|ARM64.Build.0 = Debug|Any CPU
		{5F63CA91-0F29-4EB3-8954-E649A457ACB2}.AppStore|iPhone.ActiveCfg = Debug|Any CPU
		{5F63CA91-0F29-4EB3-8954-E649A457ACB2}.AppStore|iPhone.Build.0 = Debug|Any CPU
		{5F63CA91-0F29-4EB3-8954-E649A457ACB2}.AppStore|iPhoneSimulator.ActiveCfg = Debug|Any CPU
		{5F63CA91-0F29-4EB3-8954-E649A457ACB2}.AppStore|iPhoneSimulator.Build.0 = Debug|Any CPU
		{5F63CA91-0F29-4EB3-8954-E649A457ACB2}.AppStore|x64.ActiveCfg = Debug|Any CPU
		{5F63CA91-0F29-4EB3-8954-E649A457ACB2}.AppStore|x64.Build.0 = Debug|Any CPU
		{5F63CA91-0F29-4EB3-8954-E649A457ACB2}.AppStore|x86.ActiveCfg = Debug|Any CPU
		{5F63CA91-0F29-4EB3-8954-E649A457ACB2}.AppStore|x86.Build.0 = Debug|Any CPU
		{5F63CA91-0F29-4EB3-8954-E649A457ACB2}.Debug|Any CPU.ActiveCfg = Debug|Any CPU
		{5F63CA91-0F29-4EB3-8954-E649A457ACB2}.Debug|Any CPU.Build.0 = Debug|Any CPU
		{5F63CA91-0F29-4EB3-8954-E649A457ACB2}.Debug|ARM.ActiveCfg = Debug|Any CPU
		{5F63CA91-0F29-4EB3-8954-E649A457ACB2}.Debug|ARM.Build.0 = Debug|Any CPU
		{5F63CA91-0F29-4EB3-8954-E649A457ACB2}.Debug|ARM64.ActiveCfg = Debug|Any CPU
		{5F63CA91-0F29-4EB3-8954-E649A457ACB2}.Debug|ARM64.Build.0 = Debug|Any CPU
		{5F63CA91-0F29-4EB3-8954-E649A457ACB2}.Debug|iPhone.ActiveCfg = Debug|Any CPU
		{5F63CA91-0F29-4EB3-8954-E649A457ACB2}.Debug|iPhone.Build.0 = Debug|Any CPU
		{5F63CA91-0F29-4EB3-8954-E649A457ACB2}.Debug|iPhoneSimulator.ActiveCfg = Debug|Any CPU
		{5F63CA91-0F29-4EB3-8954-E649A457ACB2}.Debug|iPhoneSimulator.Build.0 = Debug|Any CPU
		{5F63CA91-0F29-4EB3-8954-E649A457ACB2}.Debug|x64.ActiveCfg = Debug|Any CPU
		{5F63CA91-0F29-4EB3-8954-E649A457ACB2}.Debug|x64.Build.0 = Debug|Any CPU
		{5F63CA91-0F29-4EB3-8954-E649A457ACB2}.Debug|x86.ActiveCfg = Debug|Any CPU
		{5F63CA91-0F29-4EB3-8954-E649A457ACB2}.Debug|x86.Build.0 = Debug|Any CPU
		{5F63CA91-0F29-4EB3-8954-E649A457ACB2}.Release|Any CPU.ActiveCfg = Release|Any CPU
		{5F63CA91-0F29-4EB3-8954-E649A457ACB2}.Release|Any CPU.Build.0 = Release|Any CPU
		{5F63CA91-0F29-4EB3-8954-E649A457ACB2}.Release|ARM.ActiveCfg = Release|Any CPU
		{5F63CA91-0F29-4EB3-8954-E649A457ACB2}.Release|ARM.Build.0 = Release|Any CPU
		{5F63CA91-0F29-4EB3-8954-E649A457ACB2}.Release|ARM64.ActiveCfg = Release|Any CPU
		{5F63CA91-0F29-4EB3-8954-E649A457ACB2}.Release|ARM64.Build.0 = Release|Any CPU
		{5F63CA91-0F29-4EB3-8954-E649A457ACB2}.Release|iPhone.ActiveCfg = Release|Any CPU
		{5F63CA91-0F29-4EB3-8954-E649A457ACB2}.Release|iPhone.Build.0 = Release|Any CPU
		{5F63CA91-0F29-4EB3-8954-E649A457ACB2}.Release|iPhoneSimulator.ActiveCfg = Release|Any CPU
		{5F63CA91-0F29-4EB3-8954-E649A457ACB2}.Release|iPhoneSimulator.Build.0 = Release|Any CPU
		{5F63CA91-0F29-4EB3-8954-E649A457ACB2}.Release|x64.ActiveCfg = Release|Any CPU
		{5F63CA91-0F29-4EB3-8954-E649A457ACB2}.Release|x64.Build.0 = Release|Any CPU
		{5F63CA91-0F29-4EB3-8954-E649A457ACB2}.Release|x86.ActiveCfg = Release|Any CPU
		{5F63CA91-0F29-4EB3-8954-E649A457ACB2}.Release|x86.Build.0 = Release|Any CPU
		{5F63CA91-0F29-4EB3-8954-E649A457ACB2}.Travis|Any CPU.ActiveCfg = Debug|Any CPU
		{5F63CA91-0F29-4EB3-8954-E649A457ACB2}.Travis|Any CPU.Build.0 = Debug|Any CPU
		{5F63CA91-0F29-4EB3-8954-E649A457ACB2}.Travis|ARM.ActiveCfg = Debug|Any CPU
		{5F63CA91-0F29-4EB3-8954-E649A457ACB2}.Travis|ARM.Build.0 = Debug|Any CPU
		{5F63CA91-0F29-4EB3-8954-E649A457ACB2}.Travis|ARM64.ActiveCfg = Debug|Any CPU
		{5F63CA91-0F29-4EB3-8954-E649A457ACB2}.Travis|ARM64.Build.0 = Debug|Any CPU
		{5F63CA91-0F29-4EB3-8954-E649A457ACB2}.Travis|iPhone.ActiveCfg = Debug|Any CPU
		{5F63CA91-0F29-4EB3-8954-E649A457ACB2}.Travis|iPhone.Build.0 = Debug|Any CPU
		{5F63CA91-0F29-4EB3-8954-E649A457ACB2}.Travis|iPhoneSimulator.ActiveCfg = Debug|Any CPU
		{5F63CA91-0F29-4EB3-8954-E649A457ACB2}.Travis|iPhoneSimulator.Build.0 = Debug|Any CPU
		{5F63CA91-0F29-4EB3-8954-E649A457ACB2}.Travis|x64.ActiveCfg = Debug|Any CPU
		{5F63CA91-0F29-4EB3-8954-E649A457ACB2}.Travis|x64.Build.0 = Debug|Any CPU
		{5F63CA91-0F29-4EB3-8954-E649A457ACB2}.Travis|x86.ActiveCfg = Debug|Any CPU
		{5F63CA91-0F29-4EB3-8954-E649A457ACB2}.Travis|x86.Build.0 = Debug|Any CPU
		{063715B5-1765-4269-8FB0-699FADC840E1}.Ad-Hoc|Any CPU.ActiveCfg = Debug|Any CPU
		{063715B5-1765-4269-8FB0-699FADC840E1}.Ad-Hoc|Any CPU.Build.0 = Debug|Any CPU
		{063715B5-1765-4269-8FB0-699FADC840E1}.Ad-Hoc|ARM.ActiveCfg = Debug|Any CPU
		{063715B5-1765-4269-8FB0-699FADC840E1}.Ad-Hoc|ARM.Build.0 = Debug|Any CPU
		{063715B5-1765-4269-8FB0-699FADC840E1}.Ad-Hoc|ARM64.ActiveCfg = Debug|Any CPU
		{063715B5-1765-4269-8FB0-699FADC840E1}.Ad-Hoc|ARM64.Build.0 = Debug|Any CPU
		{063715B5-1765-4269-8FB0-699FADC840E1}.Ad-Hoc|iPhone.ActiveCfg = Debug|Any CPU
		{063715B5-1765-4269-8FB0-699FADC840E1}.Ad-Hoc|iPhone.Build.0 = Debug|Any CPU
		{063715B5-1765-4269-8FB0-699FADC840E1}.Ad-Hoc|iPhoneSimulator.ActiveCfg = Debug|Any CPU
		{063715B5-1765-4269-8FB0-699FADC840E1}.Ad-Hoc|iPhoneSimulator.Build.0 = Debug|Any CPU
		{063715B5-1765-4269-8FB0-699FADC840E1}.Ad-Hoc|x64.ActiveCfg = Debug|Any CPU
		{063715B5-1765-4269-8FB0-699FADC840E1}.Ad-Hoc|x64.Build.0 = Debug|Any CPU
		{063715B5-1765-4269-8FB0-699FADC840E1}.Ad-Hoc|x86.ActiveCfg = Debug|Any CPU
		{063715B5-1765-4269-8FB0-699FADC840E1}.Ad-Hoc|x86.Build.0 = Debug|Any CPU
		{063715B5-1765-4269-8FB0-699FADC840E1}.AppStore|Any CPU.ActiveCfg = Debug|Any CPU
		{063715B5-1765-4269-8FB0-699FADC840E1}.AppStore|Any CPU.Build.0 = Debug|Any CPU
		{063715B5-1765-4269-8FB0-699FADC840E1}.AppStore|ARM.ActiveCfg = Debug|Any CPU
		{063715B5-1765-4269-8FB0-699FADC840E1}.AppStore|ARM.Build.0 = Debug|Any CPU
		{063715B5-1765-4269-8FB0-699FADC840E1}.AppStore|ARM64.ActiveCfg = Debug|Any CPU
		{063715B5-1765-4269-8FB0-699FADC840E1}.AppStore|ARM64.Build.0 = Debug|Any CPU
		{063715B5-1765-4269-8FB0-699FADC840E1}.AppStore|iPhone.ActiveCfg = Debug|Any CPU
		{063715B5-1765-4269-8FB0-699FADC840E1}.AppStore|iPhone.Build.0 = Debug|Any CPU
		{063715B5-1765-4269-8FB0-699FADC840E1}.AppStore|iPhoneSimulator.ActiveCfg = Debug|Any CPU
		{063715B5-1765-4269-8FB0-699FADC840E1}.AppStore|iPhoneSimulator.Build.0 = Debug|Any CPU
		{063715B5-1765-4269-8FB0-699FADC840E1}.AppStore|x64.ActiveCfg = Debug|Any CPU
		{063715B5-1765-4269-8FB0-699FADC840E1}.AppStore|x64.Build.0 = Debug|Any CPU
		{063715B5-1765-4269-8FB0-699FADC840E1}.AppStore|x86.ActiveCfg = Debug|Any CPU
		{063715B5-1765-4269-8FB0-699FADC840E1}.AppStore|x86.Build.0 = Debug|Any CPU
		{063715B5-1765-4269-8FB0-699FADC840E1}.Debug|Any CPU.ActiveCfg = Debug|Any CPU
		{063715B5-1765-4269-8FB0-699FADC840E1}.Debug|Any CPU.Build.0 = Debug|Any CPU
		{063715B5-1765-4269-8FB0-699FADC840E1}.Debug|ARM.ActiveCfg = Debug|Any CPU
		{063715B5-1765-4269-8FB0-699FADC840E1}.Debug|ARM.Build.0 = Debug|Any CPU
		{063715B5-1765-4269-8FB0-699FADC840E1}.Debug|ARM64.ActiveCfg = Debug|Any CPU
		{063715B5-1765-4269-8FB0-699FADC840E1}.Debug|ARM64.Build.0 = Debug|Any CPU
		{063715B5-1765-4269-8FB0-699FADC840E1}.Debug|iPhone.ActiveCfg = Debug|Any CPU
		{063715B5-1765-4269-8FB0-699FADC840E1}.Debug|iPhone.Build.0 = Debug|Any CPU
		{063715B5-1765-4269-8FB0-699FADC840E1}.Debug|iPhoneSimulator.ActiveCfg = Debug|Any CPU
		{063715B5-1765-4269-8FB0-699FADC840E1}.Debug|iPhoneSimulator.Build.0 = Debug|Any CPU
		{063715B5-1765-4269-8FB0-699FADC840E1}.Debug|x64.ActiveCfg = Debug|Any CPU
		{063715B5-1765-4269-8FB0-699FADC840E1}.Debug|x64.Build.0 = Debug|Any CPU
		{063715B5-1765-4269-8FB0-699FADC840E1}.Debug|x86.ActiveCfg = Debug|Any CPU
		{063715B5-1765-4269-8FB0-699FADC840E1}.Debug|x86.Build.0 = Debug|Any CPU
		{063715B5-1765-4269-8FB0-699FADC840E1}.Release|Any CPU.ActiveCfg = Release|Any CPU
		{063715B5-1765-4269-8FB0-699FADC840E1}.Release|Any CPU.Build.0 = Release|Any CPU
		{063715B5-1765-4269-8FB0-699FADC840E1}.Release|ARM.ActiveCfg = Release|Any CPU
		{063715B5-1765-4269-8FB0-699FADC840E1}.Release|ARM.Build.0 = Release|Any CPU
		{063715B5-1765-4269-8FB0-699FADC840E1}.Release|ARM64.ActiveCfg = Release|Any CPU
		{063715B5-1765-4269-8FB0-699FADC840E1}.Release|ARM64.Build.0 = Release|Any CPU
		{063715B5-1765-4269-8FB0-699FADC840E1}.Release|iPhone.ActiveCfg = Release|Any CPU
		{063715B5-1765-4269-8FB0-699FADC840E1}.Release|iPhone.Build.0 = Release|Any CPU
		{063715B5-1765-4269-8FB0-699FADC840E1}.Release|iPhoneSimulator.ActiveCfg = Release|Any CPU
		{063715B5-1765-4269-8FB0-699FADC840E1}.Release|iPhoneSimulator.Build.0 = Release|Any CPU
		{063715B5-1765-4269-8FB0-699FADC840E1}.Release|x64.ActiveCfg = Release|Any CPU
		{063715B5-1765-4269-8FB0-699FADC840E1}.Release|x64.Build.0 = Release|Any CPU
		{063715B5-1765-4269-8FB0-699FADC840E1}.Release|x86.ActiveCfg = Release|Any CPU
		{063715B5-1765-4269-8FB0-699FADC840E1}.Release|x86.Build.0 = Release|Any CPU
		{063715B5-1765-4269-8FB0-699FADC840E1}.Travis|Any CPU.ActiveCfg = Debug|Any CPU
		{063715B5-1765-4269-8FB0-699FADC840E1}.Travis|Any CPU.Build.0 = Debug|Any CPU
		{063715B5-1765-4269-8FB0-699FADC840E1}.Travis|ARM.ActiveCfg = Debug|Any CPU
		{063715B5-1765-4269-8FB0-699FADC840E1}.Travis|ARM.Build.0 = Debug|Any CPU
		{063715B5-1765-4269-8FB0-699FADC840E1}.Travis|ARM64.ActiveCfg = Debug|Any CPU
		{063715B5-1765-4269-8FB0-699FADC840E1}.Travis|ARM64.Build.0 = Debug|Any CPU
		{063715B5-1765-4269-8FB0-699FADC840E1}.Travis|iPhone.ActiveCfg = Debug|Any CPU
		{063715B5-1765-4269-8FB0-699FADC840E1}.Travis|iPhone.Build.0 = Debug|Any CPU
		{063715B5-1765-4269-8FB0-699FADC840E1}.Travis|iPhoneSimulator.ActiveCfg = Debug|Any CPU
		{063715B5-1765-4269-8FB0-699FADC840E1}.Travis|iPhoneSimulator.Build.0 = Debug|Any CPU
		{063715B5-1765-4269-8FB0-699FADC840E1}.Travis|x64.ActiveCfg = Debug|Any CPU
		{063715B5-1765-4269-8FB0-699FADC840E1}.Travis|x64.Build.0 = Debug|Any CPU
		{063715B5-1765-4269-8FB0-699FADC840E1}.Travis|x86.ActiveCfg = Debug|Any CPU
		{063715B5-1765-4269-8FB0-699FADC840E1}.Travis|x86.Build.0 = Debug|Any CPU
		{38B5B005-64C0-4BCE-A4B8-DF7B8358182F}.Ad-Hoc|Any CPU.ActiveCfg = Debug|Any CPU
		{38B5B005-64C0-4BCE-A4B8-DF7B8358182F}.Ad-Hoc|Any CPU.Build.0 = Debug|Any CPU
		{38B5B005-64C0-4BCE-A4B8-DF7B8358182F}.Ad-Hoc|ARM.ActiveCfg = Debug|Any CPU
		{38B5B005-64C0-4BCE-A4B8-DF7B8358182F}.Ad-Hoc|ARM.Build.0 = Debug|Any CPU
		{38B5B005-64C0-4BCE-A4B8-DF7B8358182F}.Ad-Hoc|ARM64.ActiveCfg = Debug|Any CPU
		{38B5B005-64C0-4BCE-A4B8-DF7B8358182F}.Ad-Hoc|ARM64.Build.0 = Debug|Any CPU
		{38B5B005-64C0-4BCE-A4B8-DF7B8358182F}.Ad-Hoc|iPhone.ActiveCfg = Debug|Any CPU
		{38B5B005-64C0-4BCE-A4B8-DF7B8358182F}.Ad-Hoc|iPhone.Build.0 = Debug|Any CPU
		{38B5B005-64C0-4BCE-A4B8-DF7B8358182F}.Ad-Hoc|iPhoneSimulator.ActiveCfg = Debug|Any CPU
		{38B5B005-64C0-4BCE-A4B8-DF7B8358182F}.Ad-Hoc|iPhoneSimulator.Build.0 = Debug|Any CPU
		{38B5B005-64C0-4BCE-A4B8-DF7B8358182F}.Ad-Hoc|x64.ActiveCfg = Debug|Any CPU
		{38B5B005-64C0-4BCE-A4B8-DF7B8358182F}.Ad-Hoc|x64.Build.0 = Debug|Any CPU
		{38B5B005-64C0-4BCE-A4B8-DF7B8358182F}.Ad-Hoc|x86.ActiveCfg = Debug|Any CPU
		{38B5B005-64C0-4BCE-A4B8-DF7B8358182F}.Ad-Hoc|x86.Build.0 = Debug|Any CPU
		{38B5B005-64C0-4BCE-A4B8-DF7B8358182F}.AppStore|Any CPU.ActiveCfg = Debug|Any CPU
		{38B5B005-64C0-4BCE-A4B8-DF7B8358182F}.AppStore|Any CPU.Build.0 = Debug|Any CPU
		{38B5B005-64C0-4BCE-A4B8-DF7B8358182F}.AppStore|ARM.ActiveCfg = Debug|Any CPU
		{38B5B005-64C0-4BCE-A4B8-DF7B8358182F}.AppStore|ARM.Build.0 = Debug|Any CPU
		{38B5B005-64C0-4BCE-A4B8-DF7B8358182F}.AppStore|ARM64.ActiveCfg = Debug|Any CPU
		{38B5B005-64C0-4BCE-A4B8-DF7B8358182F}.AppStore|ARM64.Build.0 = Debug|Any CPU
		{38B5B005-64C0-4BCE-A4B8-DF7B8358182F}.AppStore|iPhone.ActiveCfg = Debug|Any CPU
		{38B5B005-64C0-4BCE-A4B8-DF7B8358182F}.AppStore|iPhone.Build.0 = Debug|Any CPU
		{38B5B005-64C0-4BCE-A4B8-DF7B8358182F}.AppStore|iPhoneSimulator.ActiveCfg = Debug|Any CPU
		{38B5B005-64C0-4BCE-A4B8-DF7B8358182F}.AppStore|iPhoneSimulator.Build.0 = Debug|Any CPU
		{38B5B005-64C0-4BCE-A4B8-DF7B8358182F}.AppStore|x64.ActiveCfg = Debug|Any CPU
		{38B5B005-64C0-4BCE-A4B8-DF7B8358182F}.AppStore|x64.Build.0 = Debug|Any CPU
		{38B5B005-64C0-4BCE-A4B8-DF7B8358182F}.AppStore|x86.ActiveCfg = Debug|Any CPU
		{38B5B005-64C0-4BCE-A4B8-DF7B8358182F}.AppStore|x86.Build.0 = Debug|Any CPU
		{38B5B005-64C0-4BCE-A4B8-DF7B8358182F}.Debug|Any CPU.ActiveCfg = Debug|Any CPU
		{38B5B005-64C0-4BCE-A4B8-DF7B8358182F}.Debug|Any CPU.Build.0 = Debug|Any CPU
		{38B5B005-64C0-4BCE-A4B8-DF7B8358182F}.Debug|ARM.ActiveCfg = Debug|Any CPU
		{38B5B005-64C0-4BCE-A4B8-DF7B8358182F}.Debug|ARM.Build.0 = Debug|Any CPU
		{38B5B005-64C0-4BCE-A4B8-DF7B8358182F}.Debug|ARM64.ActiveCfg = Debug|Any CPU
		{38B5B005-64C0-4BCE-A4B8-DF7B8358182F}.Debug|ARM64.Build.0 = Debug|Any CPU
		{38B5B005-64C0-4BCE-A4B8-DF7B8358182F}.Debug|iPhone.ActiveCfg = Debug|Any CPU
		{38B5B005-64C0-4BCE-A4B8-DF7B8358182F}.Debug|iPhone.Build.0 = Debug|Any CPU
		{38B5B005-64C0-4BCE-A4B8-DF7B8358182F}.Debug|iPhoneSimulator.ActiveCfg = Debug|Any CPU
		{38B5B005-64C0-4BCE-A4B8-DF7B8358182F}.Debug|iPhoneSimulator.Build.0 = Debug|Any CPU
		{38B5B005-64C0-4BCE-A4B8-DF7B8358182F}.Debug|x64.ActiveCfg = Debug|Any CPU
		{38B5B005-64C0-4BCE-A4B8-DF7B8358182F}.Debug|x64.Build.0 = Debug|Any CPU
		{38B5B005-64C0-4BCE-A4B8-DF7B8358182F}.Debug|x86.ActiveCfg = Debug|Any CPU
		{38B5B005-64C0-4BCE-A4B8-DF7B8358182F}.Debug|x86.Build.0 = Debug|Any CPU
		{38B5B005-64C0-4BCE-A4B8-DF7B8358182F}.Release|Any CPU.ActiveCfg = Release|Any CPU
		{38B5B005-64C0-4BCE-A4B8-DF7B8358182F}.Release|Any CPU.Build.0 = Release|Any CPU
		{38B5B005-64C0-4BCE-A4B8-DF7B8358182F}.Release|ARM.ActiveCfg = Release|Any CPU
		{38B5B005-64C0-4BCE-A4B8-DF7B8358182F}.Release|ARM.Build.0 = Release|Any CPU
		{38B5B005-64C0-4BCE-A4B8-DF7B8358182F}.Release|ARM64.ActiveCfg = Release|Any CPU
		{38B5B005-64C0-4BCE-A4B8-DF7B8358182F}.Release|ARM64.Build.0 = Release|Any CPU
		{38B5B005-64C0-4BCE-A4B8-DF7B8358182F}.Release|iPhone.ActiveCfg = Release|Any CPU
		{38B5B005-64C0-4BCE-A4B8-DF7B8358182F}.Release|iPhone.Build.0 = Release|Any CPU
		{38B5B005-64C0-4BCE-A4B8-DF7B8358182F}.Release|iPhoneSimulator.ActiveCfg = Release|Any CPU
		{38B5B005-64C0-4BCE-A4B8-DF7B8358182F}.Release|iPhoneSimulator.Build.0 = Release|Any CPU
		{38B5B005-64C0-4BCE-A4B8-DF7B8358182F}.Release|x64.ActiveCfg = Release|Any CPU
		{38B5B005-64C0-4BCE-A4B8-DF7B8358182F}.Release|x64.Build.0 = Release|Any CPU
		{38B5B005-64C0-4BCE-A4B8-DF7B8358182F}.Release|x86.ActiveCfg = Release|Any CPU
		{38B5B005-64C0-4BCE-A4B8-DF7B8358182F}.Release|x86.Build.0 = Release|Any CPU
		{38B5B005-64C0-4BCE-A4B8-DF7B8358182F}.Travis|Any CPU.ActiveCfg = Debug|Any CPU
		{38B5B005-64C0-4BCE-A4B8-DF7B8358182F}.Travis|Any CPU.Build.0 = Debug|Any CPU
		{38B5B005-64C0-4BCE-A4B8-DF7B8358182F}.Travis|ARM.ActiveCfg = Debug|Any CPU
		{38B5B005-64C0-4BCE-A4B8-DF7B8358182F}.Travis|ARM.Build.0 = Debug|Any CPU
		{38B5B005-64C0-4BCE-A4B8-DF7B8358182F}.Travis|ARM64.ActiveCfg = Debug|Any CPU
		{38B5B005-64C0-4BCE-A4B8-DF7B8358182F}.Travis|ARM64.Build.0 = Debug|Any CPU
		{38B5B005-64C0-4BCE-A4B8-DF7B8358182F}.Travis|iPhone.ActiveCfg = Debug|Any CPU
		{38B5B005-64C0-4BCE-A4B8-DF7B8358182F}.Travis|iPhone.Build.0 = Debug|Any CPU
		{38B5B005-64C0-4BCE-A4B8-DF7B8358182F}.Travis|iPhoneSimulator.ActiveCfg = Debug|Any CPU
		{38B5B005-64C0-4BCE-A4B8-DF7B8358182F}.Travis|iPhoneSimulator.Build.0 = Debug|Any CPU
		{38B5B005-64C0-4BCE-A4B8-DF7B8358182F}.Travis|x64.ActiveCfg = Debug|Any CPU
		{38B5B005-64C0-4BCE-A4B8-DF7B8358182F}.Travis|x64.Build.0 = Debug|Any CPU
		{38B5B005-64C0-4BCE-A4B8-DF7B8358182F}.Travis|x86.ActiveCfg = Debug|Any CPU
		{38B5B005-64C0-4BCE-A4B8-DF7B8358182F}.Travis|x86.Build.0 = Debug|Any CPU
		{9982B33E-D0FB-4F52-A822-E096EEC97A12}.Ad-Hoc|Any CPU.ActiveCfg = Debug|Any CPU
		{9982B33E-D0FB-4F52-A822-E096EEC97A12}.Ad-Hoc|Any CPU.Build.0 = Debug|Any CPU
		{9982B33E-D0FB-4F52-A822-E096EEC97A12}.Ad-Hoc|ARM.ActiveCfg = Debug|Any CPU
		{9982B33E-D0FB-4F52-A822-E096EEC97A12}.Ad-Hoc|ARM.Build.0 = Debug|Any CPU
		{9982B33E-D0FB-4F52-A822-E096EEC97A12}.Ad-Hoc|ARM64.ActiveCfg = Debug|Any CPU
		{9982B33E-D0FB-4F52-A822-E096EEC97A12}.Ad-Hoc|ARM64.Build.0 = Debug|Any CPU
		{9982B33E-D0FB-4F52-A822-E096EEC97A12}.Ad-Hoc|iPhone.ActiveCfg = Debug|Any CPU
		{9982B33E-D0FB-4F52-A822-E096EEC97A12}.Ad-Hoc|iPhone.Build.0 = Debug|Any CPU
		{9982B33E-D0FB-4F52-A822-E096EEC97A12}.Ad-Hoc|iPhoneSimulator.ActiveCfg = Debug|Any CPU
		{9982B33E-D0FB-4F52-A822-E096EEC97A12}.Ad-Hoc|iPhoneSimulator.Build.0 = Debug|Any CPU
		{9982B33E-D0FB-4F52-A822-E096EEC97A12}.Ad-Hoc|x64.ActiveCfg = Debug|Any CPU
		{9982B33E-D0FB-4F52-A822-E096EEC97A12}.Ad-Hoc|x64.Build.0 = Debug|Any CPU
		{9982B33E-D0FB-4F52-A822-E096EEC97A12}.Ad-Hoc|x86.ActiveCfg = Debug|Any CPU
		{9982B33E-D0FB-4F52-A822-E096EEC97A12}.Ad-Hoc|x86.Build.0 = Debug|Any CPU
		{9982B33E-D0FB-4F52-A822-E096EEC97A12}.AppStore|Any CPU.ActiveCfg = Debug|Any CPU
		{9982B33E-D0FB-4F52-A822-E096EEC97A12}.AppStore|Any CPU.Build.0 = Debug|Any CPU
		{9982B33E-D0FB-4F52-A822-E096EEC97A12}.AppStore|ARM.ActiveCfg = Debug|Any CPU
		{9982B33E-D0FB-4F52-A822-E096EEC97A12}.AppStore|ARM.Build.0 = Debug|Any CPU
		{9982B33E-D0FB-4F52-A822-E096EEC97A12}.AppStore|ARM64.ActiveCfg = Debug|Any CPU
		{9982B33E-D0FB-4F52-A822-E096EEC97A12}.AppStore|ARM64.Build.0 = Debug|Any CPU
		{9982B33E-D0FB-4F52-A822-E096EEC97A12}.AppStore|iPhone.ActiveCfg = Debug|Any CPU
		{9982B33E-D0FB-4F52-A822-E096EEC97A12}.AppStore|iPhone.Build.0 = Debug|Any CPU
		{9982B33E-D0FB-4F52-A822-E096EEC97A12}.AppStore|iPhoneSimulator.ActiveCfg = Debug|Any CPU
		{9982B33E-D0FB-4F52-A822-E096EEC97A12}.AppStore|iPhoneSimulator.Build.0 = Debug|Any CPU
		{9982B33E-D0FB-4F52-A822-E096EEC97A12}.AppStore|x64.ActiveCfg = Debug|Any CPU
		{9982B33E-D0FB-4F52-A822-E096EEC97A12}.AppStore|x64.Build.0 = Debug|Any CPU
		{9982B33E-D0FB-4F52-A822-E096EEC97A12}.AppStore|x86.ActiveCfg = Debug|Any CPU
		{9982B33E-D0FB-4F52-A822-E096EEC97A12}.AppStore|x86.Build.0 = Debug|Any CPU
		{9982B33E-D0FB-4F52-A822-E096EEC97A12}.Debug|Any CPU.ActiveCfg = Debug|Any CPU
		{9982B33E-D0FB-4F52-A822-E096EEC97A12}.Debug|Any CPU.Build.0 = Debug|Any CPU
		{9982B33E-D0FB-4F52-A822-E096EEC97A12}.Debug|ARM.ActiveCfg = Debug|Any CPU
		{9982B33E-D0FB-4F52-A822-E096EEC97A12}.Debug|ARM.Build.0 = Debug|Any CPU
		{9982B33E-D0FB-4F52-A822-E096EEC97A12}.Debug|ARM64.ActiveCfg = Debug|Any CPU
		{9982B33E-D0FB-4F52-A822-E096EEC97A12}.Debug|ARM64.Build.0 = Debug|Any CPU
		{9982B33E-D0FB-4F52-A822-E096EEC97A12}.Debug|iPhone.ActiveCfg = Debug|Any CPU
		{9982B33E-D0FB-4F52-A822-E096EEC97A12}.Debug|iPhone.Build.0 = Debug|Any CPU
		{9982B33E-D0FB-4F52-A822-E096EEC97A12}.Debug|iPhoneSimulator.ActiveCfg = Debug|Any CPU
		{9982B33E-D0FB-4F52-A822-E096EEC97A12}.Debug|iPhoneSimulator.Build.0 = Debug|Any CPU
		{9982B33E-D0FB-4F52-A822-E096EEC97A12}.Debug|x64.ActiveCfg = Debug|Any CPU
		{9982B33E-D0FB-4F52-A822-E096EEC97A12}.Debug|x64.Build.0 = Debug|Any CPU
		{9982B33E-D0FB-4F52-A822-E096EEC97A12}.Debug|x86.ActiveCfg = Debug|Any CPU
		{9982B33E-D0FB-4F52-A822-E096EEC97A12}.Debug|x86.Build.0 = Debug|Any CPU
		{9982B33E-D0FB-4F52-A822-E096EEC97A12}.Release|Any CPU.ActiveCfg = Release|Any CPU
		{9982B33E-D0FB-4F52-A822-E096EEC97A12}.Release|Any CPU.Build.0 = Release|Any CPU
		{9982B33E-D0FB-4F52-A822-E096EEC97A12}.Release|ARM.ActiveCfg = Release|Any CPU
		{9982B33E-D0FB-4F52-A822-E096EEC97A12}.Release|ARM.Build.0 = Release|Any CPU
		{9982B33E-D0FB-4F52-A822-E096EEC97A12}.Release|ARM64.ActiveCfg = Release|Any CPU
		{9982B33E-D0FB-4F52-A822-E096EEC97A12}.Release|ARM64.Build.0 = Release|Any CPU
		{9982B33E-D0FB-4F52-A822-E096EEC97A12}.Release|iPhone.ActiveCfg = Release|Any CPU
		{9982B33E-D0FB-4F52-A822-E096EEC97A12}.Release|iPhone.Build.0 = Release|Any CPU
		{9982B33E-D0FB-4F52-A822-E096EEC97A12}.Release|iPhoneSimulator.ActiveCfg = Release|Any CPU
		{9982B33E-D0FB-4F52-A822-E096EEC97A12}.Release|iPhoneSimulator.Build.0 = Release|Any CPU
		{9982B33E-D0FB-4F52-A822-E096EEC97A12}.Release|x64.ActiveCfg = Release|Any CPU
		{9982B33E-D0FB-4F52-A822-E096EEC97A12}.Release|x64.Build.0 = Release|Any CPU
		{9982B33E-D0FB-4F52-A822-E096EEC97A12}.Release|x86.ActiveCfg = Release|Any CPU
		{9982B33E-D0FB-4F52-A822-E096EEC97A12}.Release|x86.Build.0 = Release|Any CPU
		{9982B33E-D0FB-4F52-A822-E096EEC97A12}.Travis|Any CPU.ActiveCfg = Debug|Any CPU
		{9982B33E-D0FB-4F52-A822-E096EEC97A12}.Travis|Any CPU.Build.0 = Debug|Any CPU
		{9982B33E-D0FB-4F52-A822-E096EEC97A12}.Travis|ARM.ActiveCfg = Debug|Any CPU
		{9982B33E-D0FB-4F52-A822-E096EEC97A12}.Travis|ARM.Build.0 = Debug|Any CPU
		{9982B33E-D0FB-4F52-A822-E096EEC97A12}.Travis|ARM64.ActiveCfg = Debug|Any CPU
		{9982B33E-D0FB-4F52-A822-E096EEC97A12}.Travis|ARM64.Build.0 = Debug|Any CPU
		{9982B33E-D0FB-4F52-A822-E096EEC97A12}.Travis|iPhone.ActiveCfg = Debug|Any CPU
		{9982B33E-D0FB-4F52-A822-E096EEC97A12}.Travis|iPhone.Build.0 = Debug|Any CPU
		{9982B33E-D0FB-4F52-A822-E096EEC97A12}.Travis|iPhoneSimulator.ActiveCfg = Debug|Any CPU
		{9982B33E-D0FB-4F52-A822-E096EEC97A12}.Travis|iPhoneSimulator.Build.0 = Debug|Any CPU
		{9982B33E-D0FB-4F52-A822-E096EEC97A12}.Travis|x64.ActiveCfg = Debug|Any CPU
		{9982B33E-D0FB-4F52-A822-E096EEC97A12}.Travis|x64.Build.0 = Debug|Any CPU
		{9982B33E-D0FB-4F52-A822-E096EEC97A12}.Travis|x86.ActiveCfg = Debug|Any CPU
		{9982B33E-D0FB-4F52-A822-E096EEC97A12}.Travis|x86.Build.0 = Debug|Any CPU
		{33D9DC11-810B-4B2E-93BC-AFB4E217A410}.Ad-Hoc|Any CPU.ActiveCfg = Debug|Any CPU
		{33D9DC11-810B-4B2E-93BC-AFB4E217A410}.Ad-Hoc|Any CPU.Build.0 = Debug|Any CPU
		{33D9DC11-810B-4B2E-93BC-AFB4E217A410}.Ad-Hoc|ARM.ActiveCfg = Debug|Any CPU
		{33D9DC11-810B-4B2E-93BC-AFB4E217A410}.Ad-Hoc|ARM.Build.0 = Debug|Any CPU
		{33D9DC11-810B-4B2E-93BC-AFB4E217A410}.Ad-Hoc|ARM64.ActiveCfg = Debug|Any CPU
		{33D9DC11-810B-4B2E-93BC-AFB4E217A410}.Ad-Hoc|ARM64.Build.0 = Debug|Any CPU
		{33D9DC11-810B-4B2E-93BC-AFB4E217A410}.Ad-Hoc|iPhone.ActiveCfg = Debug|Any CPU
		{33D9DC11-810B-4B2E-93BC-AFB4E217A410}.Ad-Hoc|iPhone.Build.0 = Debug|Any CPU
		{33D9DC11-810B-4B2E-93BC-AFB4E217A410}.Ad-Hoc|iPhoneSimulator.ActiveCfg = Debug|Any CPU
		{33D9DC11-810B-4B2E-93BC-AFB4E217A410}.Ad-Hoc|iPhoneSimulator.Build.0 = Debug|Any CPU
		{33D9DC11-810B-4B2E-93BC-AFB4E217A410}.Ad-Hoc|x64.ActiveCfg = Debug|Any CPU
		{33D9DC11-810B-4B2E-93BC-AFB4E217A410}.Ad-Hoc|x64.Build.0 = Debug|Any CPU
		{33D9DC11-810B-4B2E-93BC-AFB4E217A410}.Ad-Hoc|x86.ActiveCfg = Debug|Any CPU
		{33D9DC11-810B-4B2E-93BC-AFB4E217A410}.Ad-Hoc|x86.Build.0 = Debug|Any CPU
		{33D9DC11-810B-4B2E-93BC-AFB4E217A410}.AppStore|Any CPU.ActiveCfg = Debug|Any CPU
		{33D9DC11-810B-4B2E-93BC-AFB4E217A410}.AppStore|Any CPU.Build.0 = Debug|Any CPU
		{33D9DC11-810B-4B2E-93BC-AFB4E217A410}.AppStore|ARM.ActiveCfg = Debug|Any CPU
		{33D9DC11-810B-4B2E-93BC-AFB4E217A410}.AppStore|ARM.Build.0 = Debug|Any CPU
		{33D9DC11-810B-4B2E-93BC-AFB4E217A410}.AppStore|ARM64.ActiveCfg = Debug|Any CPU
		{33D9DC11-810B-4B2E-93BC-AFB4E217A410}.AppStore|ARM64.Build.0 = Debug|Any CPU
		{33D9DC11-810B-4B2E-93BC-AFB4E217A410}.AppStore|iPhone.ActiveCfg = Debug|Any CPU
		{33D9DC11-810B-4B2E-93BC-AFB4E217A410}.AppStore|iPhone.Build.0 = Debug|Any CPU
		{33D9DC11-810B-4B2E-93BC-AFB4E217A410}.AppStore|iPhoneSimulator.ActiveCfg = Debug|Any CPU
		{33D9DC11-810B-4B2E-93BC-AFB4E217A410}.AppStore|iPhoneSimulator.Build.0 = Debug|Any CPU
		{33D9DC11-810B-4B2E-93BC-AFB4E217A410}.AppStore|x64.ActiveCfg = Debug|Any CPU
		{33D9DC11-810B-4B2E-93BC-AFB4E217A410}.AppStore|x64.Build.0 = Debug|Any CPU
		{33D9DC11-810B-4B2E-93BC-AFB4E217A410}.AppStore|x86.ActiveCfg = Debug|Any CPU
		{33D9DC11-810B-4B2E-93BC-AFB4E217A410}.AppStore|x86.Build.0 = Debug|Any CPU
		{33D9DC11-810B-4B2E-93BC-AFB4E217A410}.Debug|Any CPU.ActiveCfg = Debug|Any CPU
		{33D9DC11-810B-4B2E-93BC-AFB4E217A410}.Debug|Any CPU.Build.0 = Debug|Any CPU
		{33D9DC11-810B-4B2E-93BC-AFB4E217A410}.Debug|ARM.ActiveCfg = Debug|Any CPU
		{33D9DC11-810B-4B2E-93BC-AFB4E217A410}.Debug|ARM.Build.0 = Debug|Any CPU
		{33D9DC11-810B-4B2E-93BC-AFB4E217A410}.Debug|ARM64.ActiveCfg = Debug|Any CPU
		{33D9DC11-810B-4B2E-93BC-AFB4E217A410}.Debug|ARM64.Build.0 = Debug|Any CPU
		{33D9DC11-810B-4B2E-93BC-AFB4E217A410}.Debug|iPhone.ActiveCfg = Debug|Any CPU
		{33D9DC11-810B-4B2E-93BC-AFB4E217A410}.Debug|iPhone.Build.0 = Debug|Any CPU
		{33D9DC11-810B-4B2E-93BC-AFB4E217A410}.Debug|iPhoneSimulator.ActiveCfg = Debug|Any CPU
		{33D9DC11-810B-4B2E-93BC-AFB4E217A410}.Debug|iPhoneSimulator.Build.0 = Debug|Any CPU
		{33D9DC11-810B-4B2E-93BC-AFB4E217A410}.Debug|x64.ActiveCfg = Debug|Any CPU
		{33D9DC11-810B-4B2E-93BC-AFB4E217A410}.Debug|x64.Build.0 = Debug|Any CPU
		{33D9DC11-810B-4B2E-93BC-AFB4E217A410}.Debug|x86.ActiveCfg = Debug|Any CPU
		{33D9DC11-810B-4B2E-93BC-AFB4E217A410}.Debug|x86.Build.0 = Debug|Any CPU
		{33D9DC11-810B-4B2E-93BC-AFB4E217A410}.Release|Any CPU.ActiveCfg = Release|Any CPU
		{33D9DC11-810B-4B2E-93BC-AFB4E217A410}.Release|Any CPU.Build.0 = Release|Any CPU
		{33D9DC11-810B-4B2E-93BC-AFB4E217A410}.Release|ARM.ActiveCfg = Release|Any CPU
		{33D9DC11-810B-4B2E-93BC-AFB4E217A410}.Release|ARM.Build.0 = Release|Any CPU
		{33D9DC11-810B-4B2E-93BC-AFB4E217A410}.Release|ARM64.ActiveCfg = Release|Any CPU
		{33D9DC11-810B-4B2E-93BC-AFB4E217A410}.Release|ARM64.Build.0 = Release|Any CPU
		{33D9DC11-810B-4B2E-93BC-AFB4E217A410}.Release|iPhone.ActiveCfg = Release|Any CPU
		{33D9DC11-810B-4B2E-93BC-AFB4E217A410}.Release|iPhone.Build.0 = Release|Any CPU
		{33D9DC11-810B-4B2E-93BC-AFB4E217A410}.Release|iPhoneSimulator.ActiveCfg = Release|Any CPU
		{33D9DC11-810B-4B2E-93BC-AFB4E217A410}.Release|iPhoneSimulator.Build.0 = Release|Any CPU
		{33D9DC11-810B-4B2E-93BC-AFB4E217A410}.Release|x64.ActiveCfg = Release|Any CPU
		{33D9DC11-810B-4B2E-93BC-AFB4E217A410}.Release|x64.Build.0 = Release|Any CPU
		{33D9DC11-810B-4B2E-93BC-AFB4E217A410}.Release|x86.ActiveCfg = Release|Any CPU
		{33D9DC11-810B-4B2E-93BC-AFB4E217A410}.Release|x86.Build.0 = Release|Any CPU
		{33D9DC11-810B-4B2E-93BC-AFB4E217A410}.Travis|Any CPU.ActiveCfg = Debug|Any CPU
		{33D9DC11-810B-4B2E-93BC-AFB4E217A410}.Travis|Any CPU.Build.0 = Debug|Any CPU
		{33D9DC11-810B-4B2E-93BC-AFB4E217A410}.Travis|ARM.ActiveCfg = Debug|Any CPU
		{33D9DC11-810B-4B2E-93BC-AFB4E217A410}.Travis|ARM.Build.0 = Debug|Any CPU
		{33D9DC11-810B-4B2E-93BC-AFB4E217A410}.Travis|ARM64.ActiveCfg = Debug|Any CPU
		{33D9DC11-810B-4B2E-93BC-AFB4E217A410}.Travis|ARM64.Build.0 = Debug|Any CPU
		{33D9DC11-810B-4B2E-93BC-AFB4E217A410}.Travis|iPhone.ActiveCfg = Debug|Any CPU
		{33D9DC11-810B-4B2E-93BC-AFB4E217A410}.Travis|iPhone.Build.0 = Debug|Any CPU
		{33D9DC11-810B-4B2E-93BC-AFB4E217A410}.Travis|iPhoneSimulator.ActiveCfg = Debug|Any CPU
		{33D9DC11-810B-4B2E-93BC-AFB4E217A410}.Travis|iPhoneSimulator.Build.0 = Debug|Any CPU
		{33D9DC11-810B-4B2E-93BC-AFB4E217A410}.Travis|x64.ActiveCfg = Debug|Any CPU
		{33D9DC11-810B-4B2E-93BC-AFB4E217A410}.Travis|x64.Build.0 = Debug|Any CPU
		{33D9DC11-810B-4B2E-93BC-AFB4E217A410}.Travis|x86.ActiveCfg = Debug|Any CPU
		{33D9DC11-810B-4B2E-93BC-AFB4E217A410}.Travis|x86.Build.0 = Debug|Any CPU
		{93073D13-7407-40E0-A164-4D5C2282503D}.Ad-Hoc|Any CPU.ActiveCfg = Debug|Any CPU
		{93073D13-7407-40E0-A164-4D5C2282503D}.Ad-Hoc|Any CPU.Build.0 = Debug|Any CPU
		{93073D13-7407-40E0-A164-4D5C2282503D}.Ad-Hoc|ARM.ActiveCfg = Debug|Any CPU
		{93073D13-7407-40E0-A164-4D5C2282503D}.Ad-Hoc|ARM.Build.0 = Debug|Any CPU
		{93073D13-7407-40E0-A164-4D5C2282503D}.Ad-Hoc|ARM64.ActiveCfg = Debug|Any CPU
		{93073D13-7407-40E0-A164-4D5C2282503D}.Ad-Hoc|ARM64.Build.0 = Debug|Any CPU
		{93073D13-7407-40E0-A164-4D5C2282503D}.Ad-Hoc|iPhone.ActiveCfg = Debug|Any CPU
		{93073D13-7407-40E0-A164-4D5C2282503D}.Ad-Hoc|iPhone.Build.0 = Debug|Any CPU
		{93073D13-7407-40E0-A164-4D5C2282503D}.Ad-Hoc|iPhoneSimulator.ActiveCfg = Debug|Any CPU
		{93073D13-7407-40E0-A164-4D5C2282503D}.Ad-Hoc|iPhoneSimulator.Build.0 = Debug|Any CPU
		{93073D13-7407-40E0-A164-4D5C2282503D}.Ad-Hoc|x64.ActiveCfg = Debug|Any CPU
		{93073D13-7407-40E0-A164-4D5C2282503D}.Ad-Hoc|x64.Build.0 = Debug|Any CPU
		{93073D13-7407-40E0-A164-4D5C2282503D}.Ad-Hoc|x86.ActiveCfg = Debug|Any CPU
		{93073D13-7407-40E0-A164-4D5C2282503D}.Ad-Hoc|x86.Build.0 = Debug|Any CPU
		{93073D13-7407-40E0-A164-4D5C2282503D}.AppStore|Any CPU.ActiveCfg = Debug|Any CPU
		{93073D13-7407-40E0-A164-4D5C2282503D}.AppStore|Any CPU.Build.0 = Debug|Any CPU
		{93073D13-7407-40E0-A164-4D5C2282503D}.AppStore|ARM.ActiveCfg = Debug|Any CPU
		{93073D13-7407-40E0-A164-4D5C2282503D}.AppStore|ARM.Build.0 = Debug|Any CPU
		{93073D13-7407-40E0-A164-4D5C2282503D}.AppStore|ARM64.ActiveCfg = Debug|Any CPU
		{93073D13-7407-40E0-A164-4D5C2282503D}.AppStore|ARM64.Build.0 = Debug|Any CPU
		{93073D13-7407-40E0-A164-4D5C2282503D}.AppStore|iPhone.ActiveCfg = Debug|Any CPU
		{93073D13-7407-40E0-A164-4D5C2282503D}.AppStore|iPhone.Build.0 = Debug|Any CPU
		{93073D13-7407-40E0-A164-4D5C2282503D}.AppStore|iPhoneSimulator.ActiveCfg = Debug|Any CPU
		{93073D13-7407-40E0-A164-4D5C2282503D}.AppStore|iPhoneSimulator.Build.0 = Debug|Any CPU
		{93073D13-7407-40E0-A164-4D5C2282503D}.AppStore|x64.ActiveCfg = Debug|Any CPU
		{93073D13-7407-40E0-A164-4D5C2282503D}.AppStore|x64.Build.0 = Debug|Any CPU
		{93073D13-7407-40E0-A164-4D5C2282503D}.AppStore|x86.ActiveCfg = Debug|Any CPU
		{93073D13-7407-40E0-A164-4D5C2282503D}.AppStore|x86.Build.0 = Debug|Any CPU
		{93073D13-7407-40E0-A164-4D5C2282503D}.Debug|Any CPU.ActiveCfg = Debug|Any CPU
		{93073D13-7407-40E0-A164-4D5C2282503D}.Debug|Any CPU.Build.0 = Debug|Any CPU
		{93073D13-7407-40E0-A164-4D5C2282503D}.Debug|ARM.ActiveCfg = Debug|Any CPU
		{93073D13-7407-40E0-A164-4D5C2282503D}.Debug|ARM.Build.0 = Debug|Any CPU
		{93073D13-7407-40E0-A164-4D5C2282503D}.Debug|ARM64.ActiveCfg = Debug|Any CPU
		{93073D13-7407-40E0-A164-4D5C2282503D}.Debug|ARM64.Build.0 = Debug|Any CPU
		{93073D13-7407-40E0-A164-4D5C2282503D}.Debug|iPhone.ActiveCfg = Debug|Any CPU
		{93073D13-7407-40E0-A164-4D5C2282503D}.Debug|iPhone.Build.0 = Debug|Any CPU
		{93073D13-7407-40E0-A164-4D5C2282503D}.Debug|iPhoneSimulator.ActiveCfg = Debug|Any CPU
		{93073D13-7407-40E0-A164-4D5C2282503D}.Debug|iPhoneSimulator.Build.0 = Debug|Any CPU
		{93073D13-7407-40E0-A164-4D5C2282503D}.Debug|x64.ActiveCfg = Debug|Any CPU
		{93073D13-7407-40E0-A164-4D5C2282503D}.Debug|x64.Build.0 = Debug|Any CPU
		{93073D13-7407-40E0-A164-4D5C2282503D}.Debug|x86.ActiveCfg = Debug|Any CPU
		{93073D13-7407-40E0-A164-4D5C2282503D}.Debug|x86.Build.0 = Debug|Any CPU
		{93073D13-7407-40E0-A164-4D5C2282503D}.Release|Any CPU.ActiveCfg = Release|Any CPU
		{93073D13-7407-40E0-A164-4D5C2282503D}.Release|Any CPU.Build.0 = Release|Any CPU
		{93073D13-7407-40E0-A164-4D5C2282503D}.Release|ARM.ActiveCfg = Release|Any CPU
		{93073D13-7407-40E0-A164-4D5C2282503D}.Release|ARM.Build.0 = Release|Any CPU
		{93073D13-7407-40E0-A164-4D5C2282503D}.Release|ARM64.ActiveCfg = Release|Any CPU
		{93073D13-7407-40E0-A164-4D5C2282503D}.Release|ARM64.Build.0 = Release|Any CPU
		{93073D13-7407-40E0-A164-4D5C2282503D}.Release|iPhone.ActiveCfg = Release|Any CPU
		{93073D13-7407-40E0-A164-4D5C2282503D}.Release|iPhone.Build.0 = Release|Any CPU
		{93073D13-7407-40E0-A164-4D5C2282503D}.Release|iPhoneSimulator.ActiveCfg = Release|Any CPU
		{93073D13-7407-40E0-A164-4D5C2282503D}.Release|iPhoneSimulator.Build.0 = Release|Any CPU
		{93073D13-7407-40E0-A164-4D5C2282503D}.Release|x64.ActiveCfg = Release|Any CPU
		{93073D13-7407-40E0-A164-4D5C2282503D}.Release|x64.Build.0 = Release|Any CPU
		{93073D13-7407-40E0-A164-4D5C2282503D}.Release|x86.ActiveCfg = Release|Any CPU
		{93073D13-7407-40E0-A164-4D5C2282503D}.Release|x86.Build.0 = Release|Any CPU
		{93073D13-7407-40E0-A164-4D5C2282503D}.Travis|Any CPU.ActiveCfg = Debug|Any CPU
		{93073D13-7407-40E0-A164-4D5C2282503D}.Travis|Any CPU.Build.0 = Debug|Any CPU
		{93073D13-7407-40E0-A164-4D5C2282503D}.Travis|ARM.ActiveCfg = Debug|Any CPU
		{93073D13-7407-40E0-A164-4D5C2282503D}.Travis|ARM.Build.0 = Debug|Any CPU
		{93073D13-7407-40E0-A164-4D5C2282503D}.Travis|ARM64.ActiveCfg = Debug|Any CPU
		{93073D13-7407-40E0-A164-4D5C2282503D}.Travis|ARM64.Build.0 = Debug|Any CPU
		{93073D13-7407-40E0-A164-4D5C2282503D}.Travis|iPhone.ActiveCfg = Debug|Any CPU
		{93073D13-7407-40E0-A164-4D5C2282503D}.Travis|iPhone.Build.0 = Debug|Any CPU
		{93073D13-7407-40E0-A164-4D5C2282503D}.Travis|iPhoneSimulator.ActiveCfg = Debug|Any CPU
		{93073D13-7407-40E0-A164-4D5C2282503D}.Travis|iPhoneSimulator.Build.0 = Debug|Any CPU
		{93073D13-7407-40E0-A164-4D5C2282503D}.Travis|x64.ActiveCfg = Debug|Any CPU
		{93073D13-7407-40E0-A164-4D5C2282503D}.Travis|x64.Build.0 = Debug|Any CPU
		{93073D13-7407-40E0-A164-4D5C2282503D}.Travis|x86.ActiveCfg = Debug|Any CPU
		{93073D13-7407-40E0-A164-4D5C2282503D}.Travis|x86.Build.0 = Debug|Any CPU
		{58B8232F-C23E-46E4-A719-A244A9FD3D3B}.Ad-Hoc|Any CPU.ActiveCfg = Debug|Any CPU
		{58B8232F-C23E-46E4-A719-A244A9FD3D3B}.Ad-Hoc|Any CPU.Build.0 = Debug|Any CPU
		{58B8232F-C23E-46E4-A719-A244A9FD3D3B}.Ad-Hoc|ARM.ActiveCfg = Debug|Any CPU
		{58B8232F-C23E-46E4-A719-A244A9FD3D3B}.Ad-Hoc|ARM.Build.0 = Debug|Any CPU
		{58B8232F-C23E-46E4-A719-A244A9FD3D3B}.Ad-Hoc|ARM64.ActiveCfg = Debug|Any CPU
		{58B8232F-C23E-46E4-A719-A244A9FD3D3B}.Ad-Hoc|ARM64.Build.0 = Debug|Any CPU
		{58B8232F-C23E-46E4-A719-A244A9FD3D3B}.Ad-Hoc|iPhone.ActiveCfg = Debug|Any CPU
		{58B8232F-C23E-46E4-A719-A244A9FD3D3B}.Ad-Hoc|iPhone.Build.0 = Debug|Any CPU
		{58B8232F-C23E-46E4-A719-A244A9FD3D3B}.Ad-Hoc|iPhoneSimulator.ActiveCfg = Debug|Any CPU
		{58B8232F-C23E-46E4-A719-A244A9FD3D3B}.Ad-Hoc|iPhoneSimulator.Build.0 = Debug|Any CPU
		{58B8232F-C23E-46E4-A719-A244A9FD3D3B}.Ad-Hoc|x64.ActiveCfg = Debug|Any CPU
		{58B8232F-C23E-46E4-A719-A244A9FD3D3B}.Ad-Hoc|x64.Build.0 = Debug|Any CPU
		{58B8232F-C23E-46E4-A719-A244A9FD3D3B}.Ad-Hoc|x86.ActiveCfg = Debug|Any CPU
		{58B8232F-C23E-46E4-A719-A244A9FD3D3B}.Ad-Hoc|x86.Build.0 = Debug|Any CPU
		{58B8232F-C23E-46E4-A719-A244A9FD3D3B}.AppStore|Any CPU.ActiveCfg = Debug|Any CPU
		{58B8232F-C23E-46E4-A719-A244A9FD3D3B}.AppStore|Any CPU.Build.0 = Debug|Any CPU
		{58B8232F-C23E-46E4-A719-A244A9FD3D3B}.AppStore|ARM.ActiveCfg = Debug|Any CPU
		{58B8232F-C23E-46E4-A719-A244A9FD3D3B}.AppStore|ARM.Build.0 = Debug|Any CPU
		{58B8232F-C23E-46E4-A719-A244A9FD3D3B}.AppStore|ARM64.ActiveCfg = Debug|Any CPU
		{58B8232F-C23E-46E4-A719-A244A9FD3D3B}.AppStore|ARM64.Build.0 = Debug|Any CPU
		{58B8232F-C23E-46E4-A719-A244A9FD3D3B}.AppStore|iPhone.ActiveCfg = Debug|Any CPU
		{58B8232F-C23E-46E4-A719-A244A9FD3D3B}.AppStore|iPhone.Build.0 = Debug|Any CPU
		{58B8232F-C23E-46E4-A719-A244A9FD3D3B}.AppStore|iPhoneSimulator.ActiveCfg = Debug|Any CPU
		{58B8232F-C23E-46E4-A719-A244A9FD3D3B}.AppStore|iPhoneSimulator.Build.0 = Debug|Any CPU
		{58B8232F-C23E-46E4-A719-A244A9FD3D3B}.AppStore|x64.ActiveCfg = Debug|Any CPU
		{58B8232F-C23E-46E4-A719-A244A9FD3D3B}.AppStore|x64.Build.0 = Debug|Any CPU
		{58B8232F-C23E-46E4-A719-A244A9FD3D3B}.AppStore|x86.ActiveCfg = Debug|Any CPU
		{58B8232F-C23E-46E4-A719-A244A9FD3D3B}.AppStore|x86.Build.0 = Debug|Any CPU
		{58B8232F-C23E-46E4-A719-A244A9FD3D3B}.Debug|Any CPU.ActiveCfg = Debug|Any CPU
		{58B8232F-C23E-46E4-A719-A244A9FD3D3B}.Debug|Any CPU.Build.0 = Debug|Any CPU
		{58B8232F-C23E-46E4-A719-A244A9FD3D3B}.Debug|ARM.ActiveCfg = Debug|Any CPU
		{58B8232F-C23E-46E4-A719-A244A9FD3D3B}.Debug|ARM.Build.0 = Debug|Any CPU
		{58B8232F-C23E-46E4-A719-A244A9FD3D3B}.Debug|ARM64.ActiveCfg = Debug|Any CPU
		{58B8232F-C23E-46E4-A719-A244A9FD3D3B}.Debug|ARM64.Build.0 = Debug|Any CPU
		{58B8232F-C23E-46E4-A719-A244A9FD3D3B}.Debug|iPhone.ActiveCfg = Debug|Any CPU
		{58B8232F-C23E-46E4-A719-A244A9FD3D3B}.Debug|iPhone.Build.0 = Debug|Any CPU
		{58B8232F-C23E-46E4-A719-A244A9FD3D3B}.Debug|iPhoneSimulator.ActiveCfg = Debug|Any CPU
		{58B8232F-C23E-46E4-A719-A244A9FD3D3B}.Debug|iPhoneSimulator.Build.0 = Debug|Any CPU
		{58B8232F-C23E-46E4-A719-A244A9FD3D3B}.Debug|x64.ActiveCfg = Debug|Any CPU
		{58B8232F-C23E-46E4-A719-A244A9FD3D3B}.Debug|x64.Build.0 = Debug|Any CPU
		{58B8232F-C23E-46E4-A719-A244A9FD3D3B}.Debug|x86.ActiveCfg = Debug|Any CPU
		{58B8232F-C23E-46E4-A719-A244A9FD3D3B}.Debug|x86.Build.0 = Debug|Any CPU
		{58B8232F-C23E-46E4-A719-A244A9FD3D3B}.Release|Any CPU.ActiveCfg = Release|Any CPU
		{58B8232F-C23E-46E4-A719-A244A9FD3D3B}.Release|Any CPU.Build.0 = Release|Any CPU
		{58B8232F-C23E-46E4-A719-A244A9FD3D3B}.Release|ARM.ActiveCfg = Release|Any CPU
		{58B8232F-C23E-46E4-A719-A244A9FD3D3B}.Release|ARM.Build.0 = Release|Any CPU
		{58B8232F-C23E-46E4-A719-A244A9FD3D3B}.Release|ARM64.ActiveCfg = Release|Any CPU
		{58B8232F-C23E-46E4-A719-A244A9FD3D3B}.Release|ARM64.Build.0 = Release|Any CPU
		{58B8232F-C23E-46E4-A719-A244A9FD3D3B}.Release|iPhone.ActiveCfg = Release|Any CPU
		{58B8232F-C23E-46E4-A719-A244A9FD3D3B}.Release|iPhone.Build.0 = Release|Any CPU
		{58B8232F-C23E-46E4-A719-A244A9FD3D3B}.Release|iPhoneSimulator.ActiveCfg = Release|Any CPU
		{58B8232F-C23E-46E4-A719-A244A9FD3D3B}.Release|iPhoneSimulator.Build.0 = Release|Any CPU
		{58B8232F-C23E-46E4-A719-A244A9FD3D3B}.Release|x64.ActiveCfg = Release|Any CPU
		{58B8232F-C23E-46E4-A719-A244A9FD3D3B}.Release|x64.Build.0 = Release|Any CPU
		{58B8232F-C23E-46E4-A719-A244A9FD3D3B}.Release|x86.ActiveCfg = Release|Any CPU
		{58B8232F-C23E-46E4-A719-A244A9FD3D3B}.Release|x86.Build.0 = Release|Any CPU
		{58B8232F-C23E-46E4-A719-A244A9FD3D3B}.Travis|Any CPU.ActiveCfg = Debug|Any CPU
		{58B8232F-C23E-46E4-A719-A244A9FD3D3B}.Travis|Any CPU.Build.0 = Debug|Any CPU
		{58B8232F-C23E-46E4-A719-A244A9FD3D3B}.Travis|ARM.ActiveCfg = Debug|Any CPU
		{58B8232F-C23E-46E4-A719-A244A9FD3D3B}.Travis|ARM.Build.0 = Debug|Any CPU
		{58B8232F-C23E-46E4-A719-A244A9FD3D3B}.Travis|ARM64.ActiveCfg = Debug|Any CPU
		{58B8232F-C23E-46E4-A719-A244A9FD3D3B}.Travis|ARM64.Build.0 = Debug|Any CPU
		{58B8232F-C23E-46E4-A719-A244A9FD3D3B}.Travis|iPhone.ActiveCfg = Debug|Any CPU
		{58B8232F-C23E-46E4-A719-A244A9FD3D3B}.Travis|iPhone.Build.0 = Debug|Any CPU
		{58B8232F-C23E-46E4-A719-A244A9FD3D3B}.Travis|iPhoneSimulator.ActiveCfg = Debug|Any CPU
		{58B8232F-C23E-46E4-A719-A244A9FD3D3B}.Travis|iPhoneSimulator.Build.0 = Debug|Any CPU
		{58B8232F-C23E-46E4-A719-A244A9FD3D3B}.Travis|x64.ActiveCfg = Debug|Any CPU
		{58B8232F-C23E-46E4-A719-A244A9FD3D3B}.Travis|x64.Build.0 = Debug|Any CPU
		{58B8232F-C23E-46E4-A719-A244A9FD3D3B}.Travis|x86.ActiveCfg = Debug|Any CPU
		{58B8232F-C23E-46E4-A719-A244A9FD3D3B}.Travis|x86.Build.0 = Debug|Any CPU
	EndGlobalSection
	GlobalSection(SolutionProperties) = preSolution
		HideSolutionNode = FALSE
	EndGlobalSection
	GlobalSection(NestedProjects) = preSolution
		{89AC1131-5215-4F43-B5AC-B4DFAE1366F6} = {B9806E49-10D1-4C10-9752-6FF9DDD14766}
		{11B32FA9-E6AF-4DCE-80CC-A022AFD8E075} = {B9806E49-10D1-4C10-9752-6FF9DDD14766}
		{BD87B98B-B958-43EC-B3BF-6058AFEDCDC6} = {D825BC4B-7DC6-4399-8573-C1741426B572}
		{B1FAD5F0-4361-4D32-84AB-A809F121F50C} = {1F480499-567B-4A14-A9F4-F67E5B017F5E}
		{5F63CA91-0F29-4EB3-8954-E649A457ACB2} = {1F480499-567B-4A14-A9F4-F67E5B017F5E}
		{063715B5-1765-4269-8FB0-699FADC840E1} = {61E25943-3416-41AC-BC23-34E684953336}
		{38B5B005-64C0-4BCE-A4B8-DF7B8358182F} = {61E25943-3416-41AC-BC23-34E684953336}
		{9982B33E-D0FB-4F52-A822-E096EEC97A12} = {1F480499-567B-4A14-A9F4-F67E5B017F5E}
		{33D9DC11-810B-4B2E-93BC-AFB4E217A410} = {D825BC4B-7DC6-4399-8573-C1741426B572}
		{ECFF256A-4978-4D8F-90E9-D2C35D9EC32F} = {60348E72-3F09-4A59-8563-0F78F9350038}
		{93073D13-7407-40E0-A164-4D5C2282503D} = {ECFF256A-4978-4D8F-90E9-D2C35D9EC32F}
		{58B8232F-C23E-46E4-A719-A244A9FD3D3B} = {ECFF256A-4978-4D8F-90E9-D2C35D9EC32F}
	EndGlobalSection
	GlobalSection(ExtensibilityGlobals) = postSolution
		SolutionGuid = {48425E8F-F5B5-47DB-A42B-29BD64798016}
	EndGlobalSection
	GlobalSection(SharedMSBuildProjectFiles) = preSolution
		Shared\StrixMusic.Shared.projitems*{2e82db60-ba1e-402c-a4f8-56da621b04e9}*SharedItemsImports = 13
		Shared\StrixMusic.Shared.projitems*{89ac1131-5215-4f43-b5ac-b4dfae1366f6}*SharedItemsImports = 4
	EndGlobalSection
EndGlobal
